// !$*UTF8*$!
{
	archiveVersion = 1;
	classes = {
	};
	objectVersion = 46;
	objects = {

/* Begin PBXBuildFile section */
		AF468FD719C6CAF700766349 /* Foundation.framework in Frameworks */ = {isa = PBXBuildFile; fileRef = AF468FD619C6CAF700766349 /* Foundation.framework */; };
		AF468FD919C6CAF700766349 /* CoreGraphics.framework in Frameworks */ = {isa = PBXBuildFile; fileRef = AF468FD819C6CAF700766349 /* CoreGraphics.framework */; };
		AF468FDB19C6CAF700766349 /* UIKit.framework in Frameworks */ = {isa = PBXBuildFile; fileRef = AF468FDA19C6CAF700766349 /* UIKit.framework */; };
		AF468FE119C6CAF700766349 /* InfoPlist.strings in Resources */ = {isa = PBXBuildFile; fileRef = AF468FDF19C6CAF700766349 /* InfoPlist.strings */; };
		AF468FE319C6CAF700766349 /* main.m in Sources */ = {isa = PBXBuildFile; fileRef = AF468FE219C6CAF700766349 /* main.m */; };
		AF468FE719C6CAF700766349 /* AppDelegate.m in Sources */ = {isa = PBXBuildFile; fileRef = AF468FE619C6CAF700766349 /* AppDelegate.m */; };
		AF468FEA19C6CAF700766349 /* Main.storyboard in Resources */ = {isa = PBXBuildFile; fileRef = AF468FE819C6CAF700766349 /* Main.storyboard */; };
		AF468FED19C6CAF700766349 /* ViewController.m in Sources */ = {isa = PBXBuildFile; fileRef = AF468FEC19C6CAF700766349 /* ViewController.m */; };
		AF468FEF19C6CAF700766349 /* Images.xcassets in Resources */ = {isa = PBXBuildFile; fileRef = AF468FEE19C6CAF700766349 /* Images.xcassets */; };
		AF468FF619C6CAF700766349 /* XCTest.framework in Frameworks */ = {isa = PBXBuildFile; fileRef = AF468FF519C6CAF700766349 /* XCTest.framework */; };
		AF468FF719C6CAF700766349 /* Foundation.framework in Frameworks */ = {isa = PBXBuildFile; fileRef = AF468FD619C6CAF700766349 /* Foundation.framework */; };
		AF468FF819C6CAF700766349 /* UIKit.framework in Frameworks */ = {isa = PBXBuildFile; fileRef = AF468FDA19C6CAF700766349 /* UIKit.framework */; };
		AF46900019C6CAF700766349 /* InfoPlist.strings in Resources */ = {isa = PBXBuildFile; fileRef = AF468FFE19C6CAF700766349 /* InfoPlist.strings */; };
		AF46900219C6CAF700766349 /* VizzleTests.m in Sources */ = {isa = PBXBuildFile; fileRef = AF46900119C6CAF700766349 /* VizzleTests.m */; };
		AF46906819C6CEB900766349 /* VZViewController.m in Sources */ = {isa = PBXBuildFile; fileRef = AF46905919C6CEB900766349 /* VZViewController.m */; };
		AF46906B19C6CEB900766349 /* VZViewControllerLogic.m in Sources */ = {isa = PBXBuildFile; fileRef = AF46906319C6CEB900766349 /* VZViewControllerLogic.m */; };
		AF46906C19C6CEB900766349 /* VZModel.m in Sources */ = {isa = PBXBuildFile; fileRef = AF46906619C6CEB900766349 /* VZModel.m */; };
		AF46907119C6D4BD00766349 /* VZHTTPModel.m in Sources */ = {isa = PBXBuildFile; fileRef = AF46907019C6D4BD00766349 /* VZHTTPModel.m */; };
		AF46907419C6D4CF00766349 /* VZHTTPRequest.m in Sources */ = {isa = PBXBuildFile; fileRef = AF46907319C6D4CF00766349 /* VZHTTPRequest.m */; };
		AF46907719C6D4F200766349 /* VZHTTPListModel.m in Sources */ = {isa = PBXBuildFile; fileRef = AF46907619C6D4F200766349 /* VZHTTPListModel.m */; };
		AF46907A19C6D50E00766349 /* VZItem.m in Sources */ = {isa = PBXBuildFile; fileRef = AF46907919C6D50E00766349 /* VZItem.m */; };
		AF46907D19C6D52900766349 /* VZListCell.m in Sources */ = {isa = PBXBuildFile; fileRef = AF46907C19C6D52900766349 /* VZListCell.m */; };
		AF46908019C6D5F200766349 /* VZListViewDataSource.m in Sources */ = {isa = PBXBuildFile; fileRef = AF46907F19C6D5F200766349 /* VZListViewDataSource.m */; };
		AF46908319C6D60B00766349 /* VZListViewDelegate.m in Sources */ = {isa = PBXBuildFile; fileRef = AF46908219C6D60B00766349 /* VZListViewDelegate.m */; };
		AF46908619C6D6BA00766349 /* VZListViewController.m in Sources */ = {isa = PBXBuildFile; fileRef = AF46908519C6D6BA00766349 /* VZListViewController.m */; };
		AF46908919C6D6E900766349 /* VZListItem.m in Sources */ = {isa = PBXBuildFile; fileRef = AF46908819C6D6E900766349 /* VZListItem.m */; };
		AF46908C19C6D79D00766349 /* VZListDefaultErrorCell.m in Sources */ = {isa = PBXBuildFile; fileRef = AF46908B19C6D79D00766349 /* VZListDefaultErrorCell.m */; };
		AF46909219C6DA0700766349 /* VZListDefaultLoadingCell.m in Sources */ = {isa = PBXBuildFile; fileRef = AF46909119C6DA0700766349 /* VZListDefaultLoadingCell.m */; };
		AF46909519C6DA2D00766349 /* VZListDefaultTextCell.m in Sources */ = {isa = PBXBuildFile; fileRef = AF46909419C6DA2D00766349 /* VZListDefaultTextCell.m */; };
		AF46909819C6DA6E00766349 /* VZListDefaultTextItem.m in Sources */ = {isa = PBXBuildFile; fileRef = AF46909719C6DA6E00766349 /* VZListDefaultTextItem.m */; };
		AF46909B19C6ED1500766349 /* VZFooterViewFactory.m in Sources */ = {isa = PBXBuildFile; fileRef = AF46909A19C6ED1500766349 /* VZFooterViewFactory.m */; };
/* End PBXBuildFile section */

/* Begin PBXContainerItemProxy section */
		AF468FF919C6CAF700766349 /* PBXContainerItemProxy */ = {
			isa = PBXContainerItemProxy;
			containerPortal = AF468FCB19C6CAF600766349 /* Project object */;
			proxyType = 1;
			remoteGlobalIDString = AF468FD219C6CAF700766349;
			remoteInfo = Vizzle;
		};
/* End PBXContainerItemProxy section */

/* Begin PBXFileReference section */
		AF468FD319C6CAF700766349 /* Vizzle.app */ = {isa = PBXFileReference; explicitFileType = wrapper.application; includeInIndex = 0; path = Vizzle.app; sourceTree = BUILT_PRODUCTS_DIR; };
		AF468FD619C6CAF700766349 /* Foundation.framework */ = {isa = PBXFileReference; lastKnownFileType = wrapper.framework; name = Foundation.framework; path = System/Library/Frameworks/Foundation.framework; sourceTree = SDKROOT; };
		AF468FD819C6CAF700766349 /* CoreGraphics.framework */ = {isa = PBXFileReference; lastKnownFileType = wrapper.framework; name = CoreGraphics.framework; path = System/Library/Frameworks/CoreGraphics.framework; sourceTree = SDKROOT; };
		AF468FDA19C6CAF700766349 /* UIKit.framework */ = {isa = PBXFileReference; lastKnownFileType = wrapper.framework; name = UIKit.framework; path = System/Library/Frameworks/UIKit.framework; sourceTree = SDKROOT; };
		AF468FDE19C6CAF700766349 /* Vizzle-Info.plist */ = {isa = PBXFileReference; lastKnownFileType = text.plist.xml; path = "Vizzle-Info.plist"; sourceTree = "<group>"; };
		AF468FE019C6CAF700766349 /* en */ = {isa = PBXFileReference; lastKnownFileType = text.plist.strings; name = en; path = en.lproj/InfoPlist.strings; sourceTree = "<group>"; };
		AF468FE219C6CAF700766349 /* main.m */ = {isa = PBXFileReference; lastKnownFileType = sourcecode.c.objc; path = main.m; sourceTree = "<group>"; };
		AF468FE419C6CAF700766349 /* Vizzle-Prefix.pch */ = {isa = PBXFileReference; lastKnownFileType = sourcecode.c.h; path = "Vizzle-Prefix.pch"; sourceTree = "<group>"; };
		AF468FE519C6CAF700766349 /* AppDelegate.h */ = {isa = PBXFileReference; lastKnownFileType = sourcecode.c.h; path = AppDelegate.h; sourceTree = "<group>"; };
		AF468FE619C6CAF700766349 /* AppDelegate.m */ = {isa = PBXFileReference; lastKnownFileType = sourcecode.c.objc; path = AppDelegate.m; sourceTree = "<group>"; };
		AF468FE919C6CAF700766349 /* Base */ = {isa = PBXFileReference; lastKnownFileType = file.storyboard; name = Base; path = Base.lproj/Main.storyboard; sourceTree = "<group>"; };
		AF468FEB19C6CAF700766349 /* ViewController.h */ = {isa = PBXFileReference; lastKnownFileType = sourcecode.c.h; path = ViewController.h; sourceTree = "<group>"; };
		AF468FEC19C6CAF700766349 /* ViewController.m */ = {isa = PBXFileReference; lastKnownFileType = sourcecode.c.objc; path = ViewController.m; sourceTree = "<group>"; };
		AF468FEE19C6CAF700766349 /* Images.xcassets */ = {isa = PBXFileReference; lastKnownFileType = folder.assetcatalog; path = Images.xcassets; sourceTree = "<group>"; };
		AF468FF419C6CAF700766349 /* VizzleTests.xctest */ = {isa = PBXFileReference; explicitFileType = wrapper.cfbundle; includeInIndex = 0; path = VizzleTests.xctest; sourceTree = BUILT_PRODUCTS_DIR; };
		AF468FF519C6CAF700766349 /* XCTest.framework */ = {isa = PBXFileReference; lastKnownFileType = wrapper.framework; name = XCTest.framework; path = Library/Frameworks/XCTest.framework; sourceTree = DEVELOPER_DIR; };
		AF468FFD19C6CAF700766349 /* VizzleTests-Info.plist */ = {isa = PBXFileReference; lastKnownFileType = text.plist.xml; path = "VizzleTests-Info.plist"; sourceTree = "<group>"; };
		AF468FFF19C6CAF700766349 /* en */ = {isa = PBXFileReference; lastKnownFileType = text.plist.strings; name = en; path = en.lproj/InfoPlist.strings; sourceTree = "<group>"; };
		AF46900119C6CAF700766349 /* VizzleTests.m */ = {isa = PBXFileReference; lastKnownFileType = sourcecode.c.objc; path = VizzleTests.m; sourceTree = "<group>"; };
		AF46905819C6CEB900766349 /* VZViewController.h */ = {isa = PBXFileReference; fileEncoding = 4; lastKnownFileType = sourcecode.c.h; path = VZViewController.h; sourceTree = "<group>"; };
		AF46905919C6CEB900766349 /* VZViewController.m */ = {isa = PBXFileReference; fileEncoding = 4; lastKnownFileType = sourcecode.c.objc; path = VZViewController.m; sourceTree = "<group>"; };
		AF46906219C6CEB900766349 /* VZViewControllerLogic.h */ = {isa = PBXFileReference; fileEncoding = 4; lastKnownFileType = sourcecode.c.h; path = VZViewControllerLogic.h; sourceTree = "<group>"; };
		AF46906319C6CEB900766349 /* VZViewControllerLogic.m */ = {isa = PBXFileReference; fileEncoding = 4; lastKnownFileType = sourcecode.c.objc; path = VZViewControllerLogic.m; sourceTree = "<group>"; };
		AF46906519C6CEB900766349 /* VZModel.h */ = {isa = PBXFileReference; fileEncoding = 4; lastKnownFileType = sourcecode.c.h; path = VZModel.h; sourceTree = "<group>"; };
		AF46906619C6CEB900766349 /* VZModel.m */ = {isa = PBXFileReference; fileEncoding = 4; lastKnownFileType = sourcecode.c.objc; path = VZModel.m; sourceTree = "<group>"; };
		AF46906E19C6D0B100766349 /* VizzleConfig.h */ = {isa = PBXFileReference; lastKnownFileType = sourcecode.c.h; path = VizzleConfig.h; sourceTree = "<group>"; };
		AF46906F19C6D4BD00766349 /* VZHTTPModel.h */ = {isa = PBXFileReference; fileEncoding = 4; lastKnownFileType = sourcecode.c.h; path = VZHTTPModel.h; sourceTree = "<group>"; };
		AF46907019C6D4BD00766349 /* VZHTTPModel.m */ = {isa = PBXFileReference; fileEncoding = 4; lastKnownFileType = sourcecode.c.objc; path = VZHTTPModel.m; sourceTree = "<group>"; };
		AF46907219C6D4CF00766349 /* VZHTTPRequest.h */ = {isa = PBXFileReference; fileEncoding = 4; lastKnownFileType = sourcecode.c.h; path = VZHTTPRequest.h; sourceTree = "<group>"; };
		AF46907319C6D4CF00766349 /* VZHTTPRequest.m */ = {isa = PBXFileReference; fileEncoding = 4; lastKnownFileType = sourcecode.c.objc; path = VZHTTPRequest.m; sourceTree = "<group>"; };
		AF46907519C6D4F200766349 /* VZHTTPListModel.h */ = {isa = PBXFileReference; fileEncoding = 4; lastKnownFileType = sourcecode.c.h; path = VZHTTPListModel.h; sourceTree = "<group>"; };
		AF46907619C6D4F200766349 /* VZHTTPListModel.m */ = {isa = PBXFileReference; fileEncoding = 4; lastKnownFileType = sourcecode.c.objc; path = VZHTTPListModel.m; sourceTree = "<group>"; };
		AF46907819C6D50E00766349 /* VZItem.h */ = {isa = PBXFileReference; fileEncoding = 4; lastKnownFileType = sourcecode.c.h; path = VZItem.h; sourceTree = "<group>"; };
		AF46907919C6D50E00766349 /* VZItem.m */ = {isa = PBXFileReference; fileEncoding = 4; lastKnownFileType = sourcecode.c.objc; path = VZItem.m; sourceTree = "<group>"; };
		AF46907B19C6D52900766349 /* VZListCell.h */ = {isa = PBXFileReference; fileEncoding = 4; lastKnownFileType = sourcecode.c.h; path = VZListCell.h; sourceTree = "<group>"; };
		AF46907C19C6D52900766349 /* VZListCell.m */ = {isa = PBXFileReference; fileEncoding = 4; lastKnownFileType = sourcecode.c.objc; path = VZListCell.m; sourceTree = "<group>"; };
		AF46907E19C6D5F200766349 /* VZListViewDataSource.h */ = {isa = PBXFileReference; fileEncoding = 4; lastKnownFileType = sourcecode.c.h; path = VZListViewDataSource.h; sourceTree = "<group>"; };
		AF46907F19C6D5F200766349 /* VZListViewDataSource.m */ = {isa = PBXFileReference; fileEncoding = 4; lastKnownFileType = sourcecode.c.objc; path = VZListViewDataSource.m; sourceTree = "<group>"; };
		AF46908119C6D60B00766349 /* VZListViewDelegate.h */ = {isa = PBXFileReference; fileEncoding = 4; lastKnownFileType = sourcecode.c.h; path = VZListViewDelegate.h; sourceTree = "<group>"; };
		AF46908219C6D60B00766349 /* VZListViewDelegate.m */ = {isa = PBXFileReference; fileEncoding = 4; lastKnownFileType = sourcecode.c.objc; path = VZListViewDelegate.m; sourceTree = "<group>"; };
		AF46908419C6D6BA00766349 /* VZListViewController.h */ = {isa = PBXFileReference; fileEncoding = 4; lastKnownFileType = sourcecode.c.h; path = VZListViewController.h; sourceTree = "<group>"; };
		AF46908519C6D6BA00766349 /* VZListViewController.m */ = {isa = PBXFileReference; fileEncoding = 4; lastKnownFileType = sourcecode.c.objc; path = VZListViewController.m; sourceTree = "<group>"; };
		AF46908719C6D6E900766349 /* VZListItem.h */ = {isa = PBXFileReference; fileEncoding = 4; lastKnownFileType = sourcecode.c.h; path = VZListItem.h; sourceTree = "<group>"; };
		AF46908819C6D6E900766349 /* VZListItem.m */ = {isa = PBXFileReference; fileEncoding = 4; lastKnownFileType = sourcecode.c.objc; path = VZListItem.m; sourceTree = "<group>"; };
		AF46908A19C6D79D00766349 /* VZListDefaultErrorCell.h */ = {isa = PBXFileReference; fileEncoding = 4; lastKnownFileType = sourcecode.c.h; path = VZListDefaultErrorCell.h; sourceTree = "<group>"; };
		AF46908B19C6D79D00766349 /* VZListDefaultErrorCell.m */ = {isa = PBXFileReference; fileEncoding = 4; lastKnownFileType = sourcecode.c.objc; path = VZListDefaultErrorCell.m; sourceTree = "<group>"; };
		AF46909019C6DA0700766349 /* VZListDefaultLoadingCell.h */ = {isa = PBXFileReference; fileEncoding = 4; lastKnownFileType = sourcecode.c.h; path = VZListDefaultLoadingCell.h; sourceTree = "<group>"; };
		AF46909119C6DA0700766349 /* VZListDefaultLoadingCell.m */ = {isa = PBXFileReference; fileEncoding = 4; lastKnownFileType = sourcecode.c.objc; path = VZListDefaultLoadingCell.m; sourceTree = "<group>"; };
		AF46909319C6DA2D00766349 /* VZListDefaultTextCell.h */ = {isa = PBXFileReference; fileEncoding = 4; lastKnownFileType = sourcecode.c.h; path = VZListDefaultTextCell.h; sourceTree = "<group>"; };
		AF46909419C6DA2D00766349 /* VZListDefaultTextCell.m */ = {isa = PBXFileReference; fileEncoding = 4; lastKnownFileType = sourcecode.c.objc; path = VZListDefaultTextCell.m; sourceTree = "<group>"; };
		AF46909619C6DA6E00766349 /* VZListDefaultTextItem.h */ = {isa = PBXFileReference; fileEncoding = 4; lastKnownFileType = sourcecode.c.h; path = VZListDefaultTextItem.h; sourceTree = "<group>"; };
		AF46909719C6DA6E00766349 /* VZListDefaultTextItem.m */ = {isa = PBXFileReference; fileEncoding = 4; lastKnownFileType = sourcecode.c.objc; path = VZListDefaultTextItem.m; sourceTree = "<group>"; };
		AF46909919C6ED1500766349 /* VZFooterViewFactory.h */ = {isa = PBXFileReference; fileEncoding = 4; lastKnownFileType = sourcecode.c.h; path = VZFooterViewFactory.h; sourceTree = "<group>"; };
		AF46909A19C6ED1500766349 /* VZFooterViewFactory.m */ = {isa = PBXFileReference; fileEncoding = 4; lastKnownFileType = sourcecode.c.objc; path = VZFooterViewFactory.m; sourceTree = "<group>"; };
/* End PBXFileReference section */

/* Begin PBXFrameworksBuildPhase section */
		AF468FD019C6CAF700766349 /* Frameworks */ = {
			isa = PBXFrameworksBuildPhase;
			buildActionMask = 2147483647;
			files = (
				AF468FD919C6CAF700766349 /* CoreGraphics.framework in Frameworks */,
				AF468FDB19C6CAF700766349 /* UIKit.framework in Frameworks */,
				AF468FD719C6CAF700766349 /* Foundation.framework in Frameworks */,
			);
			runOnlyForDeploymentPostprocessing = 0;
		};
		AF468FF119C6CAF700766349 /* Frameworks */ = {
			isa = PBXFrameworksBuildPhase;
			buildActionMask = 2147483647;
			files = (
				AF468FF619C6CAF700766349 /* XCTest.framework in Frameworks */,
				AF468FF819C6CAF700766349 /* UIKit.framework in Frameworks */,
				AF468FF719C6CAF700766349 /* Foundation.framework in Frameworks */,
			);
			runOnlyForDeploymentPostprocessing = 0;
		};
/* End PBXFrameworksBuildPhase section */

/* Begin PBXGroup section */
		AF468FCA19C6CAF600766349 = {
			isa = PBXGroup;
			children = (
				AF468FDC19C6CAF700766349 /* Vizzle */,
				AF468FFB19C6CAF700766349 /* VizzleTests */,
				AF468FD519C6CAF700766349 /* Frameworks */,
				AF468FD419C6CAF700766349 /* Products */,
			);
			sourceTree = "<group>";
		};
		AF468FD419C6CAF700766349 /* Products */ = {
			isa = PBXGroup;
			children = (
				AF468FD319C6CAF700766349 /* Vizzle.app */,
				AF468FF419C6CAF700766349 /* VizzleTests.xctest */,
			);
			name = Products;
			sourceTree = "<group>";
		};
		AF468FD519C6CAF700766349 /* Frameworks */ = {
			isa = PBXGroup;
			children = (
				AF468FD619C6CAF700766349 /* Foundation.framework */,
				AF468FD819C6CAF700766349 /* CoreGraphics.framework */,
				AF468FDA19C6CAF700766349 /* UIKit.framework */,
				AF468FF519C6CAF700766349 /* XCTest.framework */,
			);
			name = Frameworks;
			sourceTree = "<group>";
		};
		AF468FDC19C6CAF700766349 /* Vizzle */ = {
			isa = PBXGroup;
			children = (
				AF46905319C6CB9300766349 /* Vizzle */,
				AF468FE519C6CAF700766349 /* AppDelegate.h */,
				AF468FE619C6CAF700766349 /* AppDelegate.m */,
				AF468FE819C6CAF700766349 /* Main.storyboard */,
				AF468FEB19C6CAF700766349 /* ViewController.h */,
				AF468FEC19C6CAF700766349 /* ViewController.m */,
				AF468FEE19C6CAF700766349 /* Images.xcassets */,
				AF468FDD19C6CAF700766349 /* Supporting Files */,
			);
			path = Vizzle;
			sourceTree = "<group>";
		};
		AF468FDD19C6CAF700766349 /* Supporting Files */ = {
			isa = PBXGroup;
			children = (
				AF468FDE19C6CAF700766349 /* Vizzle-Info.plist */,
				AF468FDF19C6CAF700766349 /* InfoPlist.strings */,
				AF468FE219C6CAF700766349 /* main.m */,
				AF468FE419C6CAF700766349 /* Vizzle-Prefix.pch */,
			);
			name = "Supporting Files";
			sourceTree = "<group>";
		};
		AF468FFB19C6CAF700766349 /* VizzleTests */ = {
			isa = PBXGroup;
			children = (
				AF46900119C6CAF700766349 /* VizzleTests.m */,
				AF468FFC19C6CAF700766349 /* Supporting Files */,
			);
			path = VizzleTests;
			sourceTree = "<group>";
		};
		AF468FFC19C6CAF700766349 /* Supporting Files */ = {
			isa = PBXGroup;
			children = (
				AF468FFD19C6CAF700766349 /* VizzleTests-Info.plist */,
				AF468FFE19C6CAF700766349 /* InfoPlist.strings */,
			);
			name = "Supporting Files";
			sourceTree = "<group>";
		};
		AF46905319C6CB9300766349 /* Vizzle */ = {
			isa = PBXGroup;
			children = (
				AF46905419C6CB9300766349 /* VZDebugger */,
				AF46905519C6CB9300766349 /* VZMV* */,
				AF46905619C6CB9300766349 /* VZScaffold */,
				AF46906E19C6D0B100766349 /* VizzleConfig.h */,
			);
			path = Vizzle;
			sourceTree = "<group>";
		};
		AF46905419C6CB9300766349 /* VZDebugger */ = {
			isa = PBXGroup;
			children = (
			);
			path = VZDebugger;
			sourceTree = "<group>";
		};
		AF46905519C6CB9300766349 /* VZMV* */ = {
			isa = PBXGroup;
			children = (
				AF46905719C6CEB900766349 /* controller */,
				AF46905A19C6CEB900766349 /* datasource */,
				AF46905D19C6CEB900766349 /* delegate */,
				AF46906019C6CEB900766349 /* item */,
				AF46906119C6CEB900766349 /* logic */,
				AF46906419C6CEB900766349 /* model */,
				AF46906719C6CEB900766349 /* view */,
			);
			path = "VZMV*";
			sourceTree = "<group>";
		};
		AF46905619C6CB9300766349 /* VZScaffold */ = {
			isa = PBXGroup;
			children = (
			);
			path = VZScaffold;
			sourceTree = "<group>";
		};
		AF46905719C6CEB900766349 /* controller */ = {
			isa = PBXGroup;
			children = (
				AF46905819C6CEB900766349 /* VZViewController.h */,
				AF46905919C6CEB900766349 /* VZViewController.m */,
				AF46908419C6D6BA00766349 /* VZListViewController.h */,
				AF46908519C6D6BA00766349 /* VZListViewController.m */,
			);
			path = controller;
			sourceTree = "<group>";
		};
		AF46905A19C6CEB900766349 /* datasource */ = {
			isa = PBXGroup;
			children = (
				AF46907E19C6D5F200766349 /* VZListViewDataSource.h */,
				AF46907F19C6D5F200766349 /* VZListViewDataSource.m */,
			);
			path = datasource;
			sourceTree = "<group>";
		};
		AF46905D19C6CEB900766349 /* delegate */ = {
			isa = PBXGroup;
			children = (
				AF46908119C6D60B00766349 /* VZListViewDelegate.h */,
				AF46908219C6D60B00766349 /* VZListViewDelegate.m */,
			);
			path = delegate;
			sourceTree = "<group>";
		};
		AF46906019C6CEB900766349 /* item */ = {
			isa = PBXGroup;
			children = (
				AF46907819C6D50E00766349 /* VZItem.h */,
				AF46907919C6D50E00766349 /* VZItem.m */,
				AF46908719C6D6E900766349 /* VZListItem.h */,
				AF46908819C6D6E900766349 /* VZListItem.m */,
				AF46909619C6DA6E00766349 /* VZListDefaultTextItem.h */,
				AF46909719C6DA6E00766349 /* VZListDefaultTextItem.m */,
			);
			path = item;
			sourceTree = "<group>";
		};
		AF46906119C6CEB900766349 /* logic */ = {
			isa = PBXGroup;
			children = (
				AF46906219C6CEB900766349 /* VZViewControllerLogic.h */,
				AF46906319C6CEB900766349 /* VZViewControllerLogic.m */,
			);
			path = logic;
			sourceTree = "<group>";
		};
		AF46906419C6CEB900766349 /* model */ = {
			isa = PBXGroup;
			children = (
				AF46907219C6D4CF00766349 /* VZHTTPRequest.h */,
				AF46907319C6D4CF00766349 /* VZHTTPRequest.m */,
				AF46906519C6CEB900766349 /* VZModel.h */,
				AF46906619C6CEB900766349 /* VZModel.m */,
				AF46906F19C6D4BD00766349 /* VZHTTPModel.h */,
				AF46907019C6D4BD00766349 /* VZHTTPModel.m */,
				AF46907519C6D4F200766349 /* VZHTTPListModel.h */,
				AF46907619C6D4F200766349 /* VZHTTPListModel.m */,
			);
			path = model;
			sourceTree = "<group>";
		};
		AF46906719C6CEB900766349 /* view */ = {
			isa = PBXGroup;
			children = (
				AF46907B19C6D52900766349 /* VZListCell.h */,
				AF46907C19C6D52900766349 /* VZListCell.m */,
				AF46908A19C6D79D00766349 /* VZListDefaultErrorCell.h */,
				AF46908B19C6D79D00766349 /* VZListDefaultErrorCell.m */,
				AF46909019C6DA0700766349 /* VZListDefaultLoadingCell.h */,
				AF46909119C6DA0700766349 /* VZListDefaultLoadingCell.m */,
				AF46909319C6DA2D00766349 /* VZListDefaultTextCell.h */,
				AF46909419C6DA2D00766349 /* VZListDefaultTextCell.m */,
				AF46909919C6ED1500766349 /* VZFooterViewFactory.h */,
				AF46909A19C6ED1500766349 /* VZFooterViewFactory.m */,
			);
			path = view;
			sourceTree = "<group>";
		};
/* End PBXGroup section */

/* Begin PBXNativeTarget section */
		AF468FD219C6CAF700766349 /* Vizzle */ = {
			isa = PBXNativeTarget;
			buildConfigurationList = AF46900519C6CAF700766349 /* Build configuration list for PBXNativeTarget "Vizzle" */;
			buildPhases = (
				AF468FCF19C6CAF700766349 /* Sources */,
				AF468FD019C6CAF700766349 /* Frameworks */,
				AF468FD119C6CAF700766349 /* Resources */,
			);
			buildRules = (
			);
			dependencies = (
			);
			name = Vizzle;
			productName = Vizzle;
			productReference = AF468FD319C6CAF700766349 /* Vizzle.app */;
			productType = "com.apple.product-type.application";
		};
		AF468FF319C6CAF700766349 /* VizzleTests */ = {
			isa = PBXNativeTarget;
			buildConfigurationList = AF46900819C6CAF700766349 /* Build configuration list for PBXNativeTarget "VizzleTests" */;
			buildPhases = (
				AF468FF019C6CAF700766349 /* Sources */,
				AF468FF119C6CAF700766349 /* Frameworks */,
				AF468FF219C6CAF700766349 /* Resources */,
			);
			buildRules = (
			);
			dependencies = (
				AF468FFA19C6CAF700766349 /* PBXTargetDependency */,
			);
			name = VizzleTests;
			productName = VizzleTests;
			productReference = AF468FF419C6CAF700766349 /* VizzleTests.xctest */;
			productType = "com.apple.product-type.bundle.unit-test";
		};
/* End PBXNativeTarget section */

/* Begin PBXProject section */
		AF468FCB19C6CAF600766349 /* Project object */ = {
			isa = PBXProject;
			attributes = {
				LastUpgradeCheck = 0510;
				ORGANIZATIONNAME = taobao;
				TargetAttributes = {
					AF468FF319C6CAF700766349 = {
						TestTargetID = AF468FD219C6CAF700766349;
					};
				};
			};
			buildConfigurationList = AF468FCE19C6CAF600766349 /* Build configuration list for PBXProject "Vizzle" */;
			compatibilityVersion = "Xcode 3.2";
			developmentRegion = English;
			hasScannedForEncodings = 0;
			knownRegions = (
				en,
				Base,
			);
			mainGroup = AF468FCA19C6CAF600766349;
			productRefGroup = AF468FD419C6CAF700766349 /* Products */;
			projectDirPath = "";
			projectRoot = "";
			targets = (
				AF468FD219C6CAF700766349 /* Vizzle */,
				AF468FF319C6CAF700766349 /* VizzleTests */,
			);
		};
/* End PBXProject section */

/* Begin PBXResourcesBuildPhase section */
		AF468FD119C6CAF700766349 /* Resources */ = {
			isa = PBXResourcesBuildPhase;
			buildActionMask = 2147483647;
			files = (
				AF468FEF19C6CAF700766349 /* Images.xcassets in Resources */,
				AF468FE119C6CAF700766349 /* InfoPlist.strings in Resources */,
				AF468FEA19C6CAF700766349 /* Main.storyboard in Resources */,
			);
			runOnlyForDeploymentPostprocessing = 0;
		};
		AF468FF219C6CAF700766349 /* Resources */ = {
			isa = PBXResourcesBuildPhase;
			buildActionMask = 2147483647;
			files = (
				AF46900019C6CAF700766349 /* InfoPlist.strings in Resources */,
			);
			runOnlyForDeploymentPostprocessing = 0;
		};
/* End PBXResourcesBuildPhase section */

/* Begin PBXSourcesBuildPhase section */
		AF468FCF19C6CAF700766349 /* Sources */ = {
			isa = PBXSourcesBuildPhase;
			buildActionMask = 2147483647;
			files = (
				AF46909219C6DA0700766349 /* VZListDefaultLoadingCell.m in Sources */,
				AF46907D19C6D52900766349 /* VZListCell.m in Sources */,
				AF46906819C6CEB900766349 /* VZViewController.m in Sources */,
				AF46908319C6D60B00766349 /* VZListViewDelegate.m in Sources */,
				AF468FED19C6CAF700766349 /* ViewController.m in Sources */,
				AF46908019C6D5F200766349 /* VZListViewDataSource.m in Sources */,
				AF46906B19C6CEB900766349 /* VZViewControllerLogic.m in Sources */,
				AF46906C19C6CEB900766349 /* VZModel.m in Sources */,
				AF46907A19C6D50E00766349 /* VZItem.m in Sources */,
				AF46908619C6D6BA00766349 /* VZListViewController.m in Sources */,
				AF46909B19C6ED1500766349 /* VZFooterViewFactory.m in Sources */,
				AF468FE719C6CAF700766349 /* AppDelegate.m in Sources */,
				AF46908919C6D6E900766349 /* VZListItem.m in Sources */,
				AF46907119C6D4BD00766349 /* VZHTTPModel.m in Sources */,
				AF46907719C6D4F200766349 /* VZHTTPListModel.m in Sources */,
				AF468FE319C6CAF700766349 /* main.m in Sources */,
				AF46908C19C6D79D00766349 /* VZListDefaultErrorCell.m in Sources */,
				AF46909519C6DA2D00766349 /* VZListDefaultTextCell.m in Sources */,
				AF46907419C6D4CF00766349 /* VZHTTPRequest.m in Sources */,
				AF46909819C6DA6E00766349 /* VZListDefaultTextItem.m in Sources */,
			);
			runOnlyForDeploymentPostprocessing = 0;
		};
		AF468FF019C6CAF700766349 /* Sources */ = {
			isa = PBXSourcesBuildPhase;
			buildActionMask = 2147483647;
			files = (
				AF46900219C6CAF700766349 /* VizzleTests.m in Sources */,
			);
			runOnlyForDeploymentPostprocessing = 0;
		};
/* End PBXSourcesBuildPhase section */

/* Begin PBXTargetDependency section */
		AF468FFA19C6CAF700766349 /* PBXTargetDependency */ = {
			isa = PBXTargetDependency;
			target = AF468FD219C6CAF700766349 /* Vizzle */;
			targetProxy = AF468FF919C6CAF700766349 /* PBXContainerItemProxy */;
		};
/* End PBXTargetDependency section */

/* Begin PBXVariantGroup section */
		AF468FDF19C6CAF700766349 /* InfoPlist.strings */ = {
			isa = PBXVariantGroup;
			children = (
				AF468FE019C6CAF700766349 /* en */,
			);
			name = InfoPlist.strings;
			sourceTree = "<group>";
		};
		AF468FE819C6CAF700766349 /* Main.storyboard */ = {
			isa = PBXVariantGroup;
			children = (
				AF468FE919C6CAF700766349 /* Base */,
			);
			name = Main.storyboard;
			sourceTree = "<group>";
		};
		AF468FFE19C6CAF700766349 /* InfoPlist.strings */ = {
			isa = PBXVariantGroup;
			children = (
				AF468FFF19C6CAF700766349 /* en */,
			);
			name = InfoPlist.strings;
			sourceTree = "<group>";
		};
/* End PBXVariantGroup section */

/* Begin XCBuildConfiguration section */
		AF46900319C6CAF700766349 /* Debug */ = {
			isa = XCBuildConfiguration;
			buildSettings = {
				ALWAYS_SEARCH_USER_PATHS = NO;
				CLANG_CXX_LANGUAGE_STANDARD = "gnu++0x";
				CLANG_CXX_LIBRARY = "libc++";
				CLANG_ENABLE_MODULES = YES;
				CLANG_ENABLE_OBJC_ARC = YES;
				CLANG_WARN_BOOL_CONVERSION = YES;
				CLANG_WARN_CONSTANT_CONVERSION = YES;
				CLANG_WARN_DIRECT_OBJC_ISA_USAGE = YES_ERROR;
				CLANG_WARN_EMPTY_BODY = YES;
				CLANG_WARN_ENUM_CONVERSION = YES;
				CLANG_WARN_INT_CONVERSION = YES;
				CLANG_WARN_OBJC_ROOT_CLASS = YES_ERROR;
				CLANG_WARN__DUPLICATE_METHOD_MATCH = YES;
				"CODE_SIGN_IDENTITY[sdk=iphoneos*]" = "iPhone Developer";
				COPY_PHASE_STRIP = NO;
				GCC_C_LANGUAGE_STANDARD = gnu99;
				GCC_DYNAMIC_NO_PIC = NO;
				GCC_OPTIMIZATION_LEVEL = 0;
				GCC_PREPROCESSOR_DEFINITIONS = (
					"DEBUG=1",
					"$(inherited)",
				);
				GCC_SYMBOLS_PRIVATE_EXTERN = NO;
				GCC_WARN_64_TO_32_BIT_CONVERSION = YES;
				GCC_WARN_ABOUT_RETURN_TYPE = YES_ERROR;
				GCC_WARN_UNDECLARED_SELECTOR = YES;
				GCC_WARN_UNINITIALIZED_AUTOS = YES_AGGRESSIVE;
				GCC_WARN_UNUSED_FUNCTION = YES;
				GCC_WARN_UNUSED_VARIABLE = YES;
				IPHONEOS_DEPLOYMENT_TARGET = 7.1;
				ONLY_ACTIVE_ARCH = YES;
				SDKROOT = iphoneos;
			};
			name = Debug;
		};
		AF46900419C6CAF700766349 /* Release */ = {
			isa = XCBuildConfiguration;
			buildSettings = {
				ALWAYS_SEARCH_USER_PATHS = NO;
				CLANG_CXX_LANGUAGE_STANDARD = "gnu++0x";
				CLANG_CXX_LIBRARY = "libc++";
				CLANG_ENABLE_MODULES = YES;
				CLANG_ENABLE_OBJC_ARC = YES;
				CLANG_WARN_BOOL_CONVERSION = YES;
				CLANG_WARN_CONSTANT_CONVERSION = YES;
				CLANG_WARN_DIRECT_OBJC_ISA_USAGE = YES_ERROR;
				CLANG_WARN_EMPTY_BODY = YES;
				CLANG_WARN_ENUM_CONVERSION = YES;
				CLANG_WARN_INT_CONVERSION = YES;
				CLANG_WARN_OBJC_ROOT_CLASS = YES_ERROR;
				CLANG_WARN__DUPLICATE_METHOD_MATCH = YES;
				"CODE_SIGN_IDENTITY[sdk=iphoneos*]" = "iPhone Developer";
				COPY_PHASE_STRIP = YES;
				ENABLE_NS_ASSERTIONS = NO;
				GCC_C_LANGUAGE_STANDARD = gnu99;
				GCC_WARN_64_TO_32_BIT_CONVERSION = YES;
				GCC_WARN_ABOUT_RETURN_TYPE = YES_ERROR;
				GCC_WARN_UNDECLARED_SELECTOR = YES;
				GCC_WARN_UNINITIALIZED_AUTOS = YES_AGGRESSIVE;
				GCC_WARN_UNUSED_FUNCTION = YES;
				GCC_WARN_UNUSED_VARIABLE = YES;
				IPHONEOS_DEPLOYMENT_TARGET = 7.1;
				SDKROOT = iphoneos;
				VALIDATE_PRODUCT = YES;
			};
			name = Release;
		};
		AF46900619C6CAF700766349 /* Debug */ = {
			isa = XCBuildConfiguration;
			buildSettings = {
				ASSETCATALOG_COMPILER_APPICON_NAME = AppIcon;
				ASSETCATALOG_COMPILER_LAUNCHIMAGE_NAME = LaunchImage;
				GCC_PRECOMPILE_PREFIX_HEADER = YES;
				GCC_PREFIX_HEADER = "Vizzle/Vizzle-Prefix.pch";
				INFOPLIST_FILE = "Vizzle/Vizzle-Info.plist";
				PRODUCT_NAME = "$(TARGET_NAME)";
				WRAPPER_EXTENSION = app;
			};
			name = Debug;
		};
		AF46900719C6CAF700766349 /* Release */ = {
			isa = XCBuildConfiguration;
			buildSettings = {
				ASSETCATALOG_COMPILER_APPICON_NAME = AppIcon;
				ASSETCATALOG_COMPILER_LAUNCHIMAGE_NAME = LaunchImage;
				GCC_PRECOMPILE_PREFIX_HEADER = YES;
				GCC_PREFIX_HEADER = "Vizzle/Vizzle-Prefix.pch";
				INFOPLIST_FILE = "Vizzle/Vizzle-Info.plist";
				PRODUCT_NAME = "$(TARGET_NAME)";
				WRAPPER_EXTENSION = app;
			};
			name = Release;
		};
		AF46900919C6CAF700766349 /* Debug */ = {
			isa = XCBuildConfiguration;
			buildSettings = {
				BUNDLE_LOADER = "$(BUILT_PRODUCTS_DIR)/Vizzle.app/Vizzle";
				FRAMEWORK_SEARCH_PATHS = (
					"$(SDKROOT)/Developer/Library/Frameworks",
					"$(inherited)",
					"$(DEVELOPER_FRAMEWORKS_DIR)",
				);
				GCC_PRECOMPILE_PREFIX_HEADER = YES;
				GCC_PREFIX_HEADER = "Vizzle/Vizzle-Prefix.pch";
				GCC_PREPROCESSOR_DEFINITIONS = (
					"DEBUG=1",
					"$(inherited)",
				);
				INFOPLIST_FILE = "VizzleTests/VizzleTests-Info.plist";
				PRODUCT_NAME = "$(TARGET_NAME)";
				TEST_HOST = "$(BUNDLE_LOADER)";
				WRAPPER_EXTENSION = xctest;
			};
			name = Debug;
		};
		AF46900A19C6CAF700766349 /* Release */ = {
			isa = XCBuildConfiguration;
			buildSettings = {
				BUNDLE_LOADER = "$(BUILT_PRODUCTS_DIR)/Vizzle.app/Vizzle";
				FRAMEWORK_SEARCH_PATHS = (
					"$(SDKROOT)/Developer/Library/Frameworks",
					"$(inherited)",
					"$(DEVELOPER_FRAMEWORKS_DIR)",
				);
				GCC_PRECOMPILE_PREFIX_HEADER = YES;
				GCC_PREFIX_HEADER = "Vizzle/Vizzle-Prefix.pch";
				INFOPLIST_FILE = "VizzleTests/VizzleTests-Info.plist";
				PRODUCT_NAME = "$(TARGET_NAME)";
				TEST_HOST = "$(BUNDLE_LOADER)";
				WRAPPER_EXTENSION = xctest;
			};
			name = Release;
		};
/* End XCBuildConfiguration section */

/* Begin XCConfigurationList section */
		AF468FCE19C6CAF600766349 /* Build configuration list for PBXProject "Vizzle" */ = {
			isa = XCConfigurationList;
			buildConfigurations = (
				AF46900319C6CAF700766349 /* Debug */,
				AF46900419C6CAF700766349 /* Release */,
			);
			defaultConfigurationIsVisible = 0;
			defaultConfigurationName = Release;
		};
		AF46900519C6CAF700766349 /* Build configuration list for PBXNativeTarget "Vizzle" */ = {
			isa = XCConfigurationList;
			buildConfigurations = (
				AF46900619C6CAF700766349 /* Debug */,
				AF46900719C6CAF700766349 /* Release */,
			);
			defaultConfigurationIsVisible = 0;
		};
		AF46900819C6CAF700766349 /* Build configuration list for PBXNativeTarget "VizzleTests" */ = {
			isa = XCConfigurationList;
			buildConfigurations = (
				AF46900919C6CAF700766349 /* Debug */,
				AF46900A19C6CAF700766349 /* Release */,
			);
			defaultConfigurationIsVisible = 0;
		};
/* End XCConfigurationList section */
	};
	rootObject = AF468FCB19C6CAF600766349 /* Project object */;
}
