// !$*UTF8*$!
{
	archiveVersion = 1;
	classes = {
	};
	objectVersion = 46;
	objects = {

/* Begin PBXBuildFile section */
		45559FAC1B596572009BD1AA /* VZHTTPModelCachePolicyTests.m in Sources */ = {isa = PBXBuildFile; fileRef = 45559FAB1B596572009BD1AA /* VZHTTPModelCachePolicyTests.m */; };
		45B0970C1B5BB88A008B8B60 /* VZHTTPModelCacheTimeTests.m in Sources */ = {isa = PBXBuildFile; fileRef = 45B0970B1B5BB88A008B8B60 /* VZHTTPModelCacheTimeTests.m */; };
		45B0970E1B5BB89E008B8B60 /* VZHTTPModelConcurencyTests.m in Sources */ = {isa = PBXBuildFile; fileRef = 45B0970D1B5BB89E008B8B60 /* VZHTTPModelConcurencyTests.m */; };
		45B097101B5E0CA0008B8B60 /* VZItemAPITest.m in Sources */ = {isa = PBXBuildFile; fileRef = 45B0970F1B5E0CA0008B8B60 /* VZItemAPITest.m */; };
		45B097131B5E0CE3008B8B60 /* BXTWTripItem.m in Sources */ = {isa = PBXBuildFile; fileRef = 45B097121B5E0CE3008B8B60 /* BXTWTripItem.m */; };
		45B097151B5E0D3D008B8B60 /* tripItem.json in Resources */ = {isa = PBXBuildFile; fileRef = 45B097141B5E0D3D008B8B60 /* tripItem.json */; };
		45B097171B5E1748008B8B60 /* mock.sh in Resources */ = {isa = PBXBuildFile; fileRef = 45B097161B5E1748008B8B60 /* mock.sh */; };
		45B0971A1B5E20B6008B8B60 /* BXTWMockListItem.m in Sources */ = {isa = PBXBuildFile; fileRef = 45B097191B5E20B6008B8B60 /* BXTWMockListItem.m */; };
		45B0971D1B5E24A4008B8B60 /* BXTWMockItem.m in Sources */ = {isa = PBXBuildFile; fileRef = 45B0971C1B5E24A4008B8B60 /* BXTWMockItem.m */; };
		45B82D551B579E740053D51C /* VZControllerTests.m in Sources */ = {isa = PBXBuildFile; fileRef = 45B82D521B579E740053D51C /* VZControllerTests.m */; };
		45B82D561B579E740053D51C /* VZModelStateTests.m in Sources */ = {isa = PBXBuildFile; fileRef = 45B82D541B579E740053D51C /* VZModelStateTests.m */; };
		45B82D9B1B579E9C0053D51C /* VZAFRequest.m in Sources */ = {isa = PBXBuildFile; fileRef = 45B82D5A1B579E9C0053D51C /* VZAFRequest.m */; };
		45B82D9C1B579E9C0053D51C /* VZListViewController.m in Sources */ = {isa = PBXBuildFile; fileRef = 45B82D5D1B579E9C0053D51C /* VZListViewController.m */; };
		45B82D9D1B579E9C0053D51C /* VZListViewDataSource.m in Sources */ = {isa = PBXBuildFile; fileRef = 45B82D5F1B579E9C0053D51C /* VZListViewDataSource.m */; };
		45B82D9E1B579E9C0053D51C /* VZListViewDelegate.m in Sources */ = {isa = PBXBuildFile; fileRef = 45B82D611B579E9C0053D51C /* VZListViewDelegate.m */; };
		45B82D9F1B579E9C0053D51C /* VZViewController.m in Sources */ = {isa = PBXBuildFile; fileRef = 45B82D631B579E9C0053D51C /* VZViewController.m */; };
		45B82DA01B579E9C0053D51C /* VZHTTPListModel.m in Sources */ = {isa = PBXBuildFile; fileRef = 45B82D681B579E9C0053D51C /* VZHTTPListModel.m */; };
		45B82DA11B579E9C0053D51C /* VZHTTPModel.m in Sources */ = {isa = PBXBuildFile; fileRef = 45B82D6A1B579E9C0053D51C /* VZHTTPModel.m */; };
		45B82DA21B579E9C0053D51C /* VZHTTPRequest.m in Sources */ = {isa = PBXBuildFile; fileRef = 45B82D6D1B579E9C0053D51C /* VZHTTPRequest.m */; };
		45B82DA31B579E9C0053D51C /* VZHTTPResponseDataCache.m in Sources */ = {isa = PBXBuildFile; fileRef = 45B82D701B579E9C0053D51C /* VZHTTPResponseDataCache.m */; };
		45B82DA41B579E9C0053D51C /* VZItem.m in Sources */ = {isa = PBXBuildFile; fileRef = 45B82D731B579E9C0053D51C /* VZItem.m */; };
		45B82DA51B579E9C0053D51C /* VZListDefaultTextItem.m in Sources */ = {isa = PBXBuildFile; fileRef = 45B82D751B579E9C0053D51C /* VZListDefaultTextItem.m */; };
		45B82DA61B579E9C0053D51C /* VZListItem.m in Sources */ = {isa = PBXBuildFile; fileRef = 45B82D771B579E9C0053D51C /* VZListItem.m */; };
		45B82DA71B579E9C0053D51C /* VZModel.m in Sources */ = {isa = PBXBuildFile; fileRef = 45B82D791B579E9C0053D51C /* VZModel.m */; };
		45B82DA81B579E9C0053D51C /* NSString+VZHTTPNetworkUtil.m in Sources */ = {isa = PBXBuildFile; fileRef = 45B82D7C1B579E9C0053D51C /* NSString+VZHTTPNetworkUtil.m */; };
		45B82DA91B579E9C0053D51C /* VZHTTPConnectionOperation.m in Sources */ = {isa = PBXBuildFile; fileRef = 45B82D7E1B579E9C0053D51C /* VZHTTPConnectionOperation.m */; };
		45B82DAA1B579E9C0053D51C /* VZHTTPNetworkAgent.m in Sources */ = {isa = PBXBuildFile; fileRef = 45B82D811B579E9C0053D51C /* VZHTTPNetworkAgent.m */; };
		45B82DAB1B579E9C0053D51C /* VZHTTPNetworkSecurity.m in Sources */ = {isa = PBXBuildFile; fileRef = 45B82D831B579E9C0053D51C /* VZHTTPNetworkSecurity.m */; };
		45B82DAC1B579E9C0053D51C /* VZHTTPRequestGenerator.m in Sources */ = {isa = PBXBuildFile; fileRef = 45B82D851B579E9C0053D51C /* VZHTTPRequestGenerator.m */; };
		45B82DAD1B579E9C0053D51C /* VZHTTPResponseParser.m in Sources */ = {isa = PBXBuildFile; fileRef = 45B82D871B579E9C0053D51C /* VZHTTPResponseParser.m */; };
		45B82DAE1B579E9C0053D51C /* VZHTTPRunloopOperation.m in Sources */ = {isa = PBXBuildFile; fileRef = 45B82D891B579E9C0053D51C /* VZHTTPRunloopOperation.m */; };
		45B82DAF1B579E9C0053D51C /* VZHTTPURLConnectionOperation.m in Sources */ = {isa = PBXBuildFile; fileRef = 45B82D8B1B579E9C0053D51C /* VZHTTPURLConnectionOperation.m */; };
		45B82DB01B579E9C0053D51C /* VZHTTPURLResponseCache.m in Sources */ = {isa = PBXBuildFile; fileRef = 45B82D8D1B579E9C0053D51C /* VZHTTPURLResponseCache.m */; };
		45B82DB11B579E9C0053D51C /* VZFooterViewFactory.m in Sources */ = {isa = PBXBuildFile; fileRef = 45B82D911B579E9C0053D51C /* VZFooterViewFactory.m */; };
		45B82DB21B579E9C0053D51C /* VZListCell.m in Sources */ = {isa = PBXBuildFile; fileRef = 45B82D931B579E9C0053D51C /* VZListCell.m */; };
		45B82DB31B579E9C0053D51C /* VZListDefaultErrorCell.m in Sources */ = {isa = PBXBuildFile; fileRef = 45B82D951B579E9C0053D51C /* VZListDefaultErrorCell.m */; };
		45B82DB41B579E9C0053D51C /* VZListDefaultLoadingCell.m in Sources */ = {isa = PBXBuildFile; fileRef = 45B82D971B579E9C0053D51C /* VZListDefaultLoadingCell.m */; };
		45B82DB51B579E9C0053D51C /* VZListDefaultTextCell.m in Sources */ = {isa = PBXBuildFile; fileRef = 45B82D991B579E9C0053D51C /* VZListDefaultTextCell.m */; };
		45B82DB71B57A4DB0053D51C /* VZHTTPModelAPITests.m in Sources */ = {isa = PBXBuildFile; fileRef = 45B82DB61B57A4DB0053D51C /* VZHTTPModelAPITests.m */; };
		45B82DBB1B58DC990053D51C /* VZHTTPListModelAPITests.m in Sources */ = {isa = PBXBuildFile; fileRef = 45B82DBA1B58DC990053D51C /* VZHTTPListModelAPITests.m */; };
		45BEAEA71B58DE6800B396AE /* BXTWTripListItem.m in Sources */ = {isa = PBXBuildFile; fileRef = 45BEAEA61B58DE6800B396AE /* BXTWTripListItem.m */; };
		45BEAEAA1B58DEA600B396AE /* BXTWTripListModel.m in Sources */ = {isa = PBXBuildFile; fileRef = 45BEAEA91B58DEA600B396AE /* BXTWTripListModel.m */; };
/* End PBXBuildFile section */

/* Begin PBXFileReference section */
		45559FAB1B596572009BD1AA /* VZHTTPModelCachePolicyTests.m */ = {isa = PBXFileReference; fileEncoding = 4; lastKnownFileType = sourcecode.c.objc; path = VZHTTPModelCachePolicyTests.m; sourceTree = "<group>"; };
		45B0970B1B5BB88A008B8B60 /* VZHTTPModelCacheTimeTests.m */ = {isa = PBXFileReference; fileEncoding = 4; lastKnownFileType = sourcecode.c.objc; path = VZHTTPModelCacheTimeTests.m; sourceTree = "<group>"; };
		45B0970D1B5BB89E008B8B60 /* VZHTTPModelConcurencyTests.m */ = {isa = PBXFileReference; fileEncoding = 4; lastKnownFileType = sourcecode.c.objc; path = VZHTTPModelConcurencyTests.m; sourceTree = "<group>"; };
		45B0970F1B5E0CA0008B8B60 /* VZItemAPITest.m */ = {isa = PBXFileReference; fileEncoding = 4; lastKnownFileType = sourcecode.c.objc; path = VZItemAPITest.m; sourceTree = "<group>"; };
		45B097111B5E0CE3008B8B60 /* BXTWTripItem.h */ = {isa = PBXFileReference; fileEncoding = 4; lastKnownFileType = sourcecode.c.h; path = BXTWTripItem.h; sourceTree = "<group>"; };
		45B097121B5E0CE3008B8B60 /* BXTWTripItem.m */ = {isa = PBXFileReference; fileEncoding = 4; lastKnownFileType = sourcecode.c.objc; path = BXTWTripItem.m; sourceTree = "<group>"; };
		45B097141B5E0D3D008B8B60 /* tripItem.json */ = {isa = PBXFileReference; fileEncoding = 4; lastKnownFileType = text.json; path = tripItem.json; sourceTree = "<group>"; };
		45B097161B5E1748008B8B60 /* mock.sh */ = {isa = PBXFileReference; fileEncoding = 4; lastKnownFileType = text.script.sh; path = mock.sh; sourceTree = "<group>"; };
		45B097181B5E20B6008B8B60 /* BXTWMockListItem.h */ = {isa = PBXFileReference; fileEncoding = 4; lastKnownFileType = sourcecode.c.h; path = BXTWMockListItem.h; sourceTree = "<group>"; };
		45B097191B5E20B6008B8B60 /* BXTWMockListItem.m */ = {isa = PBXFileReference; fileEncoding = 4; lastKnownFileType = sourcecode.c.objc; path = BXTWMockListItem.m; sourceTree = "<group>"; };
		45B0971B1B5E24A4008B8B60 /* BXTWMockItem.h */ = {isa = PBXFileReference; fileEncoding = 4; lastKnownFileType = sourcecode.c.h; path = BXTWMockItem.h; sourceTree = "<group>"; };
		45B0971C1B5E24A4008B8B60 /* BXTWMockItem.m */ = {isa = PBXFileReference; fileEncoding = 4; lastKnownFileType = sourcecode.c.objc; path = BXTWMockItem.m; sourceTree = "<group>"; };
		45B82D411B579DF40053D51C /* VizzleTestTests.xctest */ = {isa = PBXFileReference; explicitFileType = wrapper.cfbundle; includeInIndex = 0; path = VizzleTestTests.xctest; sourceTree = BUILT_PRODUCTS_DIR; };
		45B82D461B579DF40053D51C /* Info.plist */ = {isa = PBXFileReference; lastKnownFileType = text.plist.xml; path = Info.plist; sourceTree = "<group>"; };
		45B82D521B579E740053D51C /* VZControllerTests.m */ = {isa = PBXFileReference; fileEncoding = 4; lastKnownFileType = sourcecode.c.objc; path = VZControllerTests.m; sourceTree = "<group>"; };
		45B82D541B579E740053D51C /* VZModelStateTests.m */ = {isa = PBXFileReference; fileEncoding = 4; lastKnownFileType = sourcecode.c.objc; path = VZModelStateTests.m; sourceTree = "<group>"; };
		45B82D591B579E9C0053D51C /* VZAFRequest.h */ = {isa = PBXFileReference; fileEncoding = 4; lastKnownFileType = sourcecode.c.h; path = VZAFRequest.h; sourceTree = "<group>"; };
		45B82D5A1B579E9C0053D51C /* VZAFRequest.m */ = {isa = PBXFileReference; fileEncoding = 4; lastKnownFileType = sourcecode.c.objc; path = VZAFRequest.m; sourceTree = "<group>"; };
		45B82D5C1B579E9C0053D51C /* VZListViewController.h */ = {isa = PBXFileReference; fileEncoding = 4; lastKnownFileType = sourcecode.c.h; path = VZListViewController.h; sourceTree = "<group>"; };
		45B82D5D1B579E9C0053D51C /* VZListViewController.m */ = {isa = PBXFileReference; fileEncoding = 4; lastKnownFileType = sourcecode.c.objc; path = VZListViewController.m; sourceTree = "<group>"; };
		45B82D5E1B579E9C0053D51C /* VZListViewDataSource.h */ = {isa = PBXFileReference; fileEncoding = 4; lastKnownFileType = sourcecode.c.h; path = VZListViewDataSource.h; sourceTree = "<group>"; };
		45B82D5F1B579E9C0053D51C /* VZListViewDataSource.m */ = {isa = PBXFileReference; fileEncoding = 4; lastKnownFileType = sourcecode.c.objc; path = VZListViewDataSource.m; sourceTree = "<group>"; };
		45B82D601B579E9C0053D51C /* VZListViewDelegate.h */ = {isa = PBXFileReference; fileEncoding = 4; lastKnownFileType = sourcecode.c.h; path = VZListViewDelegate.h; sourceTree = "<group>"; };
		45B82D611B579E9C0053D51C /* VZListViewDelegate.m */ = {isa = PBXFileReference; fileEncoding = 4; lastKnownFileType = sourcecode.c.objc; path = VZListViewDelegate.m; sourceTree = "<group>"; };
		45B82D621B579E9C0053D51C /* VZViewController.h */ = {isa = PBXFileReference; fileEncoding = 4; lastKnownFileType = sourcecode.c.h; path = VZViewController.h; sourceTree = "<group>"; };
		45B82D631B579E9C0053D51C /* VZViewController.m */ = {isa = PBXFileReference; fileEncoding = 4; lastKnownFileType = sourcecode.c.objc; path = VZViewController.m; sourceTree = "<group>"; };
		45B82D651B579E9C0053D51C /* VZAssert.h */ = {isa = PBXFileReference; fileEncoding = 4; lastKnownFileType = sourcecode.c.h; path = VZAssert.h; sourceTree = "<group>"; };
		45B82D671B579E9C0053D51C /* VZHTTPListModel.h */ = {isa = PBXFileReference; fileEncoding = 4; lastKnownFileType = sourcecode.c.h; path = VZHTTPListModel.h; sourceTree = "<group>"; };
		45B82D681B579E9C0053D51C /* VZHTTPListModel.m */ = {isa = PBXFileReference; fileEncoding = 4; lastKnownFileType = sourcecode.c.objc; path = VZHTTPListModel.m; sourceTree = "<group>"; };
		45B82D691B579E9C0053D51C /* VZHTTPModel.h */ = {isa = PBXFileReference; fileEncoding = 4; lastKnownFileType = sourcecode.c.h; path = VZHTTPModel.h; sourceTree = "<group>"; };
		45B82D6A1B579E9C0053D51C /* VZHTTPModel.m */ = {isa = PBXFileReference; fileEncoding = 4; lastKnownFileType = sourcecode.c.objc; path = VZHTTPModel.m; sourceTree = "<group>"; };
		45B82D6B1B579E9C0053D51C /* VZHTTPNetworkConfig.h */ = {isa = PBXFileReference; fileEncoding = 4; lastKnownFileType = sourcecode.c.h; path = VZHTTPNetworkConfig.h; sourceTree = "<group>"; };
		45B82D6C1B579E9C0053D51C /* VZHTTPRequest.h */ = {isa = PBXFileReference; fileEncoding = 4; lastKnownFileType = sourcecode.c.h; path = VZHTTPRequest.h; sourceTree = "<group>"; };
		45B82D6D1B579E9C0053D51C /* VZHTTPRequest.m */ = {isa = PBXFileReference; fileEncoding = 4; lastKnownFileType = sourcecode.c.objc; path = VZHTTPRequest.m; sourceTree = "<group>"; };
		45B82D6E1B579E9C0053D51C /* VZHTTPRequestInterface.h */ = {isa = PBXFileReference; fileEncoding = 4; lastKnownFileType = sourcecode.c.h; path = VZHTTPRequestInterface.h; sourceTree = "<group>"; };
		45B82D6F1B579E9C0053D51C /* VZHTTPResponseDataCache.h */ = {isa = PBXFileReference; fileEncoding = 4; lastKnownFileType = sourcecode.c.h; path = VZHTTPResponseDataCache.h; sourceTree = "<group>"; };
		45B82D701B579E9C0053D51C /* VZHTTPResponseDataCache.m */ = {isa = PBXFileReference; fileEncoding = 4; lastKnownFileType = sourcecode.c.objc; path = VZHTTPResponseDataCache.m; sourceTree = "<group>"; };
		45B82D711B579E9C0053D51C /* VZHTTPResponseDataCacheInterface.h */ = {isa = PBXFileReference; fileEncoding = 4; lastKnownFileType = sourcecode.c.h; path = VZHTTPResponseDataCacheInterface.h; sourceTree = "<group>"; };
		45B82D721B579E9C0053D51C /* VZItem.h */ = {isa = PBXFileReference; fileEncoding = 4; lastKnownFileType = sourcecode.c.h; path = VZItem.h; sourceTree = "<group>"; };
		45B82D731B579E9C0053D51C /* VZItem.m */ = {isa = PBXFileReference; fileEncoding = 4; lastKnownFileType = sourcecode.c.objc; path = VZItem.m; sourceTree = "<group>"; };
		45B82D741B579E9C0053D51C /* VZListDefaultTextItem.h */ = {isa = PBXFileReference; fileEncoding = 4; lastKnownFileType = sourcecode.c.h; path = VZListDefaultTextItem.h; sourceTree = "<group>"; };
		45B82D751B579E9C0053D51C /* VZListDefaultTextItem.m */ = {isa = PBXFileReference; fileEncoding = 4; lastKnownFileType = sourcecode.c.objc; path = VZListDefaultTextItem.m; sourceTree = "<group>"; };
		45B82D761B579E9C0053D51C /* VZListItem.h */ = {isa = PBXFileReference; fileEncoding = 4; lastKnownFileType = sourcecode.c.h; path = VZListItem.h; sourceTree = "<group>"; };
		45B82D771B579E9C0053D51C /* VZListItem.m */ = {isa = PBXFileReference; fileEncoding = 4; lastKnownFileType = sourcecode.c.objc; path = VZListItem.m; sourceTree = "<group>"; };
		45B82D781B579E9C0053D51C /* VZModel.h */ = {isa = PBXFileReference; fileEncoding = 4; lastKnownFileType = sourcecode.c.h; path = VZModel.h; sourceTree = "<group>"; };
		45B82D791B579E9C0053D51C /* VZModel.m */ = {isa = PBXFileReference; fileEncoding = 4; lastKnownFileType = sourcecode.c.objc; path = VZModel.m; sourceTree = "<group>"; };
		45B82D7B1B579E9C0053D51C /* NSString+VZHTTPNetworkUtil.h */ = {isa = PBXFileReference; fileEncoding = 4; lastKnownFileType = sourcecode.c.h; path = "NSString+VZHTTPNetworkUtil.h"; sourceTree = "<group>"; };
		45B82D7C1B579E9C0053D51C /* NSString+VZHTTPNetworkUtil.m */ = {isa = PBXFileReference; fileEncoding = 4; lastKnownFileType = sourcecode.c.objc; path = "NSString+VZHTTPNetworkUtil.m"; sourceTree = "<group>"; };
		45B82D7D1B579E9C0053D51C /* VZHTTPConnectionOperation.h */ = {isa = PBXFileReference; fileEncoding = 4; lastKnownFileType = sourcecode.c.h; path = VZHTTPConnectionOperation.h; sourceTree = "<group>"; };
		45B82D7E1B579E9C0053D51C /* VZHTTPConnectionOperation.m */ = {isa = PBXFileReference; fileEncoding = 4; lastKnownFileType = sourcecode.c.objc; path = VZHTTPConnectionOperation.m; sourceTree = "<group>"; };
		45B82D7F1B579E9C0053D51C /* VZHTTPNetwork.h */ = {isa = PBXFileReference; fileEncoding = 4; lastKnownFileType = sourcecode.c.h; path = VZHTTPNetwork.h; sourceTree = "<group>"; };
		45B82D801B579E9C0053D51C /* VZHTTPNetworkAgent.h */ = {isa = PBXFileReference; fileEncoding = 4; lastKnownFileType = sourcecode.c.h; path = VZHTTPNetworkAgent.h; sourceTree = "<group>"; };
		45B82D811B579E9C0053D51C /* VZHTTPNetworkAgent.m */ = {isa = PBXFileReference; fileEncoding = 4; lastKnownFileType = sourcecode.c.objc; path = VZHTTPNetworkAgent.m; sourceTree = "<group>"; };
		45B82D821B579E9C0053D51C /* VZHTTPNetworkSecurity.h */ = {isa = PBXFileReference; fileEncoding = 4; lastKnownFileType = sourcecode.c.h; path = VZHTTPNetworkSecurity.h; sourceTree = "<group>"; };
		45B82D831B579E9C0053D51C /* VZHTTPNetworkSecurity.m */ = {isa = PBXFileReference; fileEncoding = 4; lastKnownFileType = sourcecode.c.objc; path = VZHTTPNetworkSecurity.m; sourceTree = "<group>"; };
		45B82D841B579E9C0053D51C /* VZHTTPRequestGenerator.h */ = {isa = PBXFileReference; fileEncoding = 4; lastKnownFileType = sourcecode.c.h; path = VZHTTPRequestGenerator.h; sourceTree = "<group>"; };
		45B82D851B579E9C0053D51C /* VZHTTPRequestGenerator.m */ = {isa = PBXFileReference; fileEncoding = 4; lastKnownFileType = sourcecode.c.objc; path = VZHTTPRequestGenerator.m; sourceTree = "<group>"; };
		45B82D861B579E9C0053D51C /* VZHTTPResponseParser.h */ = {isa = PBXFileReference; fileEncoding = 4; lastKnownFileType = sourcecode.c.h; path = VZHTTPResponseParser.h; sourceTree = "<group>"; };
		45B82D871B579E9C0053D51C /* VZHTTPResponseParser.m */ = {isa = PBXFileReference; fileEncoding = 4; lastKnownFileType = sourcecode.c.objc; path = VZHTTPResponseParser.m; sourceTree = "<group>"; };
		45B82D881B579E9C0053D51C /* VZHTTPRunloopOperation.h */ = {isa = PBXFileReference; fileEncoding = 4; lastKnownFileType = sourcecode.c.h; path = VZHTTPRunloopOperation.h; sourceTree = "<group>"; };
		45B82D891B579E9C0053D51C /* VZHTTPRunloopOperation.m */ = {isa = PBXFileReference; fileEncoding = 4; lastKnownFileType = sourcecode.c.objc; path = VZHTTPRunloopOperation.m; sourceTree = "<group>"; };
		45B82D8A1B579E9C0053D51C /* VZHTTPURLConnectionOperation.h */ = {isa = PBXFileReference; fileEncoding = 4; lastKnownFileType = sourcecode.c.h; path = VZHTTPURLConnectionOperation.h; sourceTree = "<group>"; };
		45B82D8B1B579E9C0053D51C /* VZHTTPURLConnectionOperation.m */ = {isa = PBXFileReference; fileEncoding = 4; lastKnownFileType = sourcecode.c.objc; path = VZHTTPURLConnectionOperation.m; sourceTree = "<group>"; };
		45B82D8C1B579E9C0053D51C /* VZHTTPURLResponseCache.h */ = {isa = PBXFileReference; fileEncoding = 4; lastKnownFileType = sourcecode.c.h; path = VZHTTPURLResponseCache.h; sourceTree = "<group>"; };
		45B82D8D1B579E9C0053D51C /* VZHTTPURLResponseCache.m */ = {isa = PBXFileReference; fileEncoding = 4; lastKnownFileType = sourcecode.c.objc; path = VZHTTPURLResponseCache.m; sourceTree = "<group>"; };
		45B82D901B579E9C0053D51C /* VZFooterViewFactory.h */ = {isa = PBXFileReference; fileEncoding = 4; lastKnownFileType = sourcecode.c.h; path = VZFooterViewFactory.h; sourceTree = "<group>"; };
		45B82D911B579E9C0053D51C /* VZFooterViewFactory.m */ = {isa = PBXFileReference; fileEncoding = 4; lastKnownFileType = sourcecode.c.objc; path = VZFooterViewFactory.m; sourceTree = "<group>"; };
		45B82D921B579E9C0053D51C /* VZListCell.h */ = {isa = PBXFileReference; fileEncoding = 4; lastKnownFileType = sourcecode.c.h; path = VZListCell.h; sourceTree = "<group>"; };
		45B82D931B579E9C0053D51C /* VZListCell.m */ = {isa = PBXFileReference; fileEncoding = 4; lastKnownFileType = sourcecode.c.objc; path = VZListCell.m; sourceTree = "<group>"; };
		45B82D941B579E9C0053D51C /* VZListDefaultErrorCell.h */ = {isa = PBXFileReference; fileEncoding = 4; lastKnownFileType = sourcecode.c.h; path = VZListDefaultErrorCell.h; sourceTree = "<group>"; };
		45B82D951B579E9C0053D51C /* VZListDefaultErrorCell.m */ = {isa = PBXFileReference; fileEncoding = 4; lastKnownFileType = sourcecode.c.objc; path = VZListDefaultErrorCell.m; sourceTree = "<group>"; };
		45B82D961B579E9C0053D51C /* VZListDefaultLoadingCell.h */ = {isa = PBXFileReference; fileEncoding = 4; lastKnownFileType = sourcecode.c.h; path = VZListDefaultLoadingCell.h; sourceTree = "<group>"; };
		45B82D971B579E9C0053D51C /* VZListDefaultLoadingCell.m */ = {isa = PBXFileReference; fileEncoding = 4; lastKnownFileType = sourcecode.c.objc; path = VZListDefaultLoadingCell.m; sourceTree = "<group>"; };
		45B82D981B579E9C0053D51C /* VZListDefaultTextCell.h */ = {isa = PBXFileReference; fileEncoding = 4; lastKnownFileType = sourcecode.c.h; path = VZListDefaultTextCell.h; sourceTree = "<group>"; };
		45B82D991B579E9C0053D51C /* VZListDefaultTextCell.m */ = {isa = PBXFileReference; fileEncoding = 4; lastKnownFileType = sourcecode.c.objc; path = VZListDefaultTextCell.m; sourceTree = "<group>"; };
		45B82D9A1B579E9C0053D51C /* Vizzle.h */ = {isa = PBXFileReference; fileEncoding = 4; lastKnownFileType = sourcecode.c.h; path = Vizzle.h; sourceTree = "<group>"; };
		45B82DB61B57A4DB0053D51C /* VZHTTPModelAPITests.m */ = {isa = PBXFileReference; fileEncoding = 4; lastKnownFileType = sourcecode.c.objc; path = VZHTTPModelAPITests.m; sourceTree = "<group>"; };
		45B82DBA1B58DC990053D51C /* VZHTTPListModelAPITests.m */ = {isa = PBXFileReference; fileEncoding = 4; lastKnownFileType = sourcecode.c.objc; path = VZHTTPListModelAPITests.m; sourceTree = "<group>"; };
		45BEAEA51B58DE6800B396AE /* BXTWTripListItem.h */ = {isa = PBXFileReference; fileEncoding = 4; lastKnownFileType = sourcecode.c.h; path = BXTWTripListItem.h; sourceTree = "<group>"; };
		45BEAEA61B58DE6800B396AE /* BXTWTripListItem.m */ = {isa = PBXFileReference; fileEncoding = 4; lastKnownFileType = sourcecode.c.objc; path = BXTWTripListItem.m; sourceTree = "<group>"; };
		45BEAEA81B58DEA600B396AE /* BXTWTripListModel.h */ = {isa = PBXFileReference; fileEncoding = 4; lastKnownFileType = sourcecode.c.h; path = BXTWTripListModel.h; sourceTree = "<group>"; };
		45BEAEA91B58DEA600B396AE /* BXTWTripListModel.m */ = {isa = PBXFileReference; fileEncoding = 4; lastKnownFileType = sourcecode.c.objc; path = BXTWTripListModel.m; sourceTree = "<group>"; };
/* End PBXFileReference section */

/* Begin PBXFrameworksBuildPhase section */
		45B82D3E1B579DF40053D51C /* Frameworks */ = {
			isa = PBXFrameworksBuildPhase;
			buildActionMask = 2147483647;
			files = (
			);
			runOnlyForDeploymentPostprocessing = 0;
		};
/* End PBXFrameworksBuildPhase section */

/* Begin PBXGroup section */
		45B82D1F1B579DF40053D51C = {
			isa = PBXGroup;
			children = (
				45B82D441B579DF40053D51C /* VizzleTestTests */,
				45B82D291B579DF40053D51C /* Products */,
			);
			sourceTree = "<group>";
		};
		45B82D291B579DF40053D51C /* Products */ = {
			isa = PBXGroup;
			children = (
				45B82D411B579DF40053D51C /* VizzleTestTests.xctest */,
			);
			name = Products;
			sourceTree = "<group>";
		};
		45B82D441B579DF40053D51C /* VizzleTestTests */ = {
			isa = PBXGroup;
			children = (
				45B82D571B579E9C0053D51C /* Vizzle */,
				45B82D511B579E740053D51C /* controller */,
				45B82D531B579E740053D51C /* model */,
				45B82D451B579DF40053D51C /* Supporting Files */,
			);
			path = VizzleTestTests;
			sourceTree = "<group>";
		};
		45B82D451B579DF40053D51C /* Supporting Files */ = {
			isa = PBXGroup;
			children = (
				45B82D461B579DF40053D51C /* Info.plist */,
			);
			name = "Supporting Files";
			sourceTree = "<group>";
		};
		45B82D511B579E740053D51C /* controller */ = {
			isa = PBXGroup;
			children = (
				45B82D521B579E740053D51C /* VZControllerTests.m */,
			);
			name = controller;
			path = ../../controller;
			sourceTree = "<group>";
		};
		45B82D531B579E740053D51C /* model */ = {
			isa = PBXGroup;
			children = (
				45B82DBC1B58DDAD0053D51C /* mock */,
				45B82D541B579E740053D51C /* VZModelStateTests.m */,
				45B82DB61B57A4DB0053D51C /* VZHTTPModelAPITests.m */,
				45B82DBA1B58DC990053D51C /* VZHTTPListModelAPITests.m */,
				45559FAB1B596572009BD1AA /* VZHTTPModelCachePolicyTests.m */,
				45B0970B1B5BB88A008B8B60 /* VZHTTPModelCacheTimeTests.m */,
				45B0970D1B5BB89E008B8B60 /* VZHTTPModelConcurencyTests.m */,
				45B0970F1B5E0CA0008B8B60 /* VZItemAPITest.m */,
			);
			name = model;
			path = ../../model;
			sourceTree = "<group>";
		};
		45B82D571B579E9C0053D51C /* Vizzle */ = {
			isa = PBXGroup;
			children = (
				45B82D581B579E9C0053D51C /* adapter */,
				45B82D5B1B579E9C0053D51C /* controller */,
				45B82D641B579E9C0053D51C /* core */,
				45B82D661B579E9C0053D51C /* model */,
				45B82D8E1B579E9C0053D51C /* view */,
				45B82D9A1B579E9C0053D51C /* Vizzle.h */,
			);
			name = Vizzle;
			path = ../../../Vizzle;
			sourceTree = "<group>";
		};
		45B82D581B579E9C0053D51C /* adapter */ = {
			isa = PBXGroup;
			children = (
				45B82D591B579E9C0053D51C /* VZAFRequest.h */,
				45B82D5A1B579E9C0053D51C /* VZAFRequest.m */,
			);
			path = adapter;
			sourceTree = "<group>";
		};
		45B82D5B1B579E9C0053D51C /* controller */ = {
			isa = PBXGroup;
			children = (
				45B82D5C1B579E9C0053D51C /* VZListViewController.h */,
				45B82D5D1B579E9C0053D51C /* VZListViewController.m */,
				45B82D5E1B579E9C0053D51C /* VZListViewDataSource.h */,
				45B82D5F1B579E9C0053D51C /* VZListViewDataSource.m */,
				45B82D601B579E9C0053D51C /* VZListViewDelegate.h */,
				45B82D611B579E9C0053D51C /* VZListViewDelegate.m */,
				45B82D621B579E9C0053D51C /* VZViewController.h */,
				45B82D631B579E9C0053D51C /* VZViewController.m */,
			);
			path = controller;
			sourceTree = "<group>";
		};
		45B82D641B579E9C0053D51C /* core */ = {
			isa = PBXGroup;
			children = (
				45B82D651B579E9C0053D51C /* VZAssert.h */,
			);
			path = core;
			sourceTree = "<group>";
		};
		45B82D661B579E9C0053D51C /* model */ = {
			isa = PBXGroup;
			children = (
				45B82D671B579E9C0053D51C /* VZHTTPListModel.h */,
				45B82D681B579E9C0053D51C /* VZHTTPListModel.m */,
				45B82D691B579E9C0053D51C /* VZHTTPModel.h */,
				45B82D6A1B579E9C0053D51C /* VZHTTPModel.m */,
				45B82D6B1B579E9C0053D51C /* VZHTTPNetworkConfig.h */,
				45B82D6C1B579E9C0053D51C /* VZHTTPRequest.h */,
				45B82D6D1B579E9C0053D51C /* VZHTTPRequest.m */,
				45B82D6E1B579E9C0053D51C /* VZHTTPRequestInterface.h */,
				45B82D6F1B579E9C0053D51C /* VZHTTPResponseDataCache.h */,
				45B82D701B579E9C0053D51C /* VZHTTPResponseDataCache.m */,
				45B82D711B579E9C0053D51C /* VZHTTPResponseDataCacheInterface.h */,
				45B82D721B579E9C0053D51C /* VZItem.h */,
				45B82D731B579E9C0053D51C /* VZItem.m */,
				45B82D741B579E9C0053D51C /* VZListDefaultTextItem.h */,
				45B82D751B579E9C0053D51C /* VZListDefaultTextItem.m */,
				45B82D761B579E9C0053D51C /* VZListItem.h */,
				45B82D771B579E9C0053D51C /* VZListItem.m */,
				45B82D781B579E9C0053D51C /* VZModel.h */,
				45B82D791B579E9C0053D51C /* VZModel.m */,
				45B82D7A1B579E9C0053D51C /* VZNetwork */,
			);
			path = model;
			sourceTree = "<group>";
		};
		45B82D7A1B579E9C0053D51C /* VZNetwork */ = {
			isa = PBXGroup;
			children = (
				45B82D7B1B579E9C0053D51C /* NSString+VZHTTPNetworkUtil.h */,
				45B82D7C1B579E9C0053D51C /* NSString+VZHTTPNetworkUtil.m */,
				45B82D7D1B579E9C0053D51C /* VZHTTPConnectionOperation.h */,
				45B82D7E1B579E9C0053D51C /* VZHTTPConnectionOperation.m */,
				45B82D7F1B579E9C0053D51C /* VZHTTPNetwork.h */,
				45B82D801B579E9C0053D51C /* VZHTTPNetworkAgent.h */,
				45B82D811B579E9C0053D51C /* VZHTTPNetworkAgent.m */,
				45B82D821B579E9C0053D51C /* VZHTTPNetworkSecurity.h */,
				45B82D831B579E9C0053D51C /* VZHTTPNetworkSecurity.m */,
				45B82D841B579E9C0053D51C /* VZHTTPRequestGenerator.h */,
				45B82D851B579E9C0053D51C /* VZHTTPRequestGenerator.m */,
				45B82D861B579E9C0053D51C /* VZHTTPResponseParser.h */,
				45B82D871B579E9C0053D51C /* VZHTTPResponseParser.m */,
				45B82D881B579E9C0053D51C /* VZHTTPRunloopOperation.h */,
				45B82D891B579E9C0053D51C /* VZHTTPRunloopOperation.m */,
				45B82D8A1B579E9C0053D51C /* VZHTTPURLConnectionOperation.h */,
				45B82D8B1B579E9C0053D51C /* VZHTTPURLConnectionOperation.m */,
				45B82D8C1B579E9C0053D51C /* VZHTTPURLResponseCache.h */,
				45B82D8D1B579E9C0053D51C /* VZHTTPURLResponseCache.m */,
			);
			path = VZNetwork;
			sourceTree = "<group>";
		};
		45B82D8E1B579E9C0053D51C /* view */ = {
			isa = PBXGroup;
			children = (
				45B82D8F1B579E9C0053D51C /* list */,
			);
			path = view;
			sourceTree = "<group>";
		};
		45B82D8F1B579E9C0053D51C /* list */ = {
			isa = PBXGroup;
			children = (
				45B82D901B579E9C0053D51C /* VZFooterViewFactory.h */,
				45B82D911B579E9C0053D51C /* VZFooterViewFactory.m */,
				45B82D921B579E9C0053D51C /* VZListCell.h */,
				45B82D931B579E9C0053D51C /* VZListCell.m */,
				45B82D941B579E9C0053D51C /* VZListDefaultErrorCell.h */,
				45B82D951B579E9C0053D51C /* VZListDefaultErrorCell.m */,
				45B82D961B579E9C0053D51C /* VZListDefaultLoadingCell.h */,
				45B82D971B579E9C0053D51C /* VZListDefaultLoadingCell.m */,
				45B82D981B579E9C0053D51C /* VZListDefaultTextCell.h */,
				45B82D991B579E9C0053D51C /* VZListDefaultTextCell.m */,
			);
			path = list;
			sourceTree = "<group>";
		};
		45B82DBC1B58DDAD0053D51C /* mock */ = {
			isa = PBXGroup;
			children = (
				45B097161B5E1748008B8B60 /* mock.sh */,
				45BEAEA81B58DEA600B396AE /* BXTWTripListModel.h */,
				45BEAEA91B58DEA600B396AE /* BXTWTripListModel.m */,
				45BEAEA51B58DE6800B396AE /* BXTWTripListItem.h */,
				45BEAEA61B58DE6800B396AE /* BXTWTripListItem.m */,
				45B097111B5E0CE3008B8B60 /* BXTWTripItem.h */,
				45B097121B5E0CE3008B8B60 /* BXTWTripItem.m */,
				45B097141B5E0D3D008B8B60 /* tripItem.json */,
				45B097181B5E20B6008B8B60 /* BXTWMockListItem.h */,
				45B097191B5E20B6008B8B60 /* BXTWMockListItem.m */,
				45B0971B1B5E24A4008B8B60 /* BXTWMockItem.h */,
				45B0971C1B5E24A4008B8B60 /* BXTWMockItem.m */,
			);
			path = mock;
			sourceTree = "<group>";
		};
/* End PBXGroup section */

/* Begin PBXNativeTarget section */
		45B82D401B579DF40053D51C /* VizzleTestTests */ = {
			isa = PBXNativeTarget;
			buildConfigurationList = 45B82D4E1B579DF50053D51C /* Build configuration list for PBXNativeTarget "VizzleTestTests" */;
			buildPhases = (
				45B82D3D1B579DF40053D51C /* Sources */,
				45B82D3E1B579DF40053D51C /* Frameworks */,
				45B82D3F1B579DF40053D51C /* Resources */,
			);
			buildRules = (
			);
			dependencies = (
			);
			name = VizzleTestTests;
			productName = VizzleTestTests;
			productReference = 45B82D411B579DF40053D51C /* VizzleTestTests.xctest */;
			productType = "com.apple.product-type.bundle.unit-test";
		};
/* End PBXNativeTarget section */

/* Begin PBXProject section */
		45B82D201B579DF40053D51C /* Project object */ = {
			isa = PBXProject;
			attributes = {
				LastUpgradeCheck = 0630;
				ORGANIZATIONNAME = VizLab;
				TargetAttributes = {
					45B82D401B579DF40053D51C = {
						CreatedOnToolsVersion = 6.3.2;
						TestTargetID = 45B82D271B579DF40053D51C;
					};
				};
			};
			buildConfigurationList = 45B82D231B579DF40053D51C /* Build configuration list for PBXProject "VizzleTest" */;
			compatibilityVersion = "Xcode 3.2";
			developmentRegion = English;
			hasScannedForEncodings = 0;
			knownRegions = (
				en,
				Base,
			);
			mainGroup = 45B82D1F1B579DF40053D51C;
			productRefGroup = 45B82D291B579DF40053D51C /* Products */;
			projectDirPath = "";
			projectRoot = "";
			targets = (
				45B82D401B579DF40053D51C /* VizzleTestTests */,
			);
		};
/* End PBXProject section */

/* Begin PBXResourcesBuildPhase section */
		45B82D3F1B579DF40053D51C /* Resources */ = {
			isa = PBXResourcesBuildPhase;
			buildActionMask = 2147483647;
			files = (
				45B097171B5E1748008B8B60 /* mock.sh in Resources */,
				45B097151B5E0D3D008B8B60 /* tripItem.json in Resources */,
			);
			runOnlyForDeploymentPostprocessing = 0;
		};
/* End PBXResourcesBuildPhase section */

/* Begin PBXSourcesBuildPhase section */
		45B82D3D1B579DF40053D51C /* Sources */ = {
			isa = PBXSourcesBuildPhase;
			buildActionMask = 2147483647;
			files = (
				45B0971A1B5E20B6008B8B60 /* BXTWMockListItem.m in Sources */,
				45B82DB21B579E9C0053D51C /* VZListCell.m in Sources */,
				45B82D9C1B579E9C0053D51C /* VZListViewController.m in Sources */,
				45B82DB01B579E9C0053D51C /* VZHTTPURLResponseCache.m in Sources */,
				45B82DBB1B58DC990053D51C /* VZHTTPListModelAPITests.m in Sources */,
				45B82D9E1B579E9C0053D51C /* VZListViewDelegate.m in Sources */,
				45B82DAE1B579E9C0053D51C /* VZHTTPRunloopOperation.m in Sources */,
				45B82DB11B579E9C0053D51C /* VZFooterViewFactory.m in Sources */,
				45B82DA21B579E9C0053D51C /* VZHTTPRequest.m in Sources */,
				45B097101B5E0CA0008B8B60 /* VZItemAPITest.m in Sources */,
				45B82D9B1B579E9C0053D51C /* VZAFRequest.m in Sources */,
				45B82DAF1B579E9C0053D51C /* VZHTTPURLConnectionOperation.m in Sources */,
				45B82DA71B579E9C0053D51C /* VZModel.m in Sources */,
				45B82DB41B579E9C0053D51C /* VZListDefaultLoadingCell.m in Sources */,
				45B0970E1B5BB89E008B8B60 /* VZHTTPModelConcurencyTests.m in Sources */,
				45BEAEAA1B58DEA600B396AE /* BXTWTripListModel.m in Sources */,
				45B82DA01B579E9C0053D51C /* VZHTTPListModel.m in Sources */,
				45B82DA11B579E9C0053D51C /* VZHTTPModel.m in Sources */,
				45B82D9F1B579E9C0053D51C /* VZViewController.m in Sources */,
				45B82DA91B579E9C0053D51C /* VZHTTPConnectionOperation.m in Sources */,
				45B82DAA1B579E9C0053D51C /* VZHTTPNetworkAgent.m in Sources */,
				45B82D9D1B579E9C0053D51C /* VZListViewDataSource.m in Sources */,
				45B82DA81B579E9C0053D51C /* NSString+VZHTTPNetworkUtil.m in Sources */,
				45B82DB31B579E9C0053D51C /* VZListDefaultErrorCell.m in Sources */,
				45B82DA31B579E9C0053D51C /* VZHTTPResponseDataCache.m in Sources */,
				45B82DB71B57A4DB0053D51C /* VZHTTPModelAPITests.m in Sources */,
				45B0970C1B5BB88A008B8B60 /* VZHTTPModelCacheTimeTests.m in Sources */,
				45B82DA61B579E9C0053D51C /* VZListItem.m in Sources */,
				45B82DB51B579E9C0053D51C /* VZListDefaultTextCell.m in Sources */,
				45B82DAD1B579E9C0053D51C /* VZHTTPResponseParser.m in Sources */,
				45B82DAC1B579E9C0053D51C /* VZHTTPRequestGenerator.m in Sources */,
				45B0971D1B5E24A4008B8B60 /* BXTWMockItem.m in Sources */,
				45B82DA41B579E9C0053D51C /* VZItem.m in Sources */,
				45559FAC1B596572009BD1AA /* VZHTTPModelCachePolicyTests.m in Sources */,
				45B097131B5E0CE3008B8B60 /* BXTWTripItem.m in Sources */,
				45B82DAB1B579E9C0053D51C /* VZHTTPNetworkSecurity.m in Sources */,
				45BEAEA71B58DE6800B396AE /* BXTWTripListItem.m in Sources */,
				45B82D551B579E740053D51C /* VZControllerTests.m in Sources */,
				45B82D561B579E740053D51C /* VZModelStateTests.m in Sources */,
				45B82DA51B579E9C0053D51C /* VZListDefaultTextItem.m in Sources */,
			);
			runOnlyForDeploymentPostprocessing = 0;
		};
/* End PBXSourcesBuildPhase section */

/* Begin XCBuildConfiguration section */
		45B82D491B579DF50053D51C /* Debug */ = {
			isa = XCBuildConfiguration;
			buildSettings = {
				ALWAYS_SEARCH_USER_PATHS = NO;
				CLANG_CXX_LANGUAGE_STANDARD = "gnu++0x";
				CLANG_CXX_LIBRARY = "libc++";
				CLANG_ENABLE_MODULES = YES;
				CLANG_ENABLE_OBJC_ARC = YES;
				CLANG_WARN_BOOL_CONVERSION = YES;
				CLANG_WARN_CONSTANT_CONVERSION = YES;
				CLANG_WARN_DIRECT_OBJC_ISA_USAGE = YES_ERROR;
				CLANG_WARN_EMPTY_BODY = YES;
				CLANG_WARN_ENUM_CONVERSION = YES;
				CLANG_WARN_INT_CONVERSION = YES;
				CLANG_WARN_OBJC_ROOT_CLASS = YES_ERROR;
				CLANG_WARN_UNREACHABLE_CODE = YES;
				CLANG_WARN__DUPLICATE_METHOD_MATCH = YES;
				"CODE_SIGN_IDENTITY[sdk=iphoneos*]" = "iPhone Developer";
				COPY_PHASE_STRIP = NO;
				DEBUG_INFORMATION_FORMAT = "dwarf-with-dsym";
				ENABLE_STRICT_OBJC_MSGSEND = YES;
				GCC_C_LANGUAGE_STANDARD = gnu99;
				GCC_DYNAMIC_NO_PIC = NO;
				GCC_NO_COMMON_BLOCKS = YES;
				GCC_OPTIMIZATION_LEVEL = 0;
				GCC_PREPROCESSOR_DEFINITIONS = (
					"DEBUG=1",
					"$(inherited)",
				);
				GCC_SYMBOLS_PRIVATE_EXTERN = NO;
				GCC_WARN_64_TO_32_BIT_CONVERSION = YES;
				GCC_WARN_ABOUT_RETURN_TYPE = YES_ERROR;
				GCC_WARN_UNDECLARED_SELECTOR = YES;
				GCC_WARN_UNINITIALIZED_AUTOS = YES_AGGRESSIVE;
				GCC_WARN_UNUSED_FUNCTION = YES;
				GCC_WARN_UNUSED_VARIABLE = YES;
				IPHONEOS_DEPLOYMENT_TARGET = 8.3;
				MTL_ENABLE_DEBUG_INFO = YES;
				ONLY_ACTIVE_ARCH = YES;
				SDKROOT = iphoneos;
				TARGETED_DEVICE_FAMILY = "1,2";
			};
			name = Debug;
		};
		45B82D4A1B579DF50053D51C /* Release */ = {
			isa = XCBuildConfiguration;
			buildSettings = {
				ALWAYS_SEARCH_USER_PATHS = NO;
				CLANG_CXX_LANGUAGE_STANDARD = "gnu++0x";
				CLANG_CXX_LIBRARY = "libc++";
				CLANG_ENABLE_MODULES = YES;
				CLANG_ENABLE_OBJC_ARC = YES;
				CLANG_WARN_BOOL_CONVERSION = YES;
				CLANG_WARN_CONSTANT_CONVERSION = YES;
				CLANG_WARN_DIRECT_OBJC_ISA_USAGE = YES_ERROR;
				CLANG_WARN_EMPTY_BODY = YES;
				CLANG_WARN_ENUM_CONVERSION = YES;
				CLANG_WARN_INT_CONVERSION = YES;
				CLANG_WARN_OBJC_ROOT_CLASS = YES_ERROR;
				CLANG_WARN_UNREACHABLE_CODE = YES;
				CLANG_WARN__DUPLICATE_METHOD_MATCH = YES;
				"CODE_SIGN_IDENTITY[sdk=iphoneos*]" = "iPhone Developer";
				COPY_PHASE_STRIP = NO;
				DEBUG_INFORMATION_FORMAT = "dwarf-with-dsym";
				ENABLE_NS_ASSERTIONS = NO;
				ENABLE_STRICT_OBJC_MSGSEND = YES;
				GCC_C_LANGUAGE_STANDARD = gnu99;
				GCC_NO_COMMON_BLOCKS = YES;
				GCC_WARN_64_TO_32_BIT_CONVERSION = YES;
				GCC_WARN_ABOUT_RETURN_TYPE = YES_ERROR;
				GCC_WARN_UNDECLARED_SELECTOR = YES;
				GCC_WARN_UNINITIALIZED_AUTOS = YES_AGGRESSIVE;
				GCC_WARN_UNUSED_FUNCTION = YES;
				GCC_WARN_UNUSED_VARIABLE = YES;
				IPHONEOS_DEPLOYMENT_TARGET = 8.3;
				MTL_ENABLE_DEBUG_INFO = NO;
				SDKROOT = iphoneos;
				TARGETED_DEVICE_FAMILY = "1,2";
				VALIDATE_PRODUCT = YES;
			};
			name = Release;
		};
		45B82D4F1B579DF50053D51C /* Debug */ = {
			isa = XCBuildConfiguration;
			buildSettings = {
				BUNDLE_LOADER = "$(TEST_HOST)";
				FRAMEWORK_SEARCH_PATHS = (
					"$(SDKROOT)/Developer/Library/Frameworks",
					"$(inherited)",
				);
				GCC_PREPROCESSOR_DEFINITIONS = (
					"DEBUG=1",
					"$(inherited)",
				);
				INFOPLIST_FILE = VizzleTestTests/Info.plist;
				LD_RUNPATH_SEARCH_PATHS = "$(inherited) @executable_path/Frameworks @loader_path/Frameworks";
				PRODUCT_NAME = "$(TARGET_NAME)";
				TEST_HOST = "$(BUILT_PRODUCTS_DIR)/VizzleTest.app/VizzleTest";
			};
			name = Debug;
		};
		45B82D501B579DF50053D51C /* Release */ = {
			isa = XCBuildConfiguration;
			buildSettings = {
				BUNDLE_LOADER = "$(TEST_HOST)";
				FRAMEWORK_SEARCH_PATHS = (
					"$(SDKROOT)/Developer/Library/Frameworks",
					"$(inherited)",
				);
				INFOPLIST_FILE = VizzleTestTests/Info.plist;
				LD_RUNPATH_SEARCH_PATHS = "$(inherited) @executable_path/Frameworks @loader_path/Frameworks";
				PRODUCT_NAME = "$(TARGET_NAME)";
				TEST_HOST = "$(BUILT_PRODUCTS_DIR)/VizzleTest.app/VizzleTest";
			};
			name = Release;
		};
/* End XCBuildConfiguration section */

/* Begin XCConfigurationList section */
		45B82D231B579DF40053D51C /* Build configuration list for PBXProject "VizzleTest" */ = {
			isa = XCConfigurationList;
			buildConfigurations = (
				45B82D491B579DF50053D51C /* Debug */,
				45B82D4A1B579DF50053D51C /* Release */,
			);
			defaultConfigurationIsVisible = 0;
			defaultConfigurationName = Release;
		};
		45B82D4E1B579DF50053D51C /* Build configuration list for PBXNativeTarget "VizzleTestTests" */ = {
			isa = XCConfigurationList;
			buildConfigurations = (
				45B82D4F1B579DF50053D51C /* Debug */,
				45B82D501B579DF50053D51C /* Release */,
			);
			defaultConfigurationIsVisible = 0;
			defaultConfigurationName = Release;
		};
/* End XCConfigurationList section */
	};
	rootObject = 45B82D201B579DF40053D51C /* Project object */;
}
