// !$*UTF8*$!
{
	archiveVersion = 1;
	classes = {
	};
	objectVersion = 46;
	objects = {

/* Begin PBXBuildFile section */
		AF68250D1A0B488C005E03CD /* main.m in Sources */ = {isa = PBXBuildFile; fileRef = AF68250C1A0B488C005E03CD /* main.m */; };
		AF6825101A0B488C005E03CD /* AppDelegate.m in Sources */ = {isa = PBXBuildFile; fileRef = AF68250F1A0B488C005E03CD /* AppDelegate.m */; };
		AF6825131A0B488C005E03CD /* ViewController.m in Sources */ = {isa = PBXBuildFile; fileRef = AF6825121A0B488C005E03CD /* ViewController.m */; };
		AF6825161A0B488C005E03CD /* Main.storyboard in Resources */ = {isa = PBXBuildFile; fileRef = AF6825141A0B488C005E03CD /* Main.storyboard */; };
		AF6825181A0B488C005E03CD /* Images.xcassets in Resources */ = {isa = PBXBuildFile; fileRef = AF6825171A0B488C005E03CD /* Images.xcassets */; };
		AF68251B1A0B488C005E03CD /* LaunchScreen.xib in Resources */ = {isa = PBXBuildFile; fileRef = AF6825191A0B488C005E03CD /* LaunchScreen.xib */; };
		AF6825271A0B488D005E03CD /* VizzleTestTests.m in Sources */ = {isa = PBXBuildFile; fileRef = AF6825261A0B488D005E03CD /* VizzleTestTests.m */; };
		AF6825381A0B48D9005E03CD /* VZControllerTests.m in Sources */ = {isa = PBXBuildFile; fileRef = AF6825331A0B48D9005E03CD /* VZControllerTests.m */; };
		AF68253A1A0B48D9005E03CD /* VZModelTests.m in Sources */ = {isa = PBXBuildFile; fileRef = AF6825361A0B48D9005E03CD /* VZModelTests.m */; };
		AF68256B1A0B4980005E03CD /* VZAFRequest.m in Sources */ = {isa = PBXBuildFile; fileRef = AF68253E1A0B4980005E03CD /* VZAFRequest.m */; };
		AF68256C1A0B4980005E03CD /* VZListViewController.m in Sources */ = {isa = PBXBuildFile; fileRef = AF6825411A0B4980005E03CD /* VZListViewController.m */; };
		AF68256D1A0B4980005E03CD /* VZViewController.m in Sources */ = {isa = PBXBuildFile; fileRef = AF6825431A0B4980005E03CD /* VZViewController.m */; };
		AF68256E1A0B4980005E03CD /* VZListViewDataSource.m in Sources */ = {isa = PBXBuildFile; fileRef = AF6825461A0B4980005E03CD /* VZListViewDataSource.m */; };
		AF68256F1A0B4980005E03CD /* VZListViewDelegate.m in Sources */ = {isa = PBXBuildFile; fileRef = AF6825491A0B4980005E03CD /* VZListViewDelegate.m */; };
		AF6825701A0B4980005E03CD /* VZItem.m in Sources */ = {isa = PBXBuildFile; fileRef = AF68254C1A0B4980005E03CD /* VZItem.m */; };
		AF6825711A0B4980005E03CD /* VZListDefaultTextItem.m in Sources */ = {isa = PBXBuildFile; fileRef = AF68254E1A0B4980005E03CD /* VZListDefaultTextItem.m */; };
		AF6825721A0B4980005E03CD /* VZListItem.m in Sources */ = {isa = PBXBuildFile; fileRef = AF6825501A0B4980005E03CD /* VZListItem.m */; };
		AF6825731A0B4980005E03CD /* VZViewControllerLogic.m in Sources */ = {isa = PBXBuildFile; fileRef = AF6825531A0B4980005E03CD /* VZViewControllerLogic.m */; };
		AF6825741A0B4980005E03CD /* VZHTTPListModel.m in Sources */ = {isa = PBXBuildFile; fileRef = AF6825561A0B4980005E03CD /* VZHTTPListModel.m */; };
		AF6825751A0B4980005E03CD /* VZHTTPModel.m in Sources */ = {isa = PBXBuildFile; fileRef = AF6825581A0B4980005E03CD /* VZHTTPModel.m */; };
		AF6825761A0B4980005E03CD /* VZHTTPRequest.m in Sources */ = {isa = PBXBuildFile; fileRef = AF68255A1A0B4980005E03CD /* VZHTTPRequest.m */; };
		AF6825771A0B4980005E03CD /* VZModel.m in Sources */ = {isa = PBXBuildFile; fileRef = AF68255C1A0B4980005E03CD /* VZModel.m */; };
		AF6825781A0B4980005E03CD /* VZFooterViewFactory.m in Sources */ = {isa = PBXBuildFile; fileRef = AF68255F1A0B4980005E03CD /* VZFooterViewFactory.m */; };
		AF6825791A0B4980005E03CD /* VZListCell.m in Sources */ = {isa = PBXBuildFile; fileRef = AF6825611A0B4980005E03CD /* VZListCell.m */; };
		AF68257A1A0B4980005E03CD /* VZListDefaultErrorCell.m in Sources */ = {isa = PBXBuildFile; fileRef = AF6825631A0B4980005E03CD /* VZListDefaultErrorCell.m */; };
		AF68257B1A0B4980005E03CD /* VZListDefaultLoadingCell.m in Sources */ = {isa = PBXBuildFile; fileRef = AF6825651A0B4980005E03CD /* VZListDefaultLoadingCell.m */; };
		AF68257C1A0B4980005E03CD /* VZListDefaultTextCell.m in Sources */ = {isa = PBXBuildFile; fileRef = AF6825671A0B4980005E03CD /* VZListDefaultTextCell.m */; };
		AF68257D1A0B4980005E03CD /* VZView.m in Sources */ = {isa = PBXBuildFile; fileRef = AF6825691A0B4980005E03CD /* VZView.m */; };
/* End PBXBuildFile section */

/* Begin PBXContainerItemProxy section */
		AF6825211A0B488D005E03CD /* PBXContainerItemProxy */ = {
			isa = PBXContainerItemProxy;
			containerPortal = AF6824FF1A0B488C005E03CD /* Project object */;
			proxyType = 1;
			remoteGlobalIDString = AF6825061A0B488C005E03CD;
			remoteInfo = VizzleTest;
		};
/* End PBXContainerItemProxy section */

/* Begin PBXFileReference section */
		AF6825071A0B488C005E03CD /* VizzleTest.app */ = {isa = PBXFileReference; explicitFileType = wrapper.application; includeInIndex = 0; path = VizzleTest.app; sourceTree = BUILT_PRODUCTS_DIR; };
		AF68250B1A0B488C005E03CD /* Info.plist */ = {isa = PBXFileReference; lastKnownFileType = text.plist.xml; path = Info.plist; sourceTree = "<group>"; };
		AF68250C1A0B488C005E03CD /* main.m */ = {isa = PBXFileReference; lastKnownFileType = sourcecode.c.objc; path = main.m; sourceTree = "<group>"; };
		AF68250E1A0B488C005E03CD /* AppDelegate.h */ = {isa = PBXFileReference; lastKnownFileType = sourcecode.c.h; path = AppDelegate.h; sourceTree = "<group>"; };
		AF68250F1A0B488C005E03CD /* AppDelegate.m */ = {isa = PBXFileReference; lastKnownFileType = sourcecode.c.objc; path = AppDelegate.m; sourceTree = "<group>"; };
		AF6825111A0B488C005E03CD /* ViewController.h */ = {isa = PBXFileReference; lastKnownFileType = sourcecode.c.h; path = ViewController.h; sourceTree = "<group>"; };
		AF6825121A0B488C005E03CD /* ViewController.m */ = {isa = PBXFileReference; lastKnownFileType = sourcecode.c.objc; path = ViewController.m; sourceTree = "<group>"; };
		AF6825151A0B488C005E03CD /* Base */ = {isa = PBXFileReference; lastKnownFileType = file.storyboard; name = Base; path = Base.lproj/Main.storyboard; sourceTree = "<group>"; };
		AF6825171A0B488C005E03CD /* Images.xcassets */ = {isa = PBXFileReference; lastKnownFileType = folder.assetcatalog; path = Images.xcassets; sourceTree = "<group>"; };
		AF68251A1A0B488C005E03CD /* Base */ = {isa = PBXFileReference; lastKnownFileType = file.xib; name = Base; path = Base.lproj/LaunchScreen.xib; sourceTree = "<group>"; };
		AF6825201A0B488D005E03CD /* VizzleTestTests.xctest */ = {isa = PBXFileReference; explicitFileType = wrapper.cfbundle; includeInIndex = 0; path = VizzleTestTests.xctest; sourceTree = BUILT_PRODUCTS_DIR; };
		AF6825251A0B488D005E03CD /* Info.plist */ = {isa = PBXFileReference; lastKnownFileType = text.plist.xml; path = Info.plist; sourceTree = "<group>"; };
		AF6825261A0B488D005E03CD /* VizzleTestTests.m */ = {isa = PBXFileReference; lastKnownFileType = sourcecode.c.objc; path = VizzleTestTests.m; sourceTree = "<group>"; };
		AF6825331A0B48D9005E03CD /* VZControllerTests.m */ = {isa = PBXFileReference; fileEncoding = 4; lastKnownFileType = sourcecode.c.objc; path = VZControllerTests.m; sourceTree = "<group>"; };
		AF6825361A0B48D9005E03CD /* VZModelTests.m */ = {isa = PBXFileReference; fileEncoding = 4; lastKnownFileType = sourcecode.c.objc; path = VZModelTests.m; sourceTree = "<group>"; };
		AF68253D1A0B4980005E03CD /* VZAFRequest.h */ = {isa = PBXFileReference; fileEncoding = 4; lastKnownFileType = sourcecode.c.h; path = VZAFRequest.h; sourceTree = "<group>"; };
		AF68253E1A0B4980005E03CD /* VZAFRequest.m */ = {isa = PBXFileReference; fileEncoding = 4; lastKnownFileType = sourcecode.c.objc; path = VZAFRequest.m; sourceTree = "<group>"; };
		AF6825401A0B4980005E03CD /* VZListViewController.h */ = {isa = PBXFileReference; fileEncoding = 4; lastKnownFileType = sourcecode.c.h; path = VZListViewController.h; sourceTree = "<group>"; };
		AF6825411A0B4980005E03CD /* VZListViewController.m */ = {isa = PBXFileReference; fileEncoding = 4; lastKnownFileType = sourcecode.c.objc; path = VZListViewController.m; sourceTree = "<group>"; };
		AF6825421A0B4980005E03CD /* VZViewController.h */ = {isa = PBXFileReference; fileEncoding = 4; lastKnownFileType = sourcecode.c.h; path = VZViewController.h; sourceTree = "<group>"; };
		AF6825431A0B4980005E03CD /* VZViewController.m */ = {isa = PBXFileReference; fileEncoding = 4; lastKnownFileType = sourcecode.c.objc; path = VZViewController.m; sourceTree = "<group>"; };
		AF6825451A0B4980005E03CD /* VZListViewDataSource.h */ = {isa = PBXFileReference; fileEncoding = 4; lastKnownFileType = sourcecode.c.h; path = VZListViewDataSource.h; sourceTree = "<group>"; };
		AF6825461A0B4980005E03CD /* VZListViewDataSource.m */ = {isa = PBXFileReference; fileEncoding = 4; lastKnownFileType = sourcecode.c.objc; path = VZListViewDataSource.m; sourceTree = "<group>"; };
		AF6825481A0B4980005E03CD /* VZListViewDelegate.h */ = {isa = PBXFileReference; fileEncoding = 4; lastKnownFileType = sourcecode.c.h; path = VZListViewDelegate.h; sourceTree = "<group>"; };
		AF6825491A0B4980005E03CD /* VZListViewDelegate.m */ = {isa = PBXFileReference; fileEncoding = 4; lastKnownFileType = sourcecode.c.objc; path = VZListViewDelegate.m; sourceTree = "<group>"; };
		AF68254B1A0B4980005E03CD /* VZItem.h */ = {isa = PBXFileReference; fileEncoding = 4; lastKnownFileType = sourcecode.c.h; path = VZItem.h; sourceTree = "<group>"; };
		AF68254C1A0B4980005E03CD /* VZItem.m */ = {isa = PBXFileReference; fileEncoding = 4; lastKnownFileType = sourcecode.c.objc; path = VZItem.m; sourceTree = "<group>"; };
		AF68254D1A0B4980005E03CD /* VZListDefaultTextItem.h */ = {isa = PBXFileReference; fileEncoding = 4; lastKnownFileType = sourcecode.c.h; path = VZListDefaultTextItem.h; sourceTree = "<group>"; };
		AF68254E1A0B4980005E03CD /* VZListDefaultTextItem.m */ = {isa = PBXFileReference; fileEncoding = 4; lastKnownFileType = sourcecode.c.objc; path = VZListDefaultTextItem.m; sourceTree = "<group>"; };
		AF68254F1A0B4980005E03CD /* VZListItem.h */ = {isa = PBXFileReference; fileEncoding = 4; lastKnownFileType = sourcecode.c.h; path = VZListItem.h; sourceTree = "<group>"; };
		AF6825501A0B4980005E03CD /* VZListItem.m */ = {isa = PBXFileReference; fileEncoding = 4; lastKnownFileType = sourcecode.c.objc; path = VZListItem.m; sourceTree = "<group>"; };
		AF6825521A0B4980005E03CD /* VZViewControllerLogic.h */ = {isa = PBXFileReference; fileEncoding = 4; lastKnownFileType = sourcecode.c.h; path = VZViewControllerLogic.h; sourceTree = "<group>"; };
		AF6825531A0B4980005E03CD /* VZViewControllerLogic.m */ = {isa = PBXFileReference; fileEncoding = 4; lastKnownFileType = sourcecode.c.objc; path = VZViewControllerLogic.m; sourceTree = "<group>"; };
		AF6825551A0B4980005E03CD /* VZHTTPListModel.h */ = {isa = PBXFileReference; fileEncoding = 4; lastKnownFileType = sourcecode.c.h; path = VZHTTPListModel.h; sourceTree = "<group>"; };
		AF6825561A0B4980005E03CD /* VZHTTPListModel.m */ = {isa = PBXFileReference; fileEncoding = 4; lastKnownFileType = sourcecode.c.objc; path = VZHTTPListModel.m; sourceTree = "<group>"; };
		AF6825571A0B4980005E03CD /* VZHTTPModel.h */ = {isa = PBXFileReference; fileEncoding = 4; lastKnownFileType = sourcecode.c.h; path = VZHTTPModel.h; sourceTree = "<group>"; };
		AF6825581A0B4980005E03CD /* VZHTTPModel.m */ = {isa = PBXFileReference; fileEncoding = 4; lastKnownFileType = sourcecode.c.objc; path = VZHTTPModel.m; sourceTree = "<group>"; };
		AF6825591A0B4980005E03CD /* VZHTTPRequest.h */ = {isa = PBXFileReference; fileEncoding = 4; lastKnownFileType = sourcecode.c.h; path = VZHTTPRequest.h; sourceTree = "<group>"; };
		AF68255A1A0B4980005E03CD /* VZHTTPRequest.m */ = {isa = PBXFileReference; fileEncoding = 4; lastKnownFileType = sourcecode.c.objc; path = VZHTTPRequest.m; sourceTree = "<group>"; };
		AF68255B1A0B4980005E03CD /* VZModel.h */ = {isa = PBXFileReference; fileEncoding = 4; lastKnownFileType = sourcecode.c.h; path = VZModel.h; sourceTree = "<group>"; };
		AF68255C1A0B4980005E03CD /* VZModel.m */ = {isa = PBXFileReference; fileEncoding = 4; lastKnownFileType = sourcecode.c.objc; path = VZModel.m; sourceTree = "<group>"; };
		AF68255E1A0B4980005E03CD /* VZFooterViewFactory.h */ = {isa = PBXFileReference; fileEncoding = 4; lastKnownFileType = sourcecode.c.h; path = VZFooterViewFactory.h; sourceTree = "<group>"; };
		AF68255F1A0B4980005E03CD /* VZFooterViewFactory.m */ = {isa = PBXFileReference; fileEncoding = 4; lastKnownFileType = sourcecode.c.objc; path = VZFooterViewFactory.m; sourceTree = "<group>"; };
		AF6825601A0B4980005E03CD /* VZListCell.h */ = {isa = PBXFileReference; fileEncoding = 4; lastKnownFileType = sourcecode.c.h; path = VZListCell.h; sourceTree = "<group>"; };
		AF6825611A0B4980005E03CD /* VZListCell.m */ = {isa = PBXFileReference; fileEncoding = 4; lastKnownFileType = sourcecode.c.objc; path = VZListCell.m; sourceTree = "<group>"; };
		AF6825621A0B4980005E03CD /* VZListDefaultErrorCell.h */ = {isa = PBXFileReference; fileEncoding = 4; lastKnownFileType = sourcecode.c.h; path = VZListDefaultErrorCell.h; sourceTree = "<group>"; };
		AF6825631A0B4980005E03CD /* VZListDefaultErrorCell.m */ = {isa = PBXFileReference; fileEncoding = 4; lastKnownFileType = sourcecode.c.objc; path = VZListDefaultErrorCell.m; sourceTree = "<group>"; };
		AF6825641A0B4980005E03CD /* VZListDefaultLoadingCell.h */ = {isa = PBXFileReference; fileEncoding = 4; lastKnownFileType = sourcecode.c.h; path = VZListDefaultLoadingCell.h; sourceTree = "<group>"; };
		AF6825651A0B4980005E03CD /* VZListDefaultLoadingCell.m */ = {isa = PBXFileReference; fileEncoding = 4; lastKnownFileType = sourcecode.c.objc; path = VZListDefaultLoadingCell.m; sourceTree = "<group>"; };
		AF6825661A0B4980005E03CD /* VZListDefaultTextCell.h */ = {isa = PBXFileReference; fileEncoding = 4; lastKnownFileType = sourcecode.c.h; path = VZListDefaultTextCell.h; sourceTree = "<group>"; };
		AF6825671A0B4980005E03CD /* VZListDefaultTextCell.m */ = {isa = PBXFileReference; fileEncoding = 4; lastKnownFileType = sourcecode.c.objc; path = VZListDefaultTextCell.m; sourceTree = "<group>"; };
		AF6825681A0B4980005E03CD /* VZView.h */ = {isa = PBXFileReference; fileEncoding = 4; lastKnownFileType = sourcecode.c.h; path = VZView.h; sourceTree = "<group>"; };
		AF6825691A0B4980005E03CD /* VZView.m */ = {isa = PBXFileReference; fileEncoding = 4; lastKnownFileType = sourcecode.c.objc; path = VZView.m; sourceTree = "<group>"; };
		AF68256A1A0B4980005E03CD /* VizzleConfig.h */ = {isa = PBXFileReference; fileEncoding = 4; lastKnownFileType = sourcecode.c.h; path = VizzleConfig.h; sourceTree = "<group>"; };
/* End PBXFileReference section */

/* Begin PBXFrameworksBuildPhase section */
		AF6825041A0B488C005E03CD /* Frameworks */ = {
			isa = PBXFrameworksBuildPhase;
			buildActionMask = 2147483647;
			files = (
			);
			runOnlyForDeploymentPostprocessing = 0;
		};
		AF68251D1A0B488D005E03CD /* Frameworks */ = {
			isa = PBXFrameworksBuildPhase;
			buildActionMask = 2147483647;
			files = (
			);
			runOnlyForDeploymentPostprocessing = 0;
		};
/* End PBXFrameworksBuildPhase section */

/* Begin PBXGroup section */
		AF6824FE1A0B488C005E03CD = {
			isa = PBXGroup;
			children = (
				AF68253B1A0B4980005E03CD /* Vizzle */,
				AF6825091A0B488C005E03CD /* VizzleTest */,
				AF6825231A0B488D005E03CD /* VizzleTestTests */,
				AF6825081A0B488C005E03CD /* Products */,
			);
			sourceTree = "<group>";
		};
		AF6825081A0B488C005E03CD /* Products */ = {
			isa = PBXGroup;
			children = (
				AF6825071A0B488C005E03CD /* VizzleTest.app */,
				AF6825201A0B488D005E03CD /* VizzleTestTests.xctest */,
			);
			name = Products;
			sourceTree = "<group>";
		};
		AF6825091A0B488C005E03CD /* VizzleTest */ = {
			isa = PBXGroup;
			children = (
				AF68250E1A0B488C005E03CD /* AppDelegate.h */,
				AF68250F1A0B488C005E03CD /* AppDelegate.m */,
				AF6825111A0B488C005E03CD /* ViewController.h */,
				AF6825121A0B488C005E03CD /* ViewController.m */,
				AF6825141A0B488C005E03CD /* Main.storyboard */,
				AF6825171A0B488C005E03CD /* Images.xcassets */,
				AF6825191A0B488C005E03CD /* LaunchScreen.xib */,
				AF68250A1A0B488C005E03CD /* Supporting Files */,
			);
			path = VizzleTest;
			sourceTree = "<group>";
		};
		AF68250A1A0B488C005E03CD /* Supporting Files */ = {
			isa = PBXGroup;
			children = (
				AF68250B1A0B488C005E03CD /* Info.plist */,
				AF68250C1A0B488C005E03CD /* main.m */,
			);
			name = "Supporting Files";
			sourceTree = "<group>";
		};
		AF6825231A0B488D005E03CD /* VizzleTestTests */ = {
			isa = PBXGroup;
			children = (
				AF6825301A0B48D9005E03CD /* controller */,
				AF6825341A0B48D9005E03CD /* model */,
				AF6825261A0B488D005E03CD /* VizzleTestTests.m */,
				AF6825241A0B488D005E03CD /* Supporting Files */,
			);
			path = VizzleTestTests;
			sourceTree = "<group>";
		};
		AF6825241A0B488D005E03CD /* Supporting Files */ = {
			isa = PBXGroup;
			children = (
				AF6825251A0B488D005E03CD /* Info.plist */,
			);
			name = "Supporting Files";
			sourceTree = "<group>";
		};
		AF6825301A0B48D9005E03CD /* controller */ = {
			isa = PBXGroup;
			children = (
				AF6825331A0B48D9005E03CD /* VZControllerTests.m */,
			);
			path = controller;
			sourceTree = "<group>";
		};
		AF6825341A0B48D9005E03CD /* model */ = {
			isa = PBXGroup;
			children = (
				AF6825361A0B48D9005E03CD /* VZModelTests.m */,
			);
			path = model;
			sourceTree = "<group>";
		};
		AF68253B1A0B4980005E03CD /* Vizzle */ = {
			isa = PBXGroup;
			children = (
				AF68253C1A0B4980005E03CD /* adapter */,
				AF68253F1A0B4980005E03CD /* controller */,
				AF6825441A0B4980005E03CD /* datasource */,
				AF6825471A0B4980005E03CD /* delegate */,
				AF68254A1A0B4980005E03CD /* item */,
				AF6825511A0B4980005E03CD /* logic */,
				AF6825541A0B4980005E03CD /* model */,
				AF68255D1A0B4980005E03CD /* view */,
				AF68256A1A0B4980005E03CD /* VizzleConfig.h */,
			);
			name = Vizzle;
			path = ../../Vizzle;
			sourceTree = "<group>";
		};
		AF68253C1A0B4980005E03CD /* adapter */ = {
			isa = PBXGroup;
			children = (
				AF68253D1A0B4980005E03CD /* VZAFRequest.h */,
				AF68253E1A0B4980005E03CD /* VZAFRequest.m */,
			);
			path = adapter;
			sourceTree = "<group>";
		};
		AF68253F1A0B4980005E03CD /* controller */ = {
			isa = PBXGroup;
			children = (
				AF6825401A0B4980005E03CD /* VZListViewController.h */,
				AF6825411A0B4980005E03CD /* VZListViewController.m */,
				AF6825421A0B4980005E03CD /* VZViewController.h */,
				AF6825431A0B4980005E03CD /* VZViewController.m */,
			);
			path = controller;
			sourceTree = "<group>";
		};
		AF6825441A0B4980005E03CD /* datasource */ = {
			isa = PBXGroup;
			children = (
				AF6825451A0B4980005E03CD /* VZListViewDataSource.h */,
				AF6825461A0B4980005E03CD /* VZListViewDataSource.m */,
			);
			path = datasource;
			sourceTree = "<group>";
		};
		AF6825471A0B4980005E03CD /* delegate */ = {
			isa = PBXGroup;
			children = (
				AF6825481A0B4980005E03CD /* VZListViewDelegate.h */,
				AF6825491A0B4980005E03CD /* VZListViewDelegate.m */,
			);
			path = delegate;
			sourceTree = "<group>";
		};
		AF68254A1A0B4980005E03CD /* item */ = {
			isa = PBXGroup;
			children = (
				AF68254B1A0B4980005E03CD /* VZItem.h */,
				AF68254C1A0B4980005E03CD /* VZItem.m */,
				AF68254D1A0B4980005E03CD /* VZListDefaultTextItem.h */,
				AF68254E1A0B4980005E03CD /* VZListDefaultTextItem.m */,
				AF68254F1A0B4980005E03CD /* VZListItem.h */,
				AF6825501A0B4980005E03CD /* VZListItem.m */,
			);
			path = item;
			sourceTree = "<group>";
		};
		AF6825511A0B4980005E03CD /* logic */ = {
			isa = PBXGroup;
			children = (
				AF6825521A0B4980005E03CD /* VZViewControllerLogic.h */,
				AF6825531A0B4980005E03CD /* VZViewControllerLogic.m */,
			);
			path = logic;
			sourceTree = "<group>";
		};
		AF6825541A0B4980005E03CD /* model */ = {
			isa = PBXGroup;
			children = (
				AF6825551A0B4980005E03CD /* VZHTTPListModel.h */,
				AF6825561A0B4980005E03CD /* VZHTTPListModel.m */,
				AF6825571A0B4980005E03CD /* VZHTTPModel.h */,
				AF6825581A0B4980005E03CD /* VZHTTPModel.m */,
				AF6825591A0B4980005E03CD /* VZHTTPRequest.h */,
				AF68255A1A0B4980005E03CD /* VZHTTPRequest.m */,
				AF68255B1A0B4980005E03CD /* VZModel.h */,
				AF68255C1A0B4980005E03CD /* VZModel.m */,
			);
			path = model;
			sourceTree = "<group>";
		};
		AF68255D1A0B4980005E03CD /* view */ = {
			isa = PBXGroup;
			children = (
				AF68255E1A0B4980005E03CD /* VZFooterViewFactory.h */,
				AF68255F1A0B4980005E03CD /* VZFooterViewFactory.m */,
				AF6825601A0B4980005E03CD /* VZListCell.h */,
				AF6825611A0B4980005E03CD /* VZListCell.m */,
				AF6825621A0B4980005E03CD /* VZListDefaultErrorCell.h */,
				AF6825631A0B4980005E03CD /* VZListDefaultErrorCell.m */,
				AF6825641A0B4980005E03CD /* VZListDefaultLoadingCell.h */,
				AF6825651A0B4980005E03CD /* VZListDefaultLoadingCell.m */,
				AF6825661A0B4980005E03CD /* VZListDefaultTextCell.h */,
				AF6825671A0B4980005E03CD /* VZListDefaultTextCell.m */,
				AF6825681A0B4980005E03CD /* VZView.h */,
				AF6825691A0B4980005E03CD /* VZView.m */,
			);
			path = view;
			sourceTree = "<group>";
		};
/* End PBXGroup section */

/* Begin PBXNativeTarget section */
		AF6825061A0B488C005E03CD /* VizzleTest */ = {
			isa = PBXNativeTarget;
			buildConfigurationList = AF68252A1A0B488D005E03CD /* Build configuration list for PBXNativeTarget "VizzleTest" */;
			buildPhases = (
				AF6825031A0B488C005E03CD /* Sources */,
				AF6825041A0B488C005E03CD /* Frameworks */,
				AF6825051A0B488C005E03CD /* Resources */,
			);
			buildRules = (
			);
			dependencies = (
			);
			name = VizzleTest;
			productName = VizzleTest;
			productReference = AF6825071A0B488C005E03CD /* VizzleTest.app */;
			productType = "com.apple.product-type.application";
		};
		AF68251F1A0B488D005E03CD /* VizzleTestTests */ = {
			isa = PBXNativeTarget;
			buildConfigurationList = AF68252D1A0B488D005E03CD /* Build configuration list for PBXNativeTarget "VizzleTestTests" */;
			buildPhases = (
				AF68251C1A0B488D005E03CD /* Sources */,
				AF68251D1A0B488D005E03CD /* Frameworks */,
				AF68251E1A0B488D005E03CD /* Resources */,
			);
			buildRules = (
			);
			dependencies = (
				AF6825221A0B488D005E03CD /* PBXTargetDependency */,
			);
			name = VizzleTestTests;
			productName = VizzleTestTests;
			productReference = AF6825201A0B488D005E03CD /* VizzleTestTests.xctest */;
			productType = "com.apple.product-type.bundle.unit-test";
		};
/* End PBXNativeTarget section */

/* Begin PBXProject section */
		AF6824FF1A0B488C005E03CD /* Project object */ = {
			isa = PBXProject;
			attributes = {
				LastUpgradeCheck = 0600;
				ORGANIZATIONNAME = VizLab;
				TargetAttributes = {
					AF6825061A0B488C005E03CD = {
						CreatedOnToolsVersion = 6.0.1;
					};
					AF68251F1A0B488D005E03CD = {
						CreatedOnToolsVersion = 6.0.1;
						TestTargetID = AF6825061A0B488C005E03CD;
					};
				};
			};
			buildConfigurationList = AF6825021A0B488C005E03CD /* Build configuration list for PBXProject "VizzleTest" */;
			compatibilityVersion = "Xcode 3.2";
			developmentRegion = English;
			hasScannedForEncodings = 0;
			knownRegions = (
				en,
				Base,
			);
			mainGroup = AF6824FE1A0B488C005E03CD;
			productRefGroup = AF6825081A0B488C005E03CD /* Products */;
			projectDirPath = "";
			projectRoot = "";
			targets = (
				AF6825061A0B488C005E03CD /* VizzleTest */,
				AF68251F1A0B488D005E03CD /* VizzleTestTests */,
			);
		};
/* End PBXProject section */

/* Begin PBXResourcesBuildPhase section */
		AF6825051A0B488C005E03CD /* Resources */ = {
			isa = PBXResourcesBuildPhase;
			buildActionMask = 2147483647;
			files = (
				AF6825161A0B488C005E03CD /* Main.storyboard in Resources */,
				AF68251B1A0B488C005E03CD /* LaunchScreen.xib in Resources */,
				AF6825181A0B488C005E03CD /* Images.xcassets in Resources */,
			);
			runOnlyForDeploymentPostprocessing = 0;
		};
		AF68251E1A0B488D005E03CD /* Resources */ = {
			isa = PBXResourcesBuildPhase;
			buildActionMask = 2147483647;
			files = (
			);
			runOnlyForDeploymentPostprocessing = 0;
		};
/* End PBXResourcesBuildPhase section */

/* Begin PBXSourcesBuildPhase section */
		AF6825031A0B488C005E03CD /* Sources */ = {
			isa = PBXSourcesBuildPhase;
			buildActionMask = 2147483647;
			files = (
				AF68256E1A0B4980005E03CD /* VZListViewDataSource.m in Sources */,
				AF6825721A0B4980005E03CD /* VZListItem.m in Sources */,
				AF68256F1A0B4980005E03CD /* VZListViewDelegate.m in Sources */,
				AF68256D1A0B4980005E03CD /* VZViewController.m in Sources */,
				AF68257C1A0B4980005E03CD /* VZListDefaultTextCell.m in Sources */,
				AF6825701A0B4980005E03CD /* VZItem.m in Sources */,
				AF68257D1A0B4980005E03CD /* VZView.m in Sources */,
				AF68257A1A0B4980005E03CD /* VZListDefaultErrorCell.m in Sources */,
				AF6825771A0B4980005E03CD /* VZModel.m in Sources */,
				AF68256C1A0B4980005E03CD /* VZListViewController.m in Sources */,
				AF68256B1A0B4980005E03CD /* VZAFRequest.m in Sources */,
				AF6825131A0B488C005E03CD /* ViewController.m in Sources */,
				AF6825791A0B4980005E03CD /* VZListCell.m in Sources */,
				AF6825741A0B4980005E03CD /* VZHTTPListModel.m in Sources */,
				AF6825761A0B4980005E03CD /* VZHTTPRequest.m in Sources */,
				AF6825101A0B488C005E03CD /* AppDelegate.m in Sources */,
				AF68250D1A0B488C005E03CD /* main.m in Sources */,
				AF6825711A0B4980005E03CD /* VZListDefaultTextItem.m in Sources */,
				AF68257B1A0B4980005E03CD /* VZListDefaultLoadingCell.m in Sources */,
				AF6825731A0B4980005E03CD /* VZViewControllerLogic.m in Sources */,
				AF6825751A0B4980005E03CD /* VZHTTPModel.m in Sources */,
				AF6825781A0B4980005E03CD /* VZFooterViewFactory.m in Sources */,
			);
			runOnlyForDeploymentPostprocessing = 0;
		};
		AF68251C1A0B488D005E03CD /* Sources */ = {
			isa = PBXSourcesBuildPhase;
			buildActionMask = 2147483647;
			files = (
				AF6825271A0B488D005E03CD /* VizzleTestTests.m in Sources */,
				AF6825381A0B48D9005E03CD /* VZControllerTests.m in Sources */,
				AF68253A1A0B48D9005E03CD /* VZModelTests.m in Sources */,
			);
			runOnlyForDeploymentPostprocessing = 0;
		};
/* End PBXSourcesBuildPhase section */

/* Begin PBXTargetDependency section */
		AF6825221A0B488D005E03CD /* PBXTargetDependency */ = {
			isa = PBXTargetDependency;
			target = AF6825061A0B488C005E03CD /* VizzleTest */;
			targetProxy = AF6825211A0B488D005E03CD /* PBXContainerItemProxy */;
		};
/* End PBXTargetDependency section */

/* Begin PBXVariantGroup section */
		AF6825141A0B488C005E03CD /* Main.storyboard */ = {
			isa = PBXVariantGroup;
			children = (
				AF6825151A0B488C005E03CD /* Base */,
			);
			name = Main.storyboard;
			sourceTree = "<group>";
		};
		AF6825191A0B488C005E03CD /* LaunchScreen.xib */ = {
			isa = PBXVariantGroup;
			children = (
				AF68251A1A0B488C005E03CD /* Base */,
			);
			name = LaunchScreen.xib;
			sourceTree = "<group>";
		};
/* End PBXVariantGroup section */

/* Begin XCBuildConfiguration section */
		AF6825281A0B488D005E03CD /* Debug */ = {
			isa = XCBuildConfiguration;
			buildSettings = {
				ALWAYS_SEARCH_USER_PATHS = NO;
				CLANG_CXX_LANGUAGE_STANDARD = "gnu++0x";
				CLANG_CXX_LIBRARY = "libc++";
				CLANG_ENABLE_MODULES = YES;
				CLANG_ENABLE_OBJC_ARC = YES;
				CLANG_WARN_BOOL_CONVERSION = YES;
				CLANG_WARN_CONSTANT_CONVERSION = YES;
				CLANG_WARN_DIRECT_OBJC_ISA_USAGE = YES_ERROR;
				CLANG_WARN_EMPTY_BODY = YES;
				CLANG_WARN_ENUM_CONVERSION = YES;
				CLANG_WARN_INT_CONVERSION = YES;
				CLANG_WARN_OBJC_ROOT_CLASS = YES_ERROR;
				CLANG_WARN_UNREACHABLE_CODE = YES;
				CLANG_WARN__DUPLICATE_METHOD_MATCH = YES;
				"CODE_SIGN_IDENTITY[sdk=iphoneos*]" = "iPhone Developer";
				COPY_PHASE_STRIP = NO;
				ENABLE_STRICT_OBJC_MSGSEND = YES;
				GCC_C_LANGUAGE_STANDARD = gnu99;
				GCC_DYNAMIC_NO_PIC = NO;
				GCC_OPTIMIZATION_LEVEL = 0;
				GCC_PREPROCESSOR_DEFINITIONS = (
					"DEBUG=1",
					"$(inherited)",
				);
				GCC_SYMBOLS_PRIVATE_EXTERN = NO;
				GCC_WARN_64_TO_32_BIT_CONVERSION = YES;
				GCC_WARN_ABOUT_RETURN_TYPE = YES_ERROR;
				GCC_WARN_UNDECLARED_SELECTOR = YES;
				GCC_WARN_UNINITIALIZED_AUTOS = YES_AGGRESSIVE;
				GCC_WARN_UNUSED_FUNCTION = YES;
				GCC_WARN_UNUSED_VARIABLE = YES;
				IPHONEOS_DEPLOYMENT_TARGET = 8.0;
				MTL_ENABLE_DEBUG_INFO = YES;
				ONLY_ACTIVE_ARCH = YES;
				SDKROOT = iphoneos;
			};
			name = Debug;
		};
		AF6825291A0B488D005E03CD /* Release */ = {
			isa = XCBuildConfiguration;
			buildSettings = {
				ALWAYS_SEARCH_USER_PATHS = NO;
				CLANG_CXX_LANGUAGE_STANDARD = "gnu++0x";
				CLANG_CXX_LIBRARY = "libc++";
				CLANG_ENABLE_MODULES = YES;
				CLANG_ENABLE_OBJC_ARC = YES;
				CLANG_WARN_BOOL_CONVERSION = YES;
				CLANG_WARN_CONSTANT_CONVERSION = YES;
				CLANG_WARN_DIRECT_OBJC_ISA_USAGE = YES_ERROR;
				CLANG_WARN_EMPTY_BODY = YES;
				CLANG_WARN_ENUM_CONVERSION = YES;
				CLANG_WARN_INT_CONVERSION = YES;
				CLANG_WARN_OBJC_ROOT_CLASS = YES_ERROR;
				CLANG_WARN_UNREACHABLE_CODE = YES;
				CLANG_WARN__DUPLICATE_METHOD_MATCH = YES;
				"CODE_SIGN_IDENTITY[sdk=iphoneos*]" = "iPhone Developer";
				COPY_PHASE_STRIP = YES;
				ENABLE_NS_ASSERTIONS = NO;
				ENABLE_STRICT_OBJC_MSGSEND = YES;
				GCC_C_LANGUAGE_STANDARD = gnu99;
				GCC_WARN_64_TO_32_BIT_CONVERSION = YES;
				GCC_WARN_ABOUT_RETURN_TYPE = YES_ERROR;
				GCC_WARN_UNDECLARED_SELECTOR = YES;
				GCC_WARN_UNINITIALIZED_AUTOS = YES_AGGRESSIVE;
				GCC_WARN_UNUSED_FUNCTION = YES;
				GCC_WARN_UNUSED_VARIABLE = YES;
				IPHONEOS_DEPLOYMENT_TARGET = 8.0;
				MTL_ENABLE_DEBUG_INFO = NO;
				SDKROOT = iphoneos;
				VALIDATE_PRODUCT = YES;
			};
			name = Release;
		};
		AF68252B1A0B488D005E03CD /* Debug */ = {
			isa = XCBuildConfiguration;
			buildSettings = {
				ASSETCATALOG_COMPILER_APPICON_NAME = AppIcon;
				INFOPLIST_FILE = VizzleTest/Info.plist;
				LD_RUNPATH_SEARCH_PATHS = "$(inherited) @executable_path/Frameworks";
				PRODUCT_NAME = "$(TARGET_NAME)";
			};
			name = Debug;
		};
		AF68252C1A0B488D005E03CD /* Release */ = {
			isa = XCBuildConfiguration;
			buildSettings = {
				ASSETCATALOG_COMPILER_APPICON_NAME = AppIcon;
				INFOPLIST_FILE = VizzleTest/Info.plist;
				LD_RUNPATH_SEARCH_PATHS = "$(inherited) @executable_path/Frameworks";
				PRODUCT_NAME = "$(TARGET_NAME)";
			};
			name = Release;
		};
		AF68252E1A0B488D005E03CD /* Debug */ = {
			isa = XCBuildConfiguration;
			buildSettings = {
				BUNDLE_LOADER = "$(TEST_HOST)";
				FRAMEWORK_SEARCH_PATHS = (
					"$(SDKROOT)/Developer/Library/Frameworks",
					"$(inherited)",
				);
				GCC_PREPROCESSOR_DEFINITIONS = (
					"DEBUG=1",
					"$(inherited)",
				);
				INFOPLIST_FILE = VizzleTestTests/Info.plist;
				LD_RUNPATH_SEARCH_PATHS = "$(inherited) @executable_path/Frameworks @loader_path/Frameworks";
				PRODUCT_NAME = "$(TARGET_NAME)";
				TEST_HOST = "$(BUILT_PRODUCTS_DIR)/VizzleTest.app/VizzleTest";
			};
			name = Debug;
		};
		AF68252F1A0B488D005E03CD /* Release */ = {
			isa = XCBuildConfiguration;
			buildSettings = {
				BUNDLE_LOADER = "$(TEST_HOST)";
				FRAMEWORK_SEARCH_PATHS = (
					"$(SDKROOT)/Developer/Library/Frameworks",
					"$(inherited)",
				);
				INFOPLIST_FILE = VizzleTestTests/Info.plist;
				LD_RUNPATH_SEARCH_PATHS = "$(inherited) @executable_path/Frameworks @loader_path/Frameworks";
				PRODUCT_NAME = "$(TARGET_NAME)";
				TEST_HOST = "$(BUILT_PRODUCTS_DIR)/VizzleTest.app/VizzleTest";
			};
			name = Release;
		};
/* End XCBuildConfiguration section */

/* Begin XCConfigurationList section */
		AF6825021A0B488C005E03CD /* Build configuration list for PBXProject "VizzleTest" */ = {
			isa = XCConfigurationList;
			buildConfigurations = (
				AF6825281A0B488D005E03CD /* Debug */,
				AF6825291A0B488D005E03CD /* Release */,
			);
			defaultConfigurationIsVisible = 0;
			defaultConfigurationName = Release;
		};
		AF68252A1A0B488D005E03CD /* Build configuration list for PBXNativeTarget "VizzleTest" */ = {
			isa = XCConfigurationList;
			buildConfigurations = (
				AF68252B1A0B488D005E03CD /* Debug */,
				AF68252C1A0B488D005E03CD /* Release */,
			);
			defaultConfigurationIsVisible = 0;
			defaultConfigurationName = Release;
		};
		AF68252D1A0B488D005E03CD /* Build configuration list for PBXNativeTarget "VizzleTestTests" */ = {
			isa = XCConfigurationList;
			buildConfigurations = (
				AF68252E1A0B488D005E03CD /* Debug */,
				AF68252F1A0B488D005E03CD /* Release */,
			);
			defaultConfigurationIsVisible = 0;
			defaultConfigurationName = Release;
		};
/* End XCConfigurationList section */
	};
	rootObject = AF6824FF1A0B488C005E03CD /* Project object */;
}
