// !$*UTF8*$!
{
	archiveVersion = 1;
	classes = {
	};
	objectVersion = 46;
	objects = {

/* Begin PBXBuildFile section */
		2BAD68904E344FB7BFC8FC63 /* libPods.a in Frameworks */ = {isa = PBXBuildFile; fileRef = 77AC2DD27F2B45EF9409DA36 /* libPods.a */; };
		4529DD351ABA99B3009347C2 /* VZAFRequest.m in Sources */ = {isa = PBXBuildFile; fileRef = 4529DCE21ABA99B3009347C2 /* VZAFRequest.m */; };
		4529DD4C1ABA99B3009347C2 /* VZHTTPListModel.m in Sources */ = {isa = PBXBuildFile; fileRef = 4529DD131ABA99B3009347C2 /* VZHTTPListModel.m */; };
		4529DD4D1ABA99B3009347C2 /* VZHTTPModel.m in Sources */ = {isa = PBXBuildFile; fileRef = 4529DD151ABA99B3009347C2 /* VZHTTPModel.m */; };
		4529DD4E1ABA99B3009347C2 /* VZHTTPRequest.m in Sources */ = {isa = PBXBuildFile; fileRef = 4529DD171ABA99B3009347C2 /* VZHTTPRequest.m */; };
		4529DD4F1ABA99B3009347C2 /* VZItem.m in Sources */ = {isa = PBXBuildFile; fileRef = 4529DD191ABA99B3009347C2 /* VZItem.m */; };
		4529DD501ABA99B3009347C2 /* VZListDefaultTextItem.m in Sources */ = {isa = PBXBuildFile; fileRef = 4529DD1B1ABA99B3009347C2 /* VZListDefaultTextItem.m */; };
		4529DD511ABA99B3009347C2 /* VZListItem.m in Sources */ = {isa = PBXBuildFile; fileRef = 4529DD1D1ABA99B3009347C2 /* VZListItem.m */; };
		4529DD521ABA99B3009347C2 /* VZModel.m in Sources */ = {isa = PBXBuildFile; fileRef = 4529DD1F1ABA99B3009347C2 /* VZModel.m */; };
		454883731BF8243A00A2426D /* VZCollectionViewController.m in Sources */ = {isa = PBXBuildFile; fileRef = 4548835F1BF8243A00A2426D /* VZCollectionViewController.m */; };
		454883741BF8243A00A2426D /* VZFooterViewFactory.m in Sources */ = {isa = PBXBuildFile; fileRef = 454883621BF8243A00A2426D /* VZFooterViewFactory.m */; };
		454883751BF8243A00A2426D /* VZListCell.m in Sources */ = {isa = PBXBuildFile; fileRef = 454883641BF8243A00A2426D /* VZListCell.m */; };
		454883761BF8243A00A2426D /* VZListDefaultErrorCell.m in Sources */ = {isa = PBXBuildFile; fileRef = 454883661BF8243A00A2426D /* VZListDefaultErrorCell.m */; };
		454883771BF8243A00A2426D /* VZListDefaultLoadingCell.m in Sources */ = {isa = PBXBuildFile; fileRef = 454883681BF8243A00A2426D /* VZListDefaultLoadingCell.m */; };
		454883781BF8243A00A2426D /* VZListDefaultTextCell.m in Sources */ = {isa = PBXBuildFile; fileRef = 4548836A1BF8243A00A2426D /* VZListDefaultTextCell.m */; };
		454883791BF8243A00A2426D /* VZListViewController.m in Sources */ = {isa = PBXBuildFile; fileRef = 4548836C1BF8243A00A2426D /* VZListViewController.m */; };
		4548837A1BF8243A00A2426D /* VZListViewDataSource.m in Sources */ = {isa = PBXBuildFile; fileRef = 4548836E1BF8243A00A2426D /* VZListViewDataSource.m */; };
		4548837B1BF8243A00A2426D /* VZListViewDelegate.m in Sources */ = {isa = PBXBuildFile; fileRef = 454883701BF8243A00A2426D /* VZListViewDelegate.m */; };
		4548837C1BF8243A00A2426D /* VZViewController.m in Sources */ = {isa = PBXBuildFile; fileRef = 454883721BF8243A00A2426D /* VZViewController.m */; };
		4548837F1BF8245200A2426D /* VZCollectionCell.m in Sources */ = {isa = PBXBuildFile; fileRef = 4548837E1BF8245200A2426D /* VZCollectionCell.m */; };
		454883821BF8247400A2426D /* VZCollectionViewDataSource.m in Sources */ = {isa = PBXBuildFile; fileRef = 454883811BF8247400A2426D /* VZCollectionViewDataSource.m */; };
		454883851BF8248300A2426D /* VZCollectionViewDelegate.m in Sources */ = {isa = PBXBuildFile; fileRef = 454883841BF8248300A2426D /* VZCollectionViewDelegate.m */; };
		454883881BF8248E00A2426D /* VZCollectionViewLayout.m in Sources */ = {isa = PBXBuildFile; fileRef = 454883871BF8248E00A2426D /* VZCollectionViewLayout.m */; };
		4548838B1BF8257800A2426D /* VZCollectionItem.m in Sources */ = {isa = PBXBuildFile; fileRef = 4548838A1BF8257800A2426D /* VZCollectionItem.m */; };
		456BE9501AFF6DBF0064FBB6 /* VZHTTPConnectionOperation.m in Sources */ = {isa = PBXBuildFile; fileRef = 456BE93F1AFF6DBF0064FBB6 /* VZHTTPConnectionOperation.m */; };
		456BE9511AFF6DBF0064FBB6 /* VZHTTPNetworkAgent.m in Sources */ = {isa = PBXBuildFile; fileRef = 456BE9411AFF6DBF0064FBB6 /* VZHTTPNetworkAgent.m */; };
		456BE9521AFF6DBF0064FBB6 /* VZHTTPNetworkSecurity.m in Sources */ = {isa = PBXBuildFile; fileRef = 456BE9441AFF6DBF0064FBB6 /* VZHTTPNetworkSecurity.m */; };
		456BE9531AFF6DBF0064FBB6 /* VZHTTPRequestGenerator.m in Sources */ = {isa = PBXBuildFile; fileRef = 456BE9461AFF6DBF0064FBB6 /* VZHTTPRequestGenerator.m */; };
		456BE9541AFF6DBF0064FBB6 /* VZHTTPResponseParser.m in Sources */ = {isa = PBXBuildFile; fileRef = 456BE9481AFF6DBF0064FBB6 /* VZHTTPResponseParser.m */; };
		456BE9551AFF6DBF0064FBB6 /* VZHTTPRunloopOperation.m in Sources */ = {isa = PBXBuildFile; fileRef = 456BE94A1AFF6DBF0064FBB6 /* VZHTTPRunloopOperation.m */; };
		456BE9561AFF6DBF0064FBB6 /* VZHTTPURLConnectionOperation.m in Sources */ = {isa = PBXBuildFile; fileRef = 456BE94C1AFF6DBF0064FBB6 /* VZHTTPURLConnectionOperation.m */; };
		456BE9571AFF6DBF0064FBB6 /* VZHTTPURLResponseCache.m in Sources */ = {isa = PBXBuildFile; fileRef = 456BE94E1AFF6DBF0064FBB6 /* VZHTTPURLResponseCache.m */; };
		456BE95A1AFF6FD20064FBB6 /* NSString+VZHTTPNetworkUtil.m in Sources */ = {isa = PBXBuildFile; fileRef = 456BE9591AFF6FD20064FBB6 /* NSString+VZHTTPNetworkUtil.m */; };
		456E13BF1C06D148003A8A44 /* BXTWImageNode.m in Sources */ = {isa = PBXBuildFile; fileRef = 456E13BE1C06D148003A8A44 /* BXTWImageNode.m */; };
		458E0D991BF96B4500D8E704 /* VZPullToRefreshControl.m in Sources */ = {isa = PBXBuildFile; fileRef = 458E0D981BF96B4500D8E704 /* VZPullToRefreshControl.m */; };
		458E0D9D1BF96CB000D8E704 /* VZPullToRefreshView.m in Sources */ = {isa = PBXBuildFile; fileRef = 458E0D9C1BF96CB000D8E704 /* VZPullToRefreshView.m */; };
		458E0DA41BF9838200D8E704 /* BXTWTripListViewLayout.m in Sources */ = {isa = PBXBuildFile; fileRef = 458E0DA31BF9838200D8E704 /* BXTWTripListViewLayout.m */; };
		458E0DA71BF984CF00D8E704 /* BXTWTripCollectionViewLayout.m in Sources */ = {isa = PBXBuildFile; fileRef = 458E0DA61BF984CF00D8E704 /* BXTWTripCollectionViewLayout.m */; };
		458E0DAA1BF9854B00D8E704 /* VZCollectionViewFlowLayout.m in Sources */ = {isa = PBXBuildFile; fileRef = 458E0DA91BF9854B00D8E704 /* VZCollectionViewFlowLayout.m */; };
		458E0DAD1BF9C46100D8E704 /* BXTWTripCollectionCell.m in Sources */ = {isa = PBXBuildFile; fileRef = 458E0DAC1BF9C46100D8E704 /* BXTWTripCollectionCell.m */; };
		45B82D141B5546110053D51C /* BXTWTripListCell.m in Sources */ = {isa = PBXBuildFile; fileRef = 45B82CFF1B5546110053D51C /* BXTWTripListCell.m */; };
		45B82D151B5546110053D51C /* twtrip_meta.json in Resources */ = {isa = PBXBuildFile; fileRef = 45B82D021B5546110053D51C /* twtrip_meta.json */; };
		45B82D161B5546110053D51C /* BXTWTripListViewController.m in Sources */ = {isa = PBXBuildFile; fileRef = 45B82D051B5546110053D51C /* BXTWTripListViewController.m */; };
		45B82D171B5546110053D51C /* BXTWTripListViewDataSource.m in Sources */ = {isa = PBXBuildFile; fileRef = 45B82D081B5546110053D51C /* BXTWTripListViewDataSource.m */; };
		45B82D181B5546110053D51C /* BXTWTripListViewDelegate.m in Sources */ = {isa = PBXBuildFile; fileRef = 45B82D0B1B5546110053D51C /* BXTWTripListViewDelegate.m */; };
		45B82D191B5546110053D51C /* BXTWTripListItem.m in Sources */ = {isa = PBXBuildFile; fileRef = 45B82D0E1B5546110053D51C /* BXTWTripListItem.m */; };
		45B82D1A1B5546110053D51C /* BXTWTripListModel.m in Sources */ = {isa = PBXBuildFile; fileRef = 45B82D111B5546110053D51C /* BXTWTripListModel.m */; };
		45B82D1D1B5548870053D51C /* default_icon@2x.jpg in Resources */ = {isa = PBXBuildFile; fileRef = 45B82D1B1B5548870053D51C /* default_icon@2x.jpg */; };
		45B82D1E1B5548870053D51C /* default_list@2x.jpg in Resources */ = {isa = PBXBuildFile; fileRef = 45B82D1C1B5548870053D51C /* default_list@2x.jpg */; };
		45CE94C61AF67BFD00144AA4 /* VZTimelineListCell.m in Sources */ = {isa = PBXBuildFile; fileRef = 45CE94A71AF67BFD00144AA4 /* VZTimelineListCell.m */; };
		45CE94C71AF67BFD00144AA4 /* timeline_meta.json in Resources */ = {isa = PBXBuildFile; fileRef = 45CE94A91AF67BFD00144AA4 /* timeline_meta.json */; };
		45CE94C81AF67BFD00144AA4 /* VZTimelineListViewController.m in Sources */ = {isa = PBXBuildFile; fileRef = 45CE94AC1AF67BFD00144AA4 /* VZTimelineListViewController.m */; };
		45CE94C91AF67BFD00144AA4 /* VZTimelineListViewDataSource.m in Sources */ = {isa = PBXBuildFile; fileRef = 45CE94AF1AF67BFD00144AA4 /* VZTimelineListViewDataSource.m */; };
		45CE94CA1AF67BFD00144AA4 /* VZTimelineListViewDelegate.m in Sources */ = {isa = PBXBuildFile; fileRef = 45CE94B21AF67BFD00144AA4 /* VZTimelineListViewDelegate.m */; };
		45CE94CB1AF67BFD00144AA4 /* VZTimelineListItem.m in Sources */ = {isa = PBXBuildFile; fileRef = 45CE94B51AF67BFD00144AA4 /* VZTimelineListItem.m */; };
		45CE94CC1AF67BFD00144AA4 /* VZTimelineListModel.m in Sources */ = {isa = PBXBuildFile; fileRef = 45CE94B81AF67BFD00144AA4 /* VZTimelineListModel.m */; };
		45CE94CD1AF67BFD00144AA4 /* placeholder@2x.png in Resources */ = {isa = PBXBuildFile; fileRef = 45CE94BA1AF67BFD00144AA4 /* placeholder@2x.png */; };
		45CE94CE1AF67BFD00144AA4 /* VZTimelineSubView.m in Sources */ = {isa = PBXBuildFile; fileRef = 45CE94BD1AF67BFD00144AA4 /* VZTimelineSubView.m */; };
		45CE94D01AF67C0A00144AA4 /* VizzleListExampleTests.m in Sources */ = {isa = PBXBuildFile; fileRef = 45CE94CF1AF67C0A00144AA4 /* VizzleListExampleTests.m */; };
		45D6F80B1C0494C200159418 /* BXTWTripAsyncCollectionCell.m in Sources */ = {isa = PBXBuildFile; fileRef = 45D6F80A1C0494C200159418 /* BXTWTripAsyncCollectionCell.m */; };
		45D6F80F1C05553200159418 /* BXTWAyncImageCache.m in Sources */ = {isa = PBXBuildFile; fileRef = 45D6F80E1C05553200159418 /* BXTWAyncImageCache.m */; };
		45D6F8121C057C5400159418 /* UIImage+ImageEffects.m in Sources */ = {isa = PBXBuildFile; fileRef = 45D6F8111C057C5400159418 /* UIImage+ImageEffects.m */; };
		45D6F8181C05838E00159418 /* BXTWAsynImageDownloader.m in Sources */ = {isa = PBXBuildFile; fileRef = 45D6F8171C05838E00159418 /* BXTWAsynImageDownloader.m */; };
		45F73EDD1B4A8AD700477595 /* VZHTTPResponseDataCache.m in Sources */ = {isa = PBXBuildFile; fileRef = 45F73EDB1B4A8AD700477595 /* VZHTTPResponseDataCache.m */; };
		AFD37A9D19D83F8F0077CE06 /* main.m in Sources */ = {isa = PBXBuildFile; fileRef = AFD37A9C19D83F8F0077CE06 /* main.m */; };
		AFD37AA019D83F8F0077CE06 /* AppDelegate.m in Sources */ = {isa = PBXBuildFile; fileRef = AFD37A9F19D83F8F0077CE06 /* AppDelegate.m */; };
		AFD37AA619D83F8F0077CE06 /* Main.storyboard in Resources */ = {isa = PBXBuildFile; fileRef = AFD37AA419D83F8F0077CE06 /* Main.storyboard */; };
		AFD37AA819D83F8F0077CE06 /* Images.xcassets in Resources */ = {isa = PBXBuildFile; fileRef = AFD37AA719D83F8F0077CE06 /* Images.xcassets */; };
		AFD37AAB19D83F8F0077CE06 /* LaunchScreen.xib in Resources */ = {isa = PBXBuildFile; fileRef = AFD37AA919D83F8F0077CE06 /* LaunchScreen.xib */; };
/* End PBXBuildFile section */

/* Begin PBXContainerItemProxy section */
		AFD37AB119D83F8F0077CE06 /* PBXContainerItemProxy */ = {
			isa = PBXContainerItemProxy;
			containerPortal = AFD37A8F19D83F8F0077CE06 /* Project object */;
			proxyType = 1;
			remoteGlobalIDString = AFD37A9619D83F8F0077CE06;
			remoteInfo = VizzleListExample;
		};
/* End PBXContainerItemProxy section */

/* Begin PBXFileReference section */
		2996E62F03080B7B5317AE8C /* Pods.release.xcconfig */ = {isa = PBXFileReference; includeInIndex = 1; lastKnownFileType = text.xcconfig; name = Pods.release.xcconfig; path = "Pods/Target Support Files/Pods/Pods.release.xcconfig"; sourceTree = "<group>"; };
		45028A651B188F0200417606 /* VZHTTPRequestInterface.h */ = {isa = PBXFileReference; fileEncoding = 4; lastKnownFileType = sourcecode.c.h; path = VZHTTPRequestInterface.h; sourceTree = "<group>"; };
		45028A661B18989F00417606 /* VZHTTPNetworkConfig.h */ = {isa = PBXFileReference; fileEncoding = 4; lastKnownFileType = sourcecode.c.h; path = VZHTTPNetworkConfig.h; sourceTree = "<group>"; };
		4529DCE11ABA99B3009347C2 /* VZAFRequest.h */ = {isa = PBXFileReference; fileEncoding = 4; lastKnownFileType = sourcecode.c.h; path = VZAFRequest.h; sourceTree = "<group>"; };
		4529DCE21ABA99B3009347C2 /* VZAFRequest.m */ = {isa = PBXFileReference; fileEncoding = 4; lastKnownFileType = sourcecode.c.objc; path = VZAFRequest.m; sourceTree = "<group>"; };
		4529DD121ABA99B3009347C2 /* VZHTTPListModel.h */ = {isa = PBXFileReference; fileEncoding = 4; lastKnownFileType = sourcecode.c.h; path = VZHTTPListModel.h; sourceTree = "<group>"; };
		4529DD131ABA99B3009347C2 /* VZHTTPListModel.m */ = {isa = PBXFileReference; fileEncoding = 4; lastKnownFileType = sourcecode.c.objc; path = VZHTTPListModel.m; sourceTree = "<group>"; };
		4529DD141ABA99B3009347C2 /* VZHTTPModel.h */ = {isa = PBXFileReference; fileEncoding = 4; lastKnownFileType = sourcecode.c.h; path = VZHTTPModel.h; sourceTree = "<group>"; };
		4529DD151ABA99B3009347C2 /* VZHTTPModel.m */ = {isa = PBXFileReference; fileEncoding = 4; lastKnownFileType = sourcecode.c.objc; path = VZHTTPModel.m; sourceTree = "<group>"; };
		4529DD161ABA99B3009347C2 /* VZHTTPRequest.h */ = {isa = PBXFileReference; fileEncoding = 4; lastKnownFileType = sourcecode.c.h; path = VZHTTPRequest.h; sourceTree = "<group>"; };
		4529DD171ABA99B3009347C2 /* VZHTTPRequest.m */ = {isa = PBXFileReference; fileEncoding = 4; lastKnownFileType = sourcecode.c.objc; path = VZHTTPRequest.m; sourceTree = "<group>"; };
		4529DD181ABA99B3009347C2 /* VZItem.h */ = {isa = PBXFileReference; fileEncoding = 4; lastKnownFileType = sourcecode.c.h; path = VZItem.h; sourceTree = "<group>"; };
		4529DD191ABA99B3009347C2 /* VZItem.m */ = {isa = PBXFileReference; fileEncoding = 4; lastKnownFileType = sourcecode.c.objc; path = VZItem.m; sourceTree = "<group>"; };
		4529DD1A1ABA99B3009347C2 /* VZListDefaultTextItem.h */ = {isa = PBXFileReference; fileEncoding = 4; lastKnownFileType = sourcecode.c.h; path = VZListDefaultTextItem.h; sourceTree = "<group>"; };
		4529DD1B1ABA99B3009347C2 /* VZListDefaultTextItem.m */ = {isa = PBXFileReference; fileEncoding = 4; lastKnownFileType = sourcecode.c.objc; path = VZListDefaultTextItem.m; sourceTree = "<group>"; };
		4529DD1C1ABA99B3009347C2 /* VZListItem.h */ = {isa = PBXFileReference; fileEncoding = 4; lastKnownFileType = sourcecode.c.h; path = VZListItem.h; sourceTree = "<group>"; };
		4529DD1D1ABA99B3009347C2 /* VZListItem.m */ = {isa = PBXFileReference; fileEncoding = 4; lastKnownFileType = sourcecode.c.objc; path = VZListItem.m; sourceTree = "<group>"; };
		4529DD1E1ABA99B3009347C2 /* VZModel.h */ = {isa = PBXFileReference; fileEncoding = 4; lastKnownFileType = sourcecode.c.h; path = VZModel.h; sourceTree = "<group>"; };
		4529DD1F1ABA99B3009347C2 /* VZModel.m */ = {isa = PBXFileReference; fileEncoding = 4; lastKnownFileType = sourcecode.c.objc; path = VZModel.m; sourceTree = "<group>"; };
		4529DD321ABA99B3009347C2 /* Vizzle.h */ = {isa = PBXFileReference; fileEncoding = 4; lastKnownFileType = sourcecode.c.h; path = Vizzle.h; sourceTree = "<group>"; };
		4548835E1BF8243A00A2426D /* VZCollectionViewController.h */ = {isa = PBXFileReference; fileEncoding = 4; lastKnownFileType = sourcecode.c.h; path = VZCollectionViewController.h; sourceTree = "<group>"; };
		4548835F1BF8243A00A2426D /* VZCollectionViewController.m */ = {isa = PBXFileReference; fileEncoding = 4; lastKnownFileType = sourcecode.c.objc; path = VZCollectionViewController.m; sourceTree = "<group>"; };
		454883611BF8243A00A2426D /* VZFooterViewFactory.h */ = {isa = PBXFileReference; fileEncoding = 4; lastKnownFileType = sourcecode.c.h; path = VZFooterViewFactory.h; sourceTree = "<group>"; };
		454883621BF8243A00A2426D /* VZFooterViewFactory.m */ = {isa = PBXFileReference; fileEncoding = 4; lastKnownFileType = sourcecode.c.objc; path = VZFooterViewFactory.m; sourceTree = "<group>"; };
		454883631BF8243A00A2426D /* VZListCell.h */ = {isa = PBXFileReference; fileEncoding = 4; lastKnownFileType = sourcecode.c.h; path = VZListCell.h; sourceTree = "<group>"; };
		454883641BF8243A00A2426D /* VZListCell.m */ = {isa = PBXFileReference; fileEncoding = 4; lastKnownFileType = sourcecode.c.objc; path = VZListCell.m; sourceTree = "<group>"; };
		454883651BF8243A00A2426D /* VZListDefaultErrorCell.h */ = {isa = PBXFileReference; fileEncoding = 4; lastKnownFileType = sourcecode.c.h; path = VZListDefaultErrorCell.h; sourceTree = "<group>"; };
		454883661BF8243A00A2426D /* VZListDefaultErrorCell.m */ = {isa = PBXFileReference; fileEncoding = 4; lastKnownFileType = sourcecode.c.objc; path = VZListDefaultErrorCell.m; sourceTree = "<group>"; };
		454883671BF8243A00A2426D /* VZListDefaultLoadingCell.h */ = {isa = PBXFileReference; fileEncoding = 4; lastKnownFileType = sourcecode.c.h; path = VZListDefaultLoadingCell.h; sourceTree = "<group>"; };
		454883681BF8243A00A2426D /* VZListDefaultLoadingCell.m */ = {isa = PBXFileReference; fileEncoding = 4; lastKnownFileType = sourcecode.c.objc; path = VZListDefaultLoadingCell.m; sourceTree = "<group>"; };
		454883691BF8243A00A2426D /* VZListDefaultTextCell.h */ = {isa = PBXFileReference; fileEncoding = 4; lastKnownFileType = sourcecode.c.h; path = VZListDefaultTextCell.h; sourceTree = "<group>"; };
		4548836A1BF8243A00A2426D /* VZListDefaultTextCell.m */ = {isa = PBXFileReference; fileEncoding = 4; lastKnownFileType = sourcecode.c.objc; path = VZListDefaultTextCell.m; sourceTree = "<group>"; };
		4548836B1BF8243A00A2426D /* VZListViewController.h */ = {isa = PBXFileReference; fileEncoding = 4; lastKnownFileType = sourcecode.c.h; path = VZListViewController.h; sourceTree = "<group>"; };
		4548836C1BF8243A00A2426D /* VZListViewController.m */ = {isa = PBXFileReference; fileEncoding = 4; lastKnownFileType = sourcecode.c.objc; path = VZListViewController.m; sourceTree = "<group>"; };
		4548836D1BF8243A00A2426D /* VZListViewDataSource.h */ = {isa = PBXFileReference; fileEncoding = 4; lastKnownFileType = sourcecode.c.h; path = VZListViewDataSource.h; sourceTree = "<group>"; };
		4548836E1BF8243A00A2426D /* VZListViewDataSource.m */ = {isa = PBXFileReference; fileEncoding = 4; lastKnownFileType = sourcecode.c.objc; path = VZListViewDataSource.m; sourceTree = "<group>"; };
		4548836F1BF8243A00A2426D /* VZListViewDelegate.h */ = {isa = PBXFileReference; fileEncoding = 4; lastKnownFileType = sourcecode.c.h; path = VZListViewDelegate.h; sourceTree = "<group>"; };
		454883701BF8243A00A2426D /* VZListViewDelegate.m */ = {isa = PBXFileReference; fileEncoding = 4; lastKnownFileType = sourcecode.c.objc; path = VZListViewDelegate.m; sourceTree = "<group>"; };
		454883711BF8243A00A2426D /* VZViewController.h */ = {isa = PBXFileReference; fileEncoding = 4; lastKnownFileType = sourcecode.c.h; path = VZViewController.h; sourceTree = "<group>"; };
		454883721BF8243A00A2426D /* VZViewController.m */ = {isa = PBXFileReference; fileEncoding = 4; lastKnownFileType = sourcecode.c.objc; path = VZViewController.m; sourceTree = "<group>"; };
		4548837D1BF8245200A2426D /* VZCollectionCell.h */ = {isa = PBXFileReference; fileEncoding = 4; lastKnownFileType = sourcecode.c.h; path = VZCollectionCell.h; sourceTree = "<group>"; };
		4548837E1BF8245200A2426D /* VZCollectionCell.m */ = {isa = PBXFileReference; fileEncoding = 4; lastKnownFileType = sourcecode.c.objc; path = VZCollectionCell.m; sourceTree = "<group>"; };
		454883801BF8247400A2426D /* VZCollectionViewDataSource.h */ = {isa = PBXFileReference; fileEncoding = 4; lastKnownFileType = sourcecode.c.h; path = VZCollectionViewDataSource.h; sourceTree = "<group>"; };
		454883811BF8247400A2426D /* VZCollectionViewDataSource.m */ = {isa = PBXFileReference; fileEncoding = 4; lastKnownFileType = sourcecode.c.objc; path = VZCollectionViewDataSource.m; sourceTree = "<group>"; };
		454883831BF8248300A2426D /* VZCollectionViewDelegate.h */ = {isa = PBXFileReference; fileEncoding = 4; lastKnownFileType = sourcecode.c.h; path = VZCollectionViewDelegate.h; sourceTree = "<group>"; };
		454883841BF8248300A2426D /* VZCollectionViewDelegate.m */ = {isa = PBXFileReference; fileEncoding = 4; lastKnownFileType = sourcecode.c.objc; path = VZCollectionViewDelegate.m; sourceTree = "<group>"; };
		454883861BF8248E00A2426D /* VZCollectionViewLayout.h */ = {isa = PBXFileReference; fileEncoding = 4; lastKnownFileType = sourcecode.c.h; path = VZCollectionViewLayout.h; sourceTree = "<group>"; };
		454883871BF8248E00A2426D /* VZCollectionViewLayout.m */ = {isa = PBXFileReference; fileEncoding = 4; lastKnownFileType = sourcecode.c.objc; path = VZCollectionViewLayout.m; sourceTree = "<group>"; };
		454883891BF8257800A2426D /* VZCollectionItem.h */ = {isa = PBXFileReference; fileEncoding = 4; lastKnownFileType = sourcecode.c.h; path = VZCollectionItem.h; sourceTree = "<group>"; };
		4548838A1BF8257800A2426D /* VZCollectionItem.m */ = {isa = PBXFileReference; fileEncoding = 4; lastKnownFileType = sourcecode.c.objc; path = VZCollectionItem.m; sourceTree = "<group>"; };
		4548838C1BF825EF00A2426D /* VZCollectionViewLayoutInterface.h */ = {isa = PBXFileReference; fileEncoding = 4; lastKnownFileType = sourcecode.c.h; path = VZCollectionViewLayoutInterface.h; sourceTree = "<group>"; };
		456BE93E1AFF6DBF0064FBB6 /* VZHTTPConnectionOperation.h */ = {isa = PBXFileReference; fileEncoding = 4; lastKnownFileType = sourcecode.c.h; path = VZHTTPConnectionOperation.h; sourceTree = "<group>"; };
		456BE93F1AFF6DBF0064FBB6 /* VZHTTPConnectionOperation.m */ = {isa = PBXFileReference; fileEncoding = 4; lastKnownFileType = sourcecode.c.objc; path = VZHTTPConnectionOperation.m; sourceTree = "<group>"; };
		456BE9401AFF6DBF0064FBB6 /* VZHTTPNetworkAgent.h */ = {isa = PBXFileReference; fileEncoding = 4; lastKnownFileType = sourcecode.c.h; path = VZHTTPNetworkAgent.h; sourceTree = "<group>"; };
		456BE9411AFF6DBF0064FBB6 /* VZHTTPNetworkAgent.m */ = {isa = PBXFileReference; fileEncoding = 4; lastKnownFileType = sourcecode.c.objc; path = VZHTTPNetworkAgent.m; sourceTree = "<group>"; };
		456BE9421AFF6DBF0064FBB6 /* VZHTTPNetwork.h */ = {isa = PBXFileReference; fileEncoding = 4; lastKnownFileType = sourcecode.c.h; path = VZHTTPNetwork.h; sourceTree = "<group>"; };
		456BE9431AFF6DBF0064FBB6 /* VZHTTPNetworkSecurity.h */ = {isa = PBXFileReference; fileEncoding = 4; lastKnownFileType = sourcecode.c.h; path = VZHTTPNetworkSecurity.h; sourceTree = "<group>"; };
		456BE9441AFF6DBF0064FBB6 /* VZHTTPNetworkSecurity.m */ = {isa = PBXFileReference; fileEncoding = 4; lastKnownFileType = sourcecode.c.objc; path = VZHTTPNetworkSecurity.m; sourceTree = "<group>"; };
		456BE9451AFF6DBF0064FBB6 /* VZHTTPRequestGenerator.h */ = {isa = PBXFileReference; fileEncoding = 4; lastKnownFileType = sourcecode.c.h; path = VZHTTPRequestGenerator.h; sourceTree = "<group>"; };
		456BE9461AFF6DBF0064FBB6 /* VZHTTPRequestGenerator.m */ = {isa = PBXFileReference; fileEncoding = 4; lastKnownFileType = sourcecode.c.objc; path = VZHTTPRequestGenerator.m; sourceTree = "<group>"; };
		456BE9471AFF6DBF0064FBB6 /* VZHTTPResponseParser.h */ = {isa = PBXFileReference; fileEncoding = 4; lastKnownFileType = sourcecode.c.h; path = VZHTTPResponseParser.h; sourceTree = "<group>"; };
		456BE9481AFF6DBF0064FBB6 /* VZHTTPResponseParser.m */ = {isa = PBXFileReference; fileEncoding = 4; lastKnownFileType = sourcecode.c.objc; path = VZHTTPResponseParser.m; sourceTree = "<group>"; };
		456BE9491AFF6DBF0064FBB6 /* VZHTTPRunloopOperation.h */ = {isa = PBXFileReference; fileEncoding = 4; lastKnownFileType = sourcecode.c.h; path = VZHTTPRunloopOperation.h; sourceTree = "<group>"; };
		456BE94A1AFF6DBF0064FBB6 /* VZHTTPRunloopOperation.m */ = {isa = PBXFileReference; fileEncoding = 4; lastKnownFileType = sourcecode.c.objc; path = VZHTTPRunloopOperation.m; sourceTree = "<group>"; };
		456BE94B1AFF6DBF0064FBB6 /* VZHTTPURLConnectionOperation.h */ = {isa = PBXFileReference; fileEncoding = 4; lastKnownFileType = sourcecode.c.h; path = VZHTTPURLConnectionOperation.h; sourceTree = "<group>"; };
		456BE94C1AFF6DBF0064FBB6 /* VZHTTPURLConnectionOperation.m */ = {isa = PBXFileReference; fileEncoding = 4; lastKnownFileType = sourcecode.c.objc; path = VZHTTPURLConnectionOperation.m; sourceTree = "<group>"; };
		456BE94D1AFF6DBF0064FBB6 /* VZHTTPURLResponseCache.h */ = {isa = PBXFileReference; fileEncoding = 4; lastKnownFileType = sourcecode.c.h; path = VZHTTPURLResponseCache.h; sourceTree = "<group>"; };
		456BE94E1AFF6DBF0064FBB6 /* VZHTTPURLResponseCache.m */ = {isa = PBXFileReference; fileEncoding = 4; lastKnownFileType = sourcecode.c.objc; path = VZHTTPURLResponseCache.m; sourceTree = "<group>"; };
		456BE9581AFF6FD20064FBB6 /* NSString+VZHTTPNetworkUtil.h */ = {isa = PBXFileReference; fileEncoding = 4; lastKnownFileType = sourcecode.c.h; path = "NSString+VZHTTPNetworkUtil.h"; sourceTree = "<group>"; };
		456BE9591AFF6FD20064FBB6 /* NSString+VZHTTPNetworkUtil.m */ = {isa = PBXFileReference; fileEncoding = 4; lastKnownFileType = sourcecode.c.objc; path = "NSString+VZHTTPNetworkUtil.m"; sourceTree = "<group>"; };
		456E13BD1C06D148003A8A44 /* BXTWImageNode.h */ = {isa = PBXFileReference; fileEncoding = 4; lastKnownFileType = sourcecode.c.h; path = BXTWImageNode.h; sourceTree = "<group>"; };
		456E13BE1C06D148003A8A44 /* BXTWImageNode.m */ = {isa = PBXFileReference; fileEncoding = 4; lastKnownFileType = sourcecode.c.objc; path = BXTWImageNode.m; sourceTree = "<group>"; };
		458E0D971BF96B4500D8E704 /* VZPullToRefreshControl.h */ = {isa = PBXFileReference; fileEncoding = 4; lastKnownFileType = sourcecode.c.h; path = VZPullToRefreshControl.h; sourceTree = "<group>"; };
		458E0D981BF96B4500D8E704 /* VZPullToRefreshControl.m */ = {isa = PBXFileReference; fileEncoding = 4; lastKnownFileType = sourcecode.c.objc; path = VZPullToRefreshControl.m; sourceTree = "<group>"; };
		458E0D9B1BF96CB000D8E704 /* VZPullToRefreshView.h */ = {isa = PBXFileReference; fileEncoding = 4; lastKnownFileType = sourcecode.c.h; path = VZPullToRefreshView.h; sourceTree = "<group>"; };
		458E0D9C1BF96CB000D8E704 /* VZPullToRefreshView.m */ = {isa = PBXFileReference; fileEncoding = 4; lastKnownFileType = sourcecode.c.objc; path = VZPullToRefreshView.m; sourceTree = "<group>"; };
		458E0D9F1BF970FD00D8E704 /* VZPullToRefreshControlInterface.h */ = {isa = PBXFileReference; fileEncoding = 4; lastKnownFileType = sourcecode.c.h; path = VZPullToRefreshControlInterface.h; sourceTree = "<group>"; };
		458E0DA01BF971E600D8E704 /* VZCellActionInterface.h */ = {isa = PBXFileReference; fileEncoding = 4; lastKnownFileType = sourcecode.c.h; path = VZCellActionInterface.h; sourceTree = "<group>"; };
		458E0DA21BF9838200D8E704 /* BXTWTripListViewLayout.h */ = {isa = PBXFileReference; fileEncoding = 4; lastKnownFileType = sourcecode.c.h; path = BXTWTripListViewLayout.h; sourceTree = "<group>"; };
		458E0DA31BF9838200D8E704 /* BXTWTripListViewLayout.m */ = {isa = PBXFileReference; fileEncoding = 4; lastKnownFileType = sourcecode.c.objc; path = BXTWTripListViewLayout.m; sourceTree = "<group>"; };
		458E0DA51BF984CF00D8E704 /* BXTWTripCollectionViewLayout.h */ = {isa = PBXFileReference; fileEncoding = 4; lastKnownFileType = sourcecode.c.h; path = BXTWTripCollectionViewLayout.h; sourceTree = "<group>"; };
		458E0DA61BF984CF00D8E704 /* BXTWTripCollectionViewLayout.m */ = {isa = PBXFileReference; fileEncoding = 4; lastKnownFileType = sourcecode.c.objc; path = BXTWTripCollectionViewLayout.m; sourceTree = "<group>"; };
		458E0DA81BF9854B00D8E704 /* VZCollectionViewFlowLayout.h */ = {isa = PBXFileReference; fileEncoding = 4; lastKnownFileType = sourcecode.c.h; path = VZCollectionViewFlowLayout.h; sourceTree = "<group>"; };
		458E0DA91BF9854B00D8E704 /* VZCollectionViewFlowLayout.m */ = {isa = PBXFileReference; fileEncoding = 4; lastKnownFileType = sourcecode.c.objc; path = VZCollectionViewFlowLayout.m; sourceTree = "<group>"; };
		458E0DAB1BF9C46100D8E704 /* BXTWTripCollectionCell.h */ = {isa = PBXFileReference; fileEncoding = 4; lastKnownFileType = sourcecode.c.h; path = BXTWTripCollectionCell.h; sourceTree = "<group>"; };
		458E0DAC1BF9C46100D8E704 /* BXTWTripCollectionCell.m */ = {isa = PBXFileReference; fileEncoding = 4; lastKnownFileType = sourcecode.c.objc; path = BXTWTripCollectionCell.m; sourceTree = "<group>"; };
		45B82CFE1B5546110053D51C /* BXTWTripListCell.h */ = {isa = PBXFileReference; fileEncoding = 4; lastKnownFileType = sourcecode.c.h; path = BXTWTripListCell.h; sourceTree = "<group>"; };
		45B82CFF1B5546110053D51C /* BXTWTripListCell.m */ = {isa = PBXFileReference; fileEncoding = 4; lastKnownFileType = sourcecode.c.objc; path = BXTWTripListCell.m; sourceTree = "<group>"; };
		45B82D011B5546110053D51C /* BXTWTripConfig.h */ = {isa = PBXFileReference; fileEncoding = 4; lastKnownFileType = sourcecode.c.h; path = BXTWTripConfig.h; sourceTree = "<group>"; };
		45B82D021B5546110053D51C /* twtrip_meta.json */ = {isa = PBXFileReference; fileEncoding = 4; lastKnownFileType = text.json; path = twtrip_meta.json; sourceTree = "<group>"; };
		45B82D041B5546110053D51C /* BXTWTripListViewController.h */ = {isa = PBXFileReference; fileEncoding = 4; lastKnownFileType = sourcecode.c.h; path = BXTWTripListViewController.h; sourceTree = "<group>"; };
		45B82D051B5546110053D51C /* BXTWTripListViewController.m */ = {isa = PBXFileReference; fileEncoding = 4; lastKnownFileType = sourcecode.c.objc; path = BXTWTripListViewController.m; sourceTree = "<group>"; };
		45B82D071B5546110053D51C /* BXTWTripListViewDataSource.h */ = {isa = PBXFileReference; fileEncoding = 4; lastKnownFileType = sourcecode.c.h; path = BXTWTripListViewDataSource.h; sourceTree = "<group>"; };
		45B82D081B5546110053D51C /* BXTWTripListViewDataSource.m */ = {isa = PBXFileReference; fileEncoding = 4; lastKnownFileType = sourcecode.c.objc; path = BXTWTripListViewDataSource.m; sourceTree = "<group>"; };
		45B82D0A1B5546110053D51C /* BXTWTripListViewDelegate.h */ = {isa = PBXFileReference; fileEncoding = 4; lastKnownFileType = sourcecode.c.h; path = BXTWTripListViewDelegate.h; sourceTree = "<group>"; };
		45B82D0B1B5546110053D51C /* BXTWTripListViewDelegate.m */ = {isa = PBXFileReference; fileEncoding = 4; lastKnownFileType = sourcecode.c.objc; path = BXTWTripListViewDelegate.m; sourceTree = "<group>"; };
		45B82D0D1B5546110053D51C /* BXTWTripListItem.h */ = {isa = PBXFileReference; fileEncoding = 4; lastKnownFileType = sourcecode.c.h; path = BXTWTripListItem.h; sourceTree = "<group>"; };
		45B82D0E1B5546110053D51C /* BXTWTripListItem.m */ = {isa = PBXFileReference; fileEncoding = 4; lastKnownFileType = sourcecode.c.objc; path = BXTWTripListItem.m; sourceTree = "<group>"; };
		45B82D101B5546110053D51C /* BXTWTripListModel.h */ = {isa = PBXFileReference; fileEncoding = 4; lastKnownFileType = sourcecode.c.h; path = BXTWTripListModel.h; sourceTree = "<group>"; };
		45B82D111B5546110053D51C /* BXTWTripListModel.m */ = {isa = PBXFileReference; fileEncoding = 4; lastKnownFileType = sourcecode.c.objc; path = BXTWTripListModel.m; sourceTree = "<group>"; };
		45B82D1B1B5548870053D51C /* default_icon@2x.jpg */ = {isa = PBXFileReference; lastKnownFileType = image.jpeg; path = "default_icon@2x.jpg"; sourceTree = "<group>"; };
		45B82D1C1B5548870053D51C /* default_list@2x.jpg */ = {isa = PBXFileReference; lastKnownFileType = image.jpeg; path = "default_list@2x.jpg"; sourceTree = "<group>"; };
		45CE94A61AF67BFD00144AA4 /* VZTimelineListCell.h */ = {isa = PBXFileReference; fileEncoding = 4; lastKnownFileType = sourcecode.c.h; path = VZTimelineListCell.h; sourceTree = "<group>"; };
		45CE94A71AF67BFD00144AA4 /* VZTimelineListCell.m */ = {isa = PBXFileReference; fileEncoding = 4; lastKnownFileType = sourcecode.c.objc; path = VZTimelineListCell.m; sourceTree = "<group>"; };
		45CE94A91AF67BFD00144AA4 /* timeline_meta.json */ = {isa = PBXFileReference; fileEncoding = 4; lastKnownFileType = text.json; path = timeline_meta.json; sourceTree = "<group>"; };
		45CE94AB1AF67BFD00144AA4 /* VZTimelineListViewController.h */ = {isa = PBXFileReference; fileEncoding = 4; lastKnownFileType = sourcecode.c.h; path = VZTimelineListViewController.h; sourceTree = "<group>"; };
		45CE94AC1AF67BFD00144AA4 /* VZTimelineListViewController.m */ = {isa = PBXFileReference; fileEncoding = 4; lastKnownFileType = sourcecode.c.objc; path = VZTimelineListViewController.m; sourceTree = "<group>"; };
		45CE94AE1AF67BFD00144AA4 /* VZTimelineListViewDataSource.h */ = {isa = PBXFileReference; fileEncoding = 4; lastKnownFileType = sourcecode.c.h; path = VZTimelineListViewDataSource.h; sourceTree = "<group>"; };
		45CE94AF1AF67BFD00144AA4 /* VZTimelineListViewDataSource.m */ = {isa = PBXFileReference; fileEncoding = 4; lastKnownFileType = sourcecode.c.objc; path = VZTimelineListViewDataSource.m; sourceTree = "<group>"; };
		45CE94B11AF67BFD00144AA4 /* VZTimelineListViewDelegate.h */ = {isa = PBXFileReference; fileEncoding = 4; lastKnownFileType = sourcecode.c.h; path = VZTimelineListViewDelegate.h; sourceTree = "<group>"; };
		45CE94B21AF67BFD00144AA4 /* VZTimelineListViewDelegate.m */ = {isa = PBXFileReference; fileEncoding = 4; lastKnownFileType = sourcecode.c.objc; path = VZTimelineListViewDelegate.m; sourceTree = "<group>"; };
		45CE94B41AF67BFD00144AA4 /* VZTimelineListItem.h */ = {isa = PBXFileReference; fileEncoding = 4; lastKnownFileType = sourcecode.c.h; path = VZTimelineListItem.h; sourceTree = "<group>"; };
		45CE94B51AF67BFD00144AA4 /* VZTimelineListItem.m */ = {isa = PBXFileReference; fileEncoding = 4; lastKnownFileType = sourcecode.c.objc; path = VZTimelineListItem.m; sourceTree = "<group>"; };
		45CE94B71AF67BFD00144AA4 /* VZTimelineListModel.h */ = {isa = PBXFileReference; fileEncoding = 4; lastKnownFileType = sourcecode.c.h; path = VZTimelineListModel.h; sourceTree = "<group>"; };
		45CE94B81AF67BFD00144AA4 /* VZTimelineListModel.m */ = {isa = PBXFileReference; fileEncoding = 4; lastKnownFileType = sourcecode.c.objc; path = VZTimelineListModel.m; sourceTree = "<group>"; };
		45CE94BA1AF67BFD00144AA4 /* placeholder@2x.png */ = {isa = PBXFileReference; lastKnownFileType = image.png; path = "placeholder@2x.png"; sourceTree = "<group>"; };
		45CE94BC1AF67BFD00144AA4 /* VZTimelineSubView.h */ = {isa = PBXFileReference; fileEncoding = 4; lastKnownFileType = sourcecode.c.h; path = VZTimelineSubView.h; sourceTree = "<group>"; };
		45CE94BD1AF67BFD00144AA4 /* VZTimelineSubView.m */ = {isa = PBXFileReference; fileEncoding = 4; lastKnownFileType = sourcecode.c.objc; path = VZTimelineSubView.m; sourceTree = "<group>"; };
		45CE94CF1AF67C0A00144AA4 /* VizzleListExampleTests.m */ = {isa = PBXFileReference; fileEncoding = 4; lastKnownFileType = sourcecode.c.objc; path = VizzleListExampleTests.m; sourceTree = "<group>"; };
		45D6F8091C0494C200159418 /* BXTWTripAsyncCollectionCell.h */ = {isa = PBXFileReference; fileEncoding = 4; lastKnownFileType = sourcecode.c.h; path = BXTWTripAsyncCollectionCell.h; sourceTree = "<group>"; };
		45D6F80A1C0494C200159418 /* BXTWTripAsyncCollectionCell.m */ = {isa = PBXFileReference; fileEncoding = 4; lastKnownFileType = sourcecode.c.objc; path = BXTWTripAsyncCollectionCell.m; sourceTree = "<group>"; };
		45D6F80D1C05553200159418 /* BXTWAyncImageCache.h */ = {isa = PBXFileReference; fileEncoding = 4; lastKnownFileType = sourcecode.c.h; path = BXTWAyncImageCache.h; sourceTree = "<group>"; };
		45D6F80E1C05553200159418 /* BXTWAyncImageCache.m */ = {isa = PBXFileReference; fileEncoding = 4; lastKnownFileType = sourcecode.c.objc; path = BXTWAyncImageCache.m; sourceTree = "<group>"; };
		45D6F8101C057C5400159418 /* UIImage+ImageEffects.h */ = {isa = PBXFileReference; fileEncoding = 4; lastKnownFileType = sourcecode.c.h; path = "UIImage+ImageEffects.h"; sourceTree = "<group>"; };
		45D6F8111C057C5400159418 /* UIImage+ImageEffects.m */ = {isa = PBXFileReference; fileEncoding = 4; lastKnownFileType = sourcecode.c.objc; path = "UIImage+ImageEffects.m"; sourceTree = "<group>"; };
		45D6F8161C05838E00159418 /* BXTWAsynImageDownloader.h */ = {isa = PBXFileReference; fileEncoding = 4; lastKnownFileType = sourcecode.c.h; path = BXTWAsynImageDownloader.h; sourceTree = "<group>"; };
		45D6F8171C05838E00159418 /* BXTWAsynImageDownloader.m */ = {isa = PBXFileReference; fileEncoding = 4; lastKnownFileType = sourcecode.c.objc; path = BXTWAsynImageDownloader.m; sourceTree = "<group>"; };
		45D78B981C02B699001C5918 /* VZCollectionViewConfig.h */ = {isa = PBXFileReference; lastKnownFileType = sourcecode.c.h; path = VZCollectionViewConfig.h; sourceTree = "<group>"; };
		45F73EDA1B4A8AD700477595 /* VZHTTPResponseDataCache.h */ = {isa = PBXFileReference; fileEncoding = 4; lastKnownFileType = sourcecode.c.h; path = VZHTTPResponseDataCache.h; sourceTree = "<group>"; };
		45F73EDB1B4A8AD700477595 /* VZHTTPResponseDataCache.m */ = {isa = PBXFileReference; fileEncoding = 4; lastKnownFileType = sourcecode.c.objc; path = VZHTTPResponseDataCache.m; sourceTree = "<group>"; };
		45F73EFC1B4A990200477595 /* VZHTTPResponseDataCacheInterface.h */ = {isa = PBXFileReference; fileEncoding = 4; lastKnownFileType = sourcecode.c.h; path = VZHTTPResponseDataCacheInterface.h; sourceTree = "<group>"; };
		45F73EFF1B4A9BAD00477595 /* VZAssert.h */ = {isa = PBXFileReference; fileEncoding = 4; lastKnownFileType = sourcecode.c.h; path = VZAssert.h; sourceTree = "<group>"; };
		77AC2DD27F2B45EF9409DA36 /* libPods.a */ = {isa = PBXFileReference; explicitFileType = archive.ar; includeInIndex = 0; path = libPods.a; sourceTree = BUILT_PRODUCTS_DIR; };
		AFD37A9719D83F8F0077CE06 /* VizzleListExample.app */ = {isa = PBXFileReference; explicitFileType = wrapper.application; includeInIndex = 0; path = VizzleListExample.app; sourceTree = BUILT_PRODUCTS_DIR; };
		AFD37A9B19D83F8F0077CE06 /* Info.plist */ = {isa = PBXFileReference; lastKnownFileType = text.plist.xml; path = Info.plist; sourceTree = "<group>"; };
		AFD37A9C19D83F8F0077CE06 /* main.m */ = {isa = PBXFileReference; lastKnownFileType = sourcecode.c.objc; path = main.m; sourceTree = "<group>"; };
		AFD37A9E19D83F8F0077CE06 /* AppDelegate.h */ = {isa = PBXFileReference; lastKnownFileType = sourcecode.c.h; path = AppDelegate.h; sourceTree = "<group>"; };
		AFD37A9F19D83F8F0077CE06 /* AppDelegate.m */ = {isa = PBXFileReference; lastKnownFileType = sourcecode.c.objc; path = AppDelegate.m; sourceTree = "<group>"; };
		AFD37AA519D83F8F0077CE06 /* Base */ = {isa = PBXFileReference; lastKnownFileType = file.storyboard; name = Base; path = Base.lproj/Main.storyboard; sourceTree = "<group>"; };
		AFD37AA719D83F8F0077CE06 /* Images.xcassets */ = {isa = PBXFileReference; lastKnownFileType = folder.assetcatalog; path = Images.xcassets; sourceTree = "<group>"; };
		AFD37AAA19D83F8F0077CE06 /* Base */ = {isa = PBXFileReference; lastKnownFileType = file.xib; name = Base; path = Base.lproj/LaunchScreen.xib; sourceTree = "<group>"; };
		AFD37AB019D83F8F0077CE06 /* VizzleListExampleTests.xctest */ = {isa = PBXFileReference; explicitFileType = wrapper.cfbundle; includeInIndex = 0; path = VizzleListExampleTests.xctest; sourceTree = BUILT_PRODUCTS_DIR; };
		AFD37AB519D83F8F0077CE06 /* Info.plist */ = {isa = PBXFileReference; lastKnownFileType = text.plist.xml; path = Info.plist; sourceTree = "<group>"; };
		AFD37BB919D845FC0077CE06 /* PreComplie.pch */ = {isa = PBXFileReference; fileEncoding = 4; lastKnownFileType = sourcecode.c.h; path = PreComplie.pch; sourceTree = SOURCE_ROOT; };
		C4CAB74A795766657C59AD0D /* Pods.debug.xcconfig */ = {isa = PBXFileReference; includeInIndex = 1; lastKnownFileType = text.xcconfig; name = Pods.debug.xcconfig; path = "Pods/Target Support Files/Pods/Pods.debug.xcconfig"; sourceTree = "<group>"; };
/* End PBXFileReference section */

/* Begin PBXFrameworksBuildPhase section */
		AFD37A9419D83F8F0077CE06 /* Frameworks */ = {
			isa = PBXFrameworksBuildPhase;
			buildActionMask = 2147483647;
			files = (
				2BAD68904E344FB7BFC8FC63 /* libPods.a in Frameworks */,
			);
			runOnlyForDeploymentPostprocessing = 0;
		};
		AFD37AAD19D83F8F0077CE06 /* Frameworks */ = {
			isa = PBXFrameworksBuildPhase;
			buildActionMask = 2147483647;
			files = (
			);
			runOnlyForDeploymentPostprocessing = 0;
		};
/* End PBXFrameworksBuildPhase section */

/* Begin PBXGroup section */
		24EF61D14ACFB75B65251F9A /* Pods */ = {
			isa = PBXGroup;
			children = (
				C4CAB74A795766657C59AD0D /* Pods.debug.xcconfig */,
				2996E62F03080B7B5317AE8C /* Pods.release.xcconfig */,
			);
			name = Pods;
			sourceTree = "<group>";
		};
		3F7B738153274CE0AB99888E /* Frameworks */ = {
			isa = PBXGroup;
			children = (
				77AC2DD27F2B45EF9409DA36 /* libPods.a */,
			);
			name = Frameworks;
			sourceTree = "<group>";
		};
		4529DCDF1ABA99B3009347C2 /* Vizzle */ = {
			isa = PBXGroup;
			children = (
				45F73EFE1B4A9BAD00477595 /* core */,
				4548835C1BF8243A00A2426D /* components */,
				4529DCE01ABA99B3009347C2 /* adapter */,
				4529DD111ABA99B3009347C2 /* model */,
				4529DD321ABA99B3009347C2 /* Vizzle.h */,
			);
			name = Vizzle;
			path = ../../Vizzle;
			sourceTree = "<group>";
		};
		4529DCE01ABA99B3009347C2 /* adapter */ = {
			isa = PBXGroup;
			children = (
				4529DCE11ABA99B3009347C2 /* VZAFRequest.h */,
				4529DCE21ABA99B3009347C2 /* VZAFRequest.m */,
			);
			path = adapter;
			sourceTree = "<group>";
		};
		4529DD111ABA99B3009347C2 /* model */ = {
			isa = PBXGroup;
			children = (
				456BE93A1AFF6DBF0064FBB6 /* VZNetwork */,
				45F73EFC1B4A990200477595 /* VZHTTPResponseDataCacheInterface.h */,
				45F73EDA1B4A8AD700477595 /* VZHTTPResponseDataCache.h */,
				45F73EDB1B4A8AD700477595 /* VZHTTPResponseDataCache.m */,
				45028A661B18989F00417606 /* VZHTTPNetworkConfig.h */,
				45028A651B188F0200417606 /* VZHTTPRequestInterface.h */,
				4529DD121ABA99B3009347C2 /* VZHTTPListModel.h */,
				4529DD131ABA99B3009347C2 /* VZHTTPListModel.m */,
				4529DD141ABA99B3009347C2 /* VZHTTPModel.h */,
				4529DD151ABA99B3009347C2 /* VZHTTPModel.m */,
				4529DD161ABA99B3009347C2 /* VZHTTPRequest.h */,
				4529DD171ABA99B3009347C2 /* VZHTTPRequest.m */,
				4529DD181ABA99B3009347C2 /* VZItem.h */,
				4529DD191ABA99B3009347C2 /* VZItem.m */,
				4529DD1A1ABA99B3009347C2 /* VZListDefaultTextItem.h */,
				4529DD1B1ABA99B3009347C2 /* VZListDefaultTextItem.m */,
				4529DD1C1ABA99B3009347C2 /* VZListItem.h */,
				4529DD1D1ABA99B3009347C2 /* VZListItem.m */,
				4529DD1E1ABA99B3009347C2 /* VZModel.h */,
				4529DD1F1ABA99B3009347C2 /* VZModel.m */,
			);
			path = model;
			sourceTree = "<group>";
		};
		4548835C1BF8243A00A2426D /* components */ = {
			isa = PBXGroup;
			children = (
				458E0D9E1BF970EA00D8E704 /* protocols */,
				458E0D961BF96B2E00D8E704 /* refresh */,
				4548835D1BF8243A00A2426D /* collection */,
				454883601BF8243A00A2426D /* list */,
			);
			path = components;
			sourceTree = "<group>";
		};
		4548835D1BF8243A00A2426D /* collection */ = {
			isa = PBXGroup;
			children = (
				4548835E1BF8243A00A2426D /* VZCollectionViewController.h */,
				4548835F1BF8243A00A2426D /* VZCollectionViewController.m */,
				454883891BF8257800A2426D /* VZCollectionItem.h */,
				4548838A1BF8257800A2426D /* VZCollectionItem.m */,
				4548837D1BF8245200A2426D /* VZCollectionCell.h */,
				4548837E1BF8245200A2426D /* VZCollectionCell.m */,
				454883801BF8247400A2426D /* VZCollectionViewDataSource.h */,
				454883811BF8247400A2426D /* VZCollectionViewDataSource.m */,
				454883831BF8248300A2426D /* VZCollectionViewDelegate.h */,
				454883841BF8248300A2426D /* VZCollectionViewDelegate.m */,
				4548838C1BF825EF00A2426D /* VZCollectionViewLayoutInterface.h */,
				454883861BF8248E00A2426D /* VZCollectionViewLayout.h */,
				454883871BF8248E00A2426D /* VZCollectionViewLayout.m */,
				458E0DA81BF9854B00D8E704 /* VZCollectionViewFlowLayout.h */,
				458E0DA91BF9854B00D8E704 /* VZCollectionViewFlowLayout.m */,
				45D78B981C02B699001C5918 /* VZCollectionViewConfig.h */,
			);
			path = collection;
			sourceTree = "<group>";
		};
		454883601BF8243A00A2426D /* list */ = {
			isa = PBXGroup;
			children = (
				454883611BF8243A00A2426D /* VZFooterViewFactory.h */,
				454883621BF8243A00A2426D /* VZFooterViewFactory.m */,
				454883631BF8243A00A2426D /* VZListCell.h */,
				454883641BF8243A00A2426D /* VZListCell.m */,
				454883651BF8243A00A2426D /* VZListDefaultErrorCell.h */,
				454883661BF8243A00A2426D /* VZListDefaultErrorCell.m */,
				454883671BF8243A00A2426D /* VZListDefaultLoadingCell.h */,
				454883681BF8243A00A2426D /* VZListDefaultLoadingCell.m */,
				454883691BF8243A00A2426D /* VZListDefaultTextCell.h */,
				4548836A1BF8243A00A2426D /* VZListDefaultTextCell.m */,
				4548836B1BF8243A00A2426D /* VZListViewController.h */,
				4548836C1BF8243A00A2426D /* VZListViewController.m */,
				4548836D1BF8243A00A2426D /* VZListViewDataSource.h */,
				4548836E1BF8243A00A2426D /* VZListViewDataSource.m */,
				4548836F1BF8243A00A2426D /* VZListViewDelegate.h */,
				454883701BF8243A00A2426D /* VZListViewDelegate.m */,
				454883711BF8243A00A2426D /* VZViewController.h */,
				454883721BF8243A00A2426D /* VZViewController.m */,
			);
			path = list;
			sourceTree = "<group>";
		};
		456BE93A1AFF6DBF0064FBB6 /* VZNetwork */ = {
			isa = PBXGroup;
			children = (
				456BE9581AFF6FD20064FBB6 /* NSString+VZHTTPNetworkUtil.h */,
				456BE9591AFF6FD20064FBB6 /* NSString+VZHTTPNetworkUtil.m */,
				456BE93E1AFF6DBF0064FBB6 /* VZHTTPConnectionOperation.h */,
				456BE93F1AFF6DBF0064FBB6 /* VZHTTPConnectionOperation.m */,
				456BE9401AFF6DBF0064FBB6 /* VZHTTPNetworkAgent.h */,
				456BE9411AFF6DBF0064FBB6 /* VZHTTPNetworkAgent.m */,
				456BE9421AFF6DBF0064FBB6 /* VZHTTPNetwork.h */,
				456BE9431AFF6DBF0064FBB6 /* VZHTTPNetworkSecurity.h */,
				456BE9441AFF6DBF0064FBB6 /* VZHTTPNetworkSecurity.m */,
				456BE9451AFF6DBF0064FBB6 /* VZHTTPRequestGenerator.h */,
				456BE9461AFF6DBF0064FBB6 /* VZHTTPRequestGenerator.m */,
				456BE9471AFF6DBF0064FBB6 /* VZHTTPResponseParser.h */,
				456BE9481AFF6DBF0064FBB6 /* VZHTTPResponseParser.m */,
				456BE9491AFF6DBF0064FBB6 /* VZHTTPRunloopOperation.h */,
				456BE94A1AFF6DBF0064FBB6 /* VZHTTPRunloopOperation.m */,
				456BE94B1AFF6DBF0064FBB6 /* VZHTTPURLConnectionOperation.h */,
				456BE94C1AFF6DBF0064FBB6 /* VZHTTPURLConnectionOperation.m */,
				456BE94D1AFF6DBF0064FBB6 /* VZHTTPURLResponseCache.h */,
				456BE94E1AFF6DBF0064FBB6 /* VZHTTPURLResponseCache.m */,
			);
			path = VZNetwork;
			sourceTree = "<group>";
		};
		456E13BC1C06CB0B003A8A44 /* nodes */ = {
			isa = PBXGroup;
			children = (
				456E13BD1C06D148003A8A44 /* BXTWImageNode.h */,
				456E13BE1C06D148003A8A44 /* BXTWImageNode.m */,
			);
			path = nodes;
			sourceTree = "<group>";
		};
		458E0D961BF96B2E00D8E704 /* refresh */ = {
			isa = PBXGroup;
			children = (
				458E0D9B1BF96CB000D8E704 /* VZPullToRefreshView.h */,
				458E0D9C1BF96CB000D8E704 /* VZPullToRefreshView.m */,
				458E0D971BF96B4500D8E704 /* VZPullToRefreshControl.h */,
				458E0D981BF96B4500D8E704 /* VZPullToRefreshControl.m */,
			);
			path = refresh;
			sourceTree = "<group>";
		};
		458E0D9E1BF970EA00D8E704 /* protocols */ = {
			isa = PBXGroup;
			children = (
				458E0D9F1BF970FD00D8E704 /* VZPullToRefreshControlInterface.h */,
				458E0DA01BF971E600D8E704 /* VZCellActionInterface.h */,
			);
			path = protocols;
			sourceTree = "<group>";
		};
		458E0DA11BF9836C00D8E704 /* layout */ = {
			isa = PBXGroup;
			children = (
				458E0DA21BF9838200D8E704 /* BXTWTripListViewLayout.h */,
				458E0DA31BF9838200D8E704 /* BXTWTripListViewLayout.m */,
				458E0DA51BF984CF00D8E704 /* BXTWTripCollectionViewLayout.h */,
				458E0DA61BF984CF00D8E704 /* BXTWTripCollectionViewLayout.m */,
			);
			path = layout;
			sourceTree = "<group>";
		};
		45B82CFC1B5546110053D51C /* TWTrip */ = {
			isa = PBXGroup;
			children = (
				456E13BC1C06CB0B003A8A44 /* nodes */,
				45D6F80C1C0554F700159418 /* cache */,
				458E0DA11BF9836C00D8E704 /* layout */,
				45B82CFD1B5546110053D51C /* cell */,
				45B82D001B5546110053D51C /* config */,
				45B82D031B5546110053D51C /* controller */,
				45B82D061B5546110053D51C /* datasource */,
				45B82D091B5546110053D51C /* delegate */,
				45B82D0C1B5546110053D51C /* item */,
				45B82D0F1B5546110053D51C /* model */,
				45B82D121B5546110053D51C /* resource */,
				45B82D131B5546110053D51C /* view */,
			);
			path = TWTrip;
			sourceTree = "<group>";
		};
		45B82CFD1B5546110053D51C /* cell */ = {
			isa = PBXGroup;
			children = (
				45B82CFE1B5546110053D51C /* BXTWTripListCell.h */,
				45B82CFF1B5546110053D51C /* BXTWTripListCell.m */,
				458E0DAB1BF9C46100D8E704 /* BXTWTripCollectionCell.h */,
				458E0DAC1BF9C46100D8E704 /* BXTWTripCollectionCell.m */,
				45D6F8091C0494C200159418 /* BXTWTripAsyncCollectionCell.h */,
				45D6F80A1C0494C200159418 /* BXTWTripAsyncCollectionCell.m */,
			);
			path = cell;
			sourceTree = "<group>";
		};
		45B82D001B5546110053D51C /* config */ = {
			isa = PBXGroup;
			children = (
				45B82D011B5546110053D51C /* BXTWTripConfig.h */,
				45B82D021B5546110053D51C /* twtrip_meta.json */,
			);
			path = config;
			sourceTree = "<group>";
		};
		45B82D031B5546110053D51C /* controller */ = {
			isa = PBXGroup;
			children = (
				45B82D041B5546110053D51C /* BXTWTripListViewController.h */,
				45B82D051B5546110053D51C /* BXTWTripListViewController.m */,
			);
			path = controller;
			sourceTree = "<group>";
		};
		45B82D061B5546110053D51C /* datasource */ = {
			isa = PBXGroup;
			children = (
				45B82D071B5546110053D51C /* BXTWTripListViewDataSource.h */,
				45B82D081B5546110053D51C /* BXTWTripListViewDataSource.m */,
			);
			path = datasource;
			sourceTree = "<group>";
		};
		45B82D091B5546110053D51C /* delegate */ = {
			isa = PBXGroup;
			children = (
				45B82D0A1B5546110053D51C /* BXTWTripListViewDelegate.h */,
				45B82D0B1B5546110053D51C /* BXTWTripListViewDelegate.m */,
			);
			path = delegate;
			sourceTree = "<group>";
		};
		45B82D0C1B5546110053D51C /* item */ = {
			isa = PBXGroup;
			children = (
				45B82D0D1B5546110053D51C /* BXTWTripListItem.h */,
				45B82D0E1B5546110053D51C /* BXTWTripListItem.m */,
			);
			path = item;
			sourceTree = "<group>";
		};
		45B82D0F1B5546110053D51C /* model */ = {
			isa = PBXGroup;
			children = (
				45B82D101B5546110053D51C /* BXTWTripListModel.h */,
				45B82D111B5546110053D51C /* BXTWTripListModel.m */,
			);
			path = model;
			sourceTree = "<group>";
		};
		45B82D121B5546110053D51C /* resource */ = {
			isa = PBXGroup;
			children = (
				45B82D1B1B5548870053D51C /* default_icon@2x.jpg */,
				45B82D1C1B5548870053D51C /* default_list@2x.jpg */,
			);
			path = resource;
			sourceTree = "<group>";
		};
		45B82D131B5546110053D51C /* view */ = {
			isa = PBXGroup;
			children = (
			);
			path = view;
			sourceTree = "<group>";
		};
		45CE94A41AF67BFD00144AA4 /* Timeline */ = {
			isa = PBXGroup;
			children = (
				45CE94A51AF67BFD00144AA4 /* cell */,
				45CE94A81AF67BFD00144AA4 /* config */,
				45CE94AA1AF67BFD00144AA4 /* controller */,
				45CE94AD1AF67BFD00144AA4 /* datasource */,
				45CE94B01AF67BFD00144AA4 /* delegate */,
				45CE94B31AF67BFD00144AA4 /* item */,
				45CE94B61AF67BFD00144AA4 /* model */,
				45CE94B91AF67BFD00144AA4 /* resource */,
				45CE94BB1AF67BFD00144AA4 /* view */,
			);
			path = Timeline;
			sourceTree = "<group>";
		};
		45CE94A51AF67BFD00144AA4 /* cell */ = {
			isa = PBXGroup;
			children = (
				45CE94A61AF67BFD00144AA4 /* VZTimelineListCell.h */,
				45CE94A71AF67BFD00144AA4 /* VZTimelineListCell.m */,
			);
			path = cell;
			sourceTree = "<group>";
		};
		45CE94A81AF67BFD00144AA4 /* config */ = {
			isa = PBXGroup;
			children = (
				45CE94A91AF67BFD00144AA4 /* timeline_meta.json */,
			);
			path = config;
			sourceTree = "<group>";
		};
		45CE94AA1AF67BFD00144AA4 /* controller */ = {
			isa = PBXGroup;
			children = (
				45CE94AB1AF67BFD00144AA4 /* VZTimelineListViewController.h */,
				45CE94AC1AF67BFD00144AA4 /* VZTimelineListViewController.m */,
			);
			path = controller;
			sourceTree = "<group>";
		};
		45CE94AD1AF67BFD00144AA4 /* datasource */ = {
			isa = PBXGroup;
			children = (
				45CE94AE1AF67BFD00144AA4 /* VZTimelineListViewDataSource.h */,
				45CE94AF1AF67BFD00144AA4 /* VZTimelineListViewDataSource.m */,
			);
			path = datasource;
			sourceTree = "<group>";
		};
		45CE94B01AF67BFD00144AA4 /* delegate */ = {
			isa = PBXGroup;
			children = (
				45CE94B11AF67BFD00144AA4 /* VZTimelineListViewDelegate.h */,
				45CE94B21AF67BFD00144AA4 /* VZTimelineListViewDelegate.m */,
			);
			path = delegate;
			sourceTree = "<group>";
		};
		45CE94B31AF67BFD00144AA4 /* item */ = {
			isa = PBXGroup;
			children = (
				45CE94B41AF67BFD00144AA4 /* VZTimelineListItem.h */,
				45CE94B51AF67BFD00144AA4 /* VZTimelineListItem.m */,
			);
			path = item;
			sourceTree = "<group>";
		};
		45CE94B61AF67BFD00144AA4 /* model */ = {
			isa = PBXGroup;
			children = (
				45CE94B71AF67BFD00144AA4 /* VZTimelineListModel.h */,
				45CE94B81AF67BFD00144AA4 /* VZTimelineListModel.m */,
			);
			path = model;
			sourceTree = "<group>";
		};
		45CE94B91AF67BFD00144AA4 /* resource */ = {
			isa = PBXGroup;
			children = (
				45CE94BA1AF67BFD00144AA4 /* placeholder@2x.png */,
			);
			path = resource;
			sourceTree = "<group>";
		};
		45CE94BB1AF67BFD00144AA4 /* view */ = {
			isa = PBXGroup;
			children = (
				45CE94BC1AF67BFD00144AA4 /* VZTimelineSubView.h */,
				45CE94BD1AF67BFD00144AA4 /* VZTimelineSubView.m */,
			);
			path = view;
			sourceTree = "<group>";
		};
		45D6F80C1C0554F700159418 /* cache */ = {
			isa = PBXGroup;
			children = (
				45D6F8101C057C5400159418 /* UIImage+ImageEffects.h */,
				45D6F8111C057C5400159418 /* UIImage+ImageEffects.m */,
				45D6F80D1C05553200159418 /* BXTWAyncImageCache.h */,
				45D6F80E1C05553200159418 /* BXTWAyncImageCache.m */,
				45D6F8161C05838E00159418 /* BXTWAsynImageDownloader.h */,
				45D6F8171C05838E00159418 /* BXTWAsynImageDownloader.m */,
			);
			path = cache;
			sourceTree = "<group>";
		};
		45F73EFE1B4A9BAD00477595 /* core */ = {
			isa = PBXGroup;
			children = (
				45F73EFF1B4A9BAD00477595 /* VZAssert.h */,
			);
			path = core;
			sourceTree = "<group>";
		};
		AFD37A8E19D83F8F0077CE06 = {
			isa = PBXGroup;
			children = (
				4529DCDF1ABA99B3009347C2 /* Vizzle */,
				AFD37A9919D83F8F0077CE06 /* VizzleListExample */,
				AFD37AB319D83F8F0077CE06 /* VizzleListExampleTests */,
				AFD37A9819D83F8F0077CE06 /* Products */,
				3F7B738153274CE0AB99888E /* Frameworks */,
				24EF61D14ACFB75B65251F9A /* Pods */,
			);
			sourceTree = "<group>";
		};
		AFD37A9819D83F8F0077CE06 /* Products */ = {
			isa = PBXGroup;
			children = (
				AFD37A9719D83F8F0077CE06 /* VizzleListExample.app */,
				AFD37AB019D83F8F0077CE06 /* VizzleListExampleTests.xctest */,
			);
			name = Products;
			sourceTree = "<group>";
		};
		AFD37A9919D83F8F0077CE06 /* VizzleListExample */ = {
			isa = PBXGroup;
			children = (
				45B82CFC1B5546110053D51C /* TWTrip */,
				45CE94A41AF67BFD00144AA4 /* Timeline */,
				AFD37A9E19D83F8F0077CE06 /* AppDelegate.h */,
				AFD37A9F19D83F8F0077CE06 /* AppDelegate.m */,
				AFD37AA419D83F8F0077CE06 /* Main.storyboard */,
				AFD37AA719D83F8F0077CE06 /* Images.xcassets */,
				AFD37AA919D83F8F0077CE06 /* LaunchScreen.xib */,
				AFD37A9A19D83F8F0077CE06 /* Supporting Files */,
			);
			path = VizzleListExample;
			sourceTree = "<group>";
		};
		AFD37A9A19D83F8F0077CE06 /* Supporting Files */ = {
			isa = PBXGroup;
			children = (
				AFD37BB919D845FC0077CE06 /* PreComplie.pch */,
				AFD37A9B19D83F8F0077CE06 /* Info.plist */,
				AFD37A9C19D83F8F0077CE06 /* main.m */,
			);
			name = "Supporting Files";
			sourceTree = "<group>";
		};
		AFD37AB319D83F8F0077CE06 /* VizzleListExampleTests */ = {
			isa = PBXGroup;
			children = (
				45CE94CF1AF67C0A00144AA4 /* VizzleListExampleTests.m */,
				AFD37AB419D83F8F0077CE06 /* Supporting Files */,
			);
			path = VizzleListExampleTests;
			sourceTree = "<group>";
		};
		AFD37AB419D83F8F0077CE06 /* Supporting Files */ = {
			isa = PBXGroup;
			children = (
				AFD37AB519D83F8F0077CE06 /* Info.plist */,
			);
			name = "Supporting Files";
			sourceTree = "<group>";
		};
/* End PBXGroup section */

/* Begin PBXNativeTarget section */
		AFD37A9619D83F8F0077CE06 /* VizzleListExample */ = {
			isa = PBXNativeTarget;
			buildConfigurationList = AFD37ABA19D83F8F0077CE06 /* Build configuration list for PBXNativeTarget "VizzleListExample" */;
			buildPhases = (
				C9BBE2529A92466E95525B8B /* Check Pods Manifest.lock */,
				AFD37A9319D83F8F0077CE06 /* Sources */,
				AFD37A9419D83F8F0077CE06 /* Frameworks */,
				AFD37A9519D83F8F0077CE06 /* Resources */,
				57F5F0FD27224DFE86A8B4ED /* Copy Pods Resources */,
				61C8AEB457FF77BE196590C2 /* Embed Pods Frameworks */,
			);
			buildRules = (
			);
			dependencies = (
			);
			name = VizzleListExample;
			productName = VizzleListExample;
			productReference = AFD37A9719D83F8F0077CE06 /* VizzleListExample.app */;
			productType = "com.apple.product-type.application";
		};
		AFD37AAF19D83F8F0077CE06 /* VizzleListExampleTests */ = {
			isa = PBXNativeTarget;
			buildConfigurationList = AFD37ABD19D83F8F0077CE06 /* Build configuration list for PBXNativeTarget "VizzleListExampleTests" */;
			buildPhases = (
				AFD37AAC19D83F8F0077CE06 /* Sources */,
				AFD37AAD19D83F8F0077CE06 /* Frameworks */,
				AFD37AAE19D83F8F0077CE06 /* Resources */,
			);
			buildRules = (
			);
			dependencies = (
				AFD37AB219D83F8F0077CE06 /* PBXTargetDependency */,
			);
			name = VizzleListExampleTests;
			productName = VizzleListExampleTests;
			productReference = AFD37AB019D83F8F0077CE06 /* VizzleListExampleTests.xctest */;
			productType = "com.apple.product-type.bundle.unit-test";
		};
/* End PBXNativeTarget section */

/* Begin PBXProject section */
		AFD37A8F19D83F8F0077CE06 /* Project object */ = {
			isa = PBXProject;
			attributes = {
				LastUpgradeCheck = 0600;
				ORGANIZATIONNAME = VizLab;
				TargetAttributes = {
					AFD37A9619D83F8F0077CE06 = {
						CreatedOnToolsVersion = 6.0.1;
					};
					AFD37AAF19D83F8F0077CE06 = {
						CreatedOnToolsVersion = 6.0.1;
						TestTargetID = AFD37A9619D83F8F0077CE06;
					};
				};
			};
			buildConfigurationList = AFD37A9219D83F8F0077CE06 /* Build configuration list for PBXProject "VizzleListExample" */;
			compatibilityVersion = "Xcode 3.2";
			developmentRegion = English;
			hasScannedForEncodings = 0;
			knownRegions = (
				en,
				Base,
			);
			mainGroup = AFD37A8E19D83F8F0077CE06;
			productRefGroup = AFD37A9819D83F8F0077CE06 /* Products */;
			projectDirPath = "";
			projectRoot = "";
			targets = (
				AFD37A9619D83F8F0077CE06 /* VizzleListExample */,
				AFD37AAF19D83F8F0077CE06 /* VizzleListExampleTests */,
			);
		};
/* End PBXProject section */

/* Begin PBXResourcesBuildPhase section */
		AFD37A9519D83F8F0077CE06 /* Resources */ = {
			isa = PBXResourcesBuildPhase;
			buildActionMask = 2147483647;
			files = (
				45CE94C71AF67BFD00144AA4 /* timeline_meta.json in Resources */,
				AFD37AA619D83F8F0077CE06 /* Main.storyboard in Resources */,
				45CE94CD1AF67BFD00144AA4 /* placeholder@2x.png in Resources */,
				AFD37AAB19D83F8F0077CE06 /* LaunchScreen.xib in Resources */,
				45B82D1E1B5548870053D51C /* default_list@2x.jpg in Resources */,
				45B82D1D1B5548870053D51C /* default_icon@2x.jpg in Resources */,
				45B82D151B5546110053D51C /* twtrip_meta.json in Resources */,
				AFD37AA819D83F8F0077CE06 /* Images.xcassets in Resources */,
			);
			runOnlyForDeploymentPostprocessing = 0;
		};
		AFD37AAE19D83F8F0077CE06 /* Resources */ = {
			isa = PBXResourcesBuildPhase;
			buildActionMask = 2147483647;
			files = (
			);
			runOnlyForDeploymentPostprocessing = 0;
		};
/* End PBXResourcesBuildPhase section */

/* Begin PBXShellScriptBuildPhase section */
		57F5F0FD27224DFE86A8B4ED /* Copy Pods Resources */ = {
			isa = PBXShellScriptBuildPhase;
			buildActionMask = 2147483647;
			files = (
			);
			inputPaths = (
			);
			name = "Copy Pods Resources";
			outputPaths = (
			);
			runOnlyForDeploymentPostprocessing = 0;
			shellPath = /bin/sh;
			shellScript = "\"${SRCROOT}/Pods/Target Support Files/Pods/Pods-resources.sh\"\n";
			showEnvVarsInLog = 0;
		};
		61C8AEB457FF77BE196590C2 /* Embed Pods Frameworks */ = {
			isa = PBXShellScriptBuildPhase;
			buildActionMask = 2147483647;
			files = (
			);
			inputPaths = (
			);
			name = "Embed Pods Frameworks";
			outputPaths = (
			);
			runOnlyForDeploymentPostprocessing = 0;
			shellPath = /bin/sh;
			shellScript = "\"${SRCROOT}/Pods/Target Support Files/Pods/Pods-frameworks.sh\"\n";
			showEnvVarsInLog = 0;
		};
		C9BBE2529A92466E95525B8B /* Check Pods Manifest.lock */ = {
			isa = PBXShellScriptBuildPhase;
			buildActionMask = 2147483647;
			files = (
			);
			inputPaths = (
			);
			name = "Check Pods Manifest.lock";
			outputPaths = (
			);
			runOnlyForDeploymentPostprocessing = 0;
			shellPath = /bin/sh;
			shellScript = "diff \"${PODS_ROOT}/../Podfile.lock\" \"${PODS_ROOT}/Manifest.lock\" > /dev/null\nif [[ $? != 0 ]] ; then\n    cat << EOM\nerror: The sandbox is not in sync with the Podfile.lock. Run 'pod install' or update your CocoaPods installation.\nEOM\n    exit 1\nfi\n";
			showEnvVarsInLog = 0;
		};
/* End PBXShellScriptBuildPhase section */

/* Begin PBXSourcesBuildPhase section */
		AFD37A9319D83F8F0077CE06 /* Sources */ = {
			isa = PBXSourcesBuildPhase;
			buildActionMask = 2147483647;
			files = (
				454883741BF8243A00A2426D /* VZFooterViewFactory.m in Sources */,
				45D6F80B1C0494C200159418 /* BXTWTripAsyncCollectionCell.m in Sources */,
				45D6F8121C057C5400159418 /* UIImage+ImageEffects.m in Sources */,
				454883761BF8243A00A2426D /* VZListDefaultErrorCell.m in Sources */,
				454883731BF8243A00A2426D /* VZCollectionViewController.m in Sources */,
				45CE94CB1AF67BFD00144AA4 /* VZTimelineListItem.m in Sources */,
				456BE9561AFF6DBF0064FBB6 /* VZHTTPURLConnectionOperation.m in Sources */,
				4529DD511ABA99B3009347C2 /* VZListItem.m in Sources */,
				45CE94CC1AF67BFD00144AA4 /* VZTimelineListModel.m in Sources */,
				45B82D191B5546110053D51C /* BXTWTripListItem.m in Sources */,
				456BE95A1AFF6FD20064FBB6 /* NSString+VZHTTPNetworkUtil.m in Sources */,
				4548837F1BF8245200A2426D /* VZCollectionCell.m in Sources */,
				45D6F8181C05838E00159418 /* BXTWAsynImageDownloader.m in Sources */,
				4529DD521ABA99B3009347C2 /* VZModel.m in Sources */,
				4529DD4D1ABA99B3009347C2 /* VZHTTPModel.m in Sources */,
				45F73EDD1B4A8AD700477595 /* VZHTTPResponseDataCache.m in Sources */,
				456BE9531AFF6DBF0064FBB6 /* VZHTTPRequestGenerator.m in Sources */,
				4529DD351ABA99B3009347C2 /* VZAFRequest.m in Sources */,
				454883881BF8248E00A2426D /* VZCollectionViewLayout.m in Sources */,
				454883821BF8247400A2426D /* VZCollectionViewDataSource.m in Sources */,
				456BE9521AFF6DBF0064FBB6 /* VZHTTPNetworkSecurity.m in Sources */,
				4548837B1BF8243A00A2426D /* VZListViewDelegate.m in Sources */,
				4548837A1BF8243A00A2426D /* VZListViewDataSource.m in Sources */,
				456BE9511AFF6DBF0064FBB6 /* VZHTTPNetworkAgent.m in Sources */,
				45D6F80F1C05553200159418 /* BXTWAyncImageCache.m in Sources */,
				45B82D141B5546110053D51C /* BXTWTripListCell.m in Sources */,
				4529DD501ABA99B3009347C2 /* VZListDefaultTextItem.m in Sources */,
				458E0DAD1BF9C46100D8E704 /* BXTWTripCollectionCell.m in Sources */,
				4548838B1BF8257800A2426D /* VZCollectionItem.m in Sources */,
				456BE9571AFF6DBF0064FBB6 /* VZHTTPURLResponseCache.m in Sources */,
				458E0DA41BF9838200D8E704 /* BXTWTripListViewLayout.m in Sources */,
				458E0D991BF96B4500D8E704 /* VZPullToRefreshControl.m in Sources */,
				45CE94C81AF67BFD00144AA4 /* VZTimelineListViewController.m in Sources */,
				454883791BF8243A00A2426D /* VZListViewController.m in Sources */,
				45CE94CA1AF67BFD00144AA4 /* VZTimelineListViewDelegate.m in Sources */,
				456BE9541AFF6DBF0064FBB6 /* VZHTTPResponseParser.m in Sources */,
				454883851BF8248300A2426D /* VZCollectionViewDelegate.m in Sources */,
				458E0DAA1BF9854B00D8E704 /* VZCollectionViewFlowLayout.m in Sources */,
				AFD37AA019D83F8F0077CE06 /* AppDelegate.m in Sources */,
				45B82D171B5546110053D51C /* BXTWTripListViewDataSource.m in Sources */,
				454883771BF8243A00A2426D /* VZListDefaultLoadingCell.m in Sources */,
				458E0D9D1BF96CB000D8E704 /* VZPullToRefreshView.m in Sources */,
				45B82D1A1B5546110053D51C /* BXTWTripListModel.m in Sources */,
				4529DD4C1ABA99B3009347C2 /* VZHTTPListModel.m in Sources */,
				458E0DA71BF984CF00D8E704 /* BXTWTripCollectionViewLayout.m in Sources */,
				45B82D181B5546110053D51C /* BXTWTripListViewDelegate.m in Sources */,
				45CE94C91AF67BFD00144AA4 /* VZTimelineListViewDataSource.m in Sources */,
				456E13BF1C06D148003A8A44 /* BXTWImageNode.m in Sources */,
				454883751BF8243A00A2426D /* VZListCell.m in Sources */,
				456BE9551AFF6DBF0064FBB6 /* VZHTTPRunloopOperation.m in Sources */,
				454883781BF8243A00A2426D /* VZListDefaultTextCell.m in Sources */,
				AFD37A9D19D83F8F0077CE06 /* main.m in Sources */,
				4529DD4E1ABA99B3009347C2 /* VZHTTPRequest.m in Sources */,
				45CE94C61AF67BFD00144AA4 /* VZTimelineListCell.m in Sources */,
				4548837C1BF8243A00A2426D /* VZViewController.m in Sources */,
				45B82D161B5546110053D51C /* BXTWTripListViewController.m in Sources */,
				4529DD4F1ABA99B3009347C2 /* VZItem.m in Sources */,
				45CE94CE1AF67BFD00144AA4 /* VZTimelineSubView.m in Sources */,
				456BE9501AFF6DBF0064FBB6 /* VZHTTPConnectionOperation.m in Sources */,
			);
			runOnlyForDeploymentPostprocessing = 0;
		};
		AFD37AAC19D83F8F0077CE06 /* Sources */ = {
			isa = PBXSourcesBuildPhase;
			buildActionMask = 2147483647;
			files = (
				45CE94D01AF67C0A00144AA4 /* VizzleListExampleTests.m in Sources */,
			);
			runOnlyForDeploymentPostprocessing = 0;
		};
/* End PBXSourcesBuildPhase section */

/* Begin PBXTargetDependency section */
		AFD37AB219D83F8F0077CE06 /* PBXTargetDependency */ = {
			isa = PBXTargetDependency;
			target = AFD37A9619D83F8F0077CE06 /* VizzleListExample */;
			targetProxy = AFD37AB119D83F8F0077CE06 /* PBXContainerItemProxy */;
		};
/* End PBXTargetDependency section */

/* Begin PBXVariantGroup section */
		AFD37AA419D83F8F0077CE06 /* Main.storyboard */ = {
			isa = PBXVariantGroup;
			children = (
				AFD37AA519D83F8F0077CE06 /* Base */,
			);
			name = Main.storyboard;
			sourceTree = "<group>";
		};
		AFD37AA919D83F8F0077CE06 /* LaunchScreen.xib */ = {
			isa = PBXVariantGroup;
			children = (
				AFD37AAA19D83F8F0077CE06 /* Base */,
			);
			name = LaunchScreen.xib;
			sourceTree = "<group>";
		};
/* End PBXVariantGroup section */

/* Begin XCBuildConfiguration section */
		AFD37AB819D83F8F0077CE06 /* Debug */ = {
			isa = XCBuildConfiguration;
			buildSettings = {
				ALWAYS_SEARCH_USER_PATHS = NO;
				CLANG_CXX_LANGUAGE_STANDARD = "gnu++0x";
				CLANG_CXX_LIBRARY = "libc++";
				CLANG_ENABLE_MODULES = YES;
				CLANG_ENABLE_OBJC_ARC = YES;
				CLANG_WARN_BOOL_CONVERSION = YES;
				CLANG_WARN_CONSTANT_CONVERSION = YES;
				CLANG_WARN_DIRECT_OBJC_ISA_USAGE = YES_ERROR;
				CLANG_WARN_EMPTY_BODY = YES;
				CLANG_WARN_ENUM_CONVERSION = YES;
				CLANG_WARN_INT_CONVERSION = YES;
				CLANG_WARN_OBJC_ROOT_CLASS = YES_ERROR;
				CLANG_WARN_UNREACHABLE_CODE = YES;
				CLANG_WARN__DUPLICATE_METHOD_MATCH = YES;
				"CODE_SIGN_IDENTITY[sdk=iphoneos*]" = "iPhone Developer";
				COPY_PHASE_STRIP = NO;
				ENABLE_STRICT_OBJC_MSGSEND = YES;
				GCC_C_LANGUAGE_STANDARD = gnu99;
				GCC_DYNAMIC_NO_PIC = NO;
				GCC_OPTIMIZATION_LEVEL = 0;
				GCC_PREPROCESSOR_DEFINITIONS = (
					"DEBUG=1",
					"$(inherited)",
				);
				GCC_SYMBOLS_PRIVATE_EXTERN = NO;
				GCC_WARN_64_TO_32_BIT_CONVERSION = YES;
				GCC_WARN_ABOUT_RETURN_TYPE = YES_ERROR;
				GCC_WARN_UNDECLARED_SELECTOR = YES;
				GCC_WARN_UNINITIALIZED_AUTOS = YES_AGGRESSIVE;
				GCC_WARN_UNUSED_FUNCTION = YES;
				GCC_WARN_UNUSED_VARIABLE = YES;
				IPHONEOS_DEPLOYMENT_TARGET = 6.0;
				MTL_ENABLE_DEBUG_INFO = YES;
				ONLY_ACTIVE_ARCH = YES;
				SDKROOT = iphoneos;
			};
			name = Debug;
		};
		AFD37AB919D83F8F0077CE06 /* Release */ = {
			isa = XCBuildConfiguration;
			buildSettings = {
				ALWAYS_SEARCH_USER_PATHS = NO;
				CLANG_CXX_LANGUAGE_STANDARD = "gnu++0x";
				CLANG_CXX_LIBRARY = "libc++";
				CLANG_ENABLE_MODULES = YES;
				CLANG_ENABLE_OBJC_ARC = YES;
				CLANG_WARN_BOOL_CONVERSION = YES;
				CLANG_WARN_CONSTANT_CONVERSION = YES;
				CLANG_WARN_DIRECT_OBJC_ISA_USAGE = YES_ERROR;
				CLANG_WARN_EMPTY_BODY = YES;
				CLANG_WARN_ENUM_CONVERSION = YES;
				CLANG_WARN_INT_CONVERSION = YES;
				CLANG_WARN_OBJC_ROOT_CLASS = YES_ERROR;
				CLANG_WARN_UNREACHABLE_CODE = YES;
				CLANG_WARN__DUPLICATE_METHOD_MATCH = YES;
				"CODE_SIGN_IDENTITY[sdk=iphoneos*]" = "iPhone Developer";
				COPY_PHASE_STRIP = YES;
				ENABLE_NS_ASSERTIONS = NO;
				ENABLE_STRICT_OBJC_MSGSEND = YES;
				GCC_C_LANGUAGE_STANDARD = gnu99;
				GCC_WARN_64_TO_32_BIT_CONVERSION = YES;
				GCC_WARN_ABOUT_RETURN_TYPE = YES_ERROR;
				GCC_WARN_UNDECLARED_SELECTOR = YES;
				GCC_WARN_UNINITIALIZED_AUTOS = YES_AGGRESSIVE;
				GCC_WARN_UNUSED_FUNCTION = YES;
				GCC_WARN_UNUSED_VARIABLE = YES;
				IPHONEOS_DEPLOYMENT_TARGET = 6.0;
				MTL_ENABLE_DEBUG_INFO = NO;
				SDKROOT = iphoneos;
				VALIDATE_PRODUCT = YES;
			};
			name = Release;
		};
		AFD37ABB19D83F8F0077CE06 /* Debug */ = {
			isa = XCBuildConfiguration;
			baseConfigurationReference = C4CAB74A795766657C59AD0D /* Pods.debug.xcconfig */;
			buildSettings = {
				ASSETCATALOG_COMPILER_APPICON_NAME = AppIcon;
				GCC_PRECOMPILE_PREFIX_HEADER = YES;
				GCC_PREFIX_HEADER = PreComplie.pch;
				INFOPLIST_FILE = VizzleListExample/Info.plist;
				IPHONEOS_DEPLOYMENT_TARGET = 7.0;
				LD_RUNPATH_SEARCH_PATHS = "$(inherited) @executable_path/Frameworks";
				PRODUCT_NAME = "$(TARGET_NAME)";
			};
			name = Debug;
		};
		AFD37ABC19D83F8F0077CE06 /* Release */ = {
			isa = XCBuildConfiguration;
			baseConfigurationReference = 2996E62F03080B7B5317AE8C /* Pods.release.xcconfig */;
			buildSettings = {
				ASSETCATALOG_COMPILER_APPICON_NAME = AppIcon;
				GCC_PRECOMPILE_PREFIX_HEADER = YES;
				GCC_PREFIX_HEADER = PreComplie.pch;
				INFOPLIST_FILE = VizzleListExample/Info.plist;
				IPHONEOS_DEPLOYMENT_TARGET = 7.0;
				LD_RUNPATH_SEARCH_PATHS = "$(inherited) @executable_path/Frameworks";
				PRODUCT_NAME = "$(TARGET_NAME)";
			};
			name = Release;
		};
		AFD37ABE19D83F8F0077CE06 /* Debug */ = {
			isa = XCBuildConfiguration;
			buildSettings = {
				BUNDLE_LOADER = "$(TEST_HOST)";
				FRAMEWORK_SEARCH_PATHS = (
					"$(SDKROOT)/Developer/Library/Frameworks",
					"$(inherited)",
				);
				GCC_PREPROCESSOR_DEFINITIONS = (
					"DEBUG=1",
					"$(inherited)",
				);
				INFOPLIST_FILE = VizzleListExampleTests/Info.plist;
				LD_RUNPATH_SEARCH_PATHS = "$(inherited) @executable_path/Frameworks @loader_path/Frameworks";
				PRODUCT_NAME = "$(TARGET_NAME)";
				TEST_HOST = "$(BUILT_PRODUCTS_DIR)/VizzleListExample.app/VizzleListExample";
			};
			name = Debug;
		};
		AFD37ABF19D83F8F0077CE06 /* Release */ = {
			isa = XCBuildConfiguration;
			buildSettings = {
				BUNDLE_LOADER = "$(TEST_HOST)";
				FRAMEWORK_SEARCH_PATHS = (
					"$(SDKROOT)/Developer/Library/Frameworks",
					"$(inherited)",
				);
				INFOPLIST_FILE = VizzleListExampleTests/Info.plist;
				LD_RUNPATH_SEARCH_PATHS = "$(inherited) @executable_path/Frameworks @loader_path/Frameworks";
				PRODUCT_NAME = "$(TARGET_NAME)";
				TEST_HOST = "$(BUILT_PRODUCTS_DIR)/VizzleListExample.app/VizzleListExample";
			};
			name = Release;
		};
/* End XCBuildConfiguration section */

/* Begin XCConfigurationList section */
		AFD37A9219D83F8F0077CE06 /* Build configuration list for PBXProject "VizzleListExample" */ = {
			isa = XCConfigurationList;
			buildConfigurations = (
				AFD37AB819D83F8F0077CE06 /* Debug */,
				AFD37AB919D83F8F0077CE06 /* Release */,
			);
			defaultConfigurationIsVisible = 0;
			defaultConfigurationName = Release;
		};
		AFD37ABA19D83F8F0077CE06 /* Build configuration list for PBXNativeTarget "VizzleListExample" */ = {
			isa = XCConfigurationList;
			buildConfigurations = (
				AFD37ABB19D83F8F0077CE06 /* Debug */,
				AFD37ABC19D83F8F0077CE06 /* Release */,
			);
			defaultConfigurationIsVisible = 0;
			defaultConfigurationName = Release;
		};
		AFD37ABD19D83F8F0077CE06 /* Build configuration list for PBXNativeTarget "VizzleListExampleTests" */ = {
			isa = XCConfigurationList;
			buildConfigurations = (
				AFD37ABE19D83F8F0077CE06 /* Debug */,
				AFD37ABF19D83F8F0077CE06 /* Release */,
			);
			defaultConfigurationIsVisible = 0;
			defaultConfigurationName = Release;
		};
/* End XCConfigurationList section */
	};
	rootObject = AFD37A8F19D83F8F0077CE06 /* Project object */;
}
